Microsoft Visual Studio Solution File, Format Version 10.00
# Visual Studio 2008
Project("{2150E333-8FDC-42A3-9474-1A3956D46DE8}") = "NIDLs", "NIDLs", "{798777e9-b38c-4974-bee3-b1cd45f6a1e6}"
EndProject
Project("{2150E333-8FDC-42A3-9474-1A3956D46DE8}") = "Libs", "Libs", "{832A854F-2030-4EA4-86FE-EDEEC017E78E}"
EndProject
Project("{2150E333-8FDC-42A3-9474-1A3956D46DE8}") = "Exes", "Exes", "{3B2AD919-B940-473D-A9CC-62428540DEC5}"
EndProject
Project("{8BC9CEB8-8B4A-11D0-8D11-00A0C91BC942}") = "foundation_nidls_win32", "benchmarks_win32.foundation_nidls_win32.vcproj", "{F6A5C89E-F9D0-4FEF-BE6A-FC114575AAAB}"
EndProject
Project("{8BC9CEB8-8B4A-11D0-8D11-00A0C91BC942}") = "foundation_win32", "benchmarks_win32.foundation_win32.vcproj", "{A84C4A42-884F-4A43-9DBB-DB0E64E58A22}"
	ProjectSection(ProjectDependencies) = postProject
		{F6A5C89E-F9D0-4FEF-BE6A-FC114575AAAB} = {F6A5C89E-F9D0-4FEF-BE6A-FC114575AAAB}
	EndProjectSection
EndProject
Project("{8BC9CEB8-8B4A-11D0-8D11-00A0C91BC942}") = "render_nidls_win32", "benchmarks_win32.render_nidls_win32.vcproj", "{1E9ECCDC-BC4E-408E-9C03-F5D6440F118D}"
EndProject
Project("{8BC9CEB8-8B4A-11D0-8D11-00A0C91BC942}") = "render_win32", "benchmarks_win32.render_win32.vcproj", "{20DE22FD-4973-4798-8903-3810356A41BB}"
	ProjectSection(ProjectDependencies) = postProject
		{1E9ECCDC-BC4E-408E-9C03-F5D6440F118D} = {1E9ECCDC-BC4E-408E-9C03-F5D6440F118D}
	EndProjectSection
EndProject
Project("{8BC9CEB8-8B4A-11D0-8D11-00A0C91BC942}") = "lua_win32", "benchmarks_win32.lua_win32.vcproj", "{9DC7793D-9F15-4EC2-9496-75F8B8349256}"
EndProject
Project("{8BC9CEB8-8B4A-11D0-8D11-00A0C91BC942}") = "tinyxml_win32", "benchmarks_win32.tinyxml_win32.vcproj", "{214DC29A-9472-47D7-B2B2-9C02613E7829}"
EndProject
Project("{8BC9CEB8-8B4A-11D0-8D11-00A0C91BC942}") = "zlib_win32", "benchmarks_win32.zlib_win32.vcproj", "{FCAB0A4A-3489-4216-B9B7-C6AC767BF004}"
EndProject
Project("{8BC9CEB8-8B4A-11D0-8D11-00A0C91BC942}") = "db_win32", "benchmarks_win32.db_win32.vcproj", "{5D023735-8365-403C-9FE9-E3EE1B7EEF22}"
EndProject
Project("{8BC9CEB8-8B4A-11D0-8D11-00A0C91BC942}") = "sqlite_win32", "benchmarks_win32.sqlite_win32.vcproj", "{0422C943-EBDD-47C9-A112-8A7E1A2D43CD}"
EndProject
Project("{8BC9CEB8-8B4A-11D0-8D11-00A0C91BC942}") = "benchmarkbase_win32", "benchmarks_win32.benchmarkbase_win32.vcproj", "{E53E5C00-AE2A-4DAA-BF5D-57E4D8FEC61D}"
EndProject
Project("{8BC9CEB8-8B4A-11D0-8D11-00A0C91BC942}") = "benchmarkfoundation_win32", "benchmarks_win32.benchmarkfoundation_win32.vcproj", "{E5F0A3ED-48E9-4D4F-AFA3-DAC81B7D1691}"
	ProjectSection(ProjectDependencies) = postProject
		{E53E5C00-AE2A-4DAA-BF5D-57E4D8FEC61D} = {E53E5C00-AE2A-4DAA-BF5D-57E4D8FEC61D}
		{A84C4A42-884F-4A43-9DBB-DB0E64E58A22} = {A84C4A42-884F-4A43-9DBB-DB0E64E58A22}
		{9DC7793D-9F15-4EC2-9496-75F8B8349256} = {9DC7793D-9F15-4EC2-9496-75F8B8349256}
		{214DC29A-9472-47D7-B2B2-9C02613E7829} = {214DC29A-9472-47D7-B2B2-9C02613E7829}
		{FCAB0A4A-3489-4216-B9B7-C6AC767BF004} = {FCAB0A4A-3489-4216-B9B7-C6AC767BF004}
	EndProjectSection
EndProject
Project("{8BC9CEB8-8B4A-11D0-8D11-00A0C91BC942}") = "benchmarkaddon_win32", "benchmarks_win32.benchmarkaddon_win32.vcproj", "{90FE9E0B-93A9-4B2C-8BF7-414E45ECF26A}"
	ProjectSection(ProjectDependencies) = postProject
		{E53E5C00-AE2A-4DAA-BF5D-57E4D8FEC61D} = {E53E5C00-AE2A-4DAA-BF5D-57E4D8FEC61D}
		{A84C4A42-884F-4A43-9DBB-DB0E64E58A22} = {A84C4A42-884F-4A43-9DBB-DB0E64E58A22}
		{20DE22FD-4973-4798-8903-3810356A41BB} = {20DE22FD-4973-4798-8903-3810356A41BB}
		{9DC7793D-9F15-4EC2-9496-75F8B8349256} = {9DC7793D-9F15-4EC2-9496-75F8B8349256}
		{214DC29A-9472-47D7-B2B2-9C02613E7829} = {214DC29A-9472-47D7-B2B2-9C02613E7829}
		{FCAB0A4A-3489-4216-B9B7-C6AC767BF004} = {FCAB0A4A-3489-4216-B9B7-C6AC767BF004}
		{5D023735-8365-403C-9FE9-E3EE1B7EEF22} = {5D023735-8365-403C-9FE9-E3EE1B7EEF22}
		{0422C943-EBDD-47C9-A112-8A7E1A2D43CD} = {0422C943-EBDD-47C9-A112-8A7E1A2D43CD}
	EndProjectSection
EndProject
Global
	GlobalSection(SolutionConfigurationPlatforms) = preSolution
		Debug|Win32 = Debug|Win32
		Release|Win32 = Release|Win32
		Programming|Win32 = Programming|Win32
		Public_Build|Win32 = Public_Build|Win32
		Securom|Win32 = Securom|Win32
		Maya_Debug|Win32 = Maya_Debug|Win32
		Maya_Release|Win32 = Maya_Release|Win32
	EndGlobalSection
	GlobalSection(ProjectConfigurationPlatforms) = postSolution
		{F6A5C89E-F9D0-4FEF-BE6A-FC114575AAAB}.Debug|Win32.ActiveCfg = Debug|Win32
		{F6A5C89E-F9D0-4FEF-BE6A-FC114575AAAB}.Debug|Win32.Build.0 = Debug|Win32
		{F6A5C89E-F9D0-4FEF-BE6A-FC114575AAAB}.Release|Win32.ActiveCfg = Release|Win32
		{F6A5C89E-F9D0-4FEF-BE6A-FC114575AAAB}.Release|Win32.Build.0 = Release|Win32
		{F6A5C89E-F9D0-4FEF-BE6A-FC114575AAAB}.Programming|Win32.ActiveCfg = Programming|Win32
		{F6A5C89E-F9D0-4FEF-BE6A-FC114575AAAB}.Programming|Win32.Build.0 = Programming|Win32
		{F6A5C89E-F9D0-4FEF-BE6A-FC114575AAAB}.Public_Build|Win32.ActiveCfg = Public_Build|Win32
		{F6A5C89E-F9D0-4FEF-BE6A-FC114575AAAB}.Public_Build|Win32.Build.0 = Public_Build|Win32
		{F6A5C89E-F9D0-4FEF-BE6A-FC114575AAAB}.Securom|Win32.ActiveCfg = Securom|Win32
		{F6A5C89E-F9D0-4FEF-BE6A-FC114575AAAB}.Securom|Win32.Build.0 = Securom|Win32
		{F6A5C89E-F9D0-4FEF-BE6A-FC114575AAAB}.Maya_Debug|Win32.ActiveCfg = Maya_Debug|Win32
		{F6A5C89E-F9D0-4FEF-BE6A-FC114575AAAB}.Maya_Debug|Win32.Build.0 = Maya_Debug|Win32
		{F6A5C89E-F9D0-4FEF-BE6A-FC114575AAAB}.Maya_Release|Win32.ActiveCfg = Maya_Release|Win32
		{F6A5C89E-F9D0-4FEF-BE6A-FC114575AAAB}.Maya_Release|Win32.Build.0 = Maya_Release|Win32
		{A84C4A42-884F-4A43-9DBB-DB0E64E58A22}.Debug|Win32.ActiveCfg = Debug|Win32
		{A84C4A42-884F-4A43-9DBB-DB0E64E58A22}.Debug|Win32.Build.0 = Debug|Win32
		{A84C4A42-884F-4A43-9DBB-DB0E64E58A22}.Release|Win32.ActiveCfg = Release|Win32
		{A84C4A42-884F-4A43-9DBB-DB0E64E58A22}.Release|Win32.Build.0 = Release|Win32
		{A84C4A42-884F-4A43-9DBB-DB0E64E58A22}.Programming|Win32.ActiveCfg = Programming|Win32
		{A84C4A42-884F-4A43-9DBB-DB0E64E58A22}.Programming|Win32.Build.0 = Programming|Win32
		{A84C4A42-884F-4A43-9DBB-DB0E64E58A22}.Public_Build|Win32.ActiveCfg = Public_Build|Win32
		{A84C4A42-884F-4A43-9DBB-DB0E64E58A22}.Public_Build|Win32.Build.0 = Public_Build|Win32
		{A84C4A42-884F-4A43-9DBB-DB0E64E58A22}.Securom|Win32.ActiveCfg = Securom|Win32
		{A84C4A42-884F-4A43-9DBB-DB0E64E58A22}.Securom|Win32.Build.0 = Securom|Win32
		{A84C4A42-884F-4A43-9DBB-DB0E64E58A22}.Maya_Debug|Win32.ActiveCfg = Maya_Debug|Win32
		{A84C4A42-884F-4A43-9DBB-DB0E64E58A22}.Maya_Debug|Win32.Build.0 = Maya_Debug|Win32
		{A84C4A42-884F-4A43-9DBB-DB0E64E58A22}.Maya_Release|Win32.ActiveCfg = Maya_Release|Win32
		{A84C4A42-884F-4A43-9DBB-DB0E64E58A22}.Maya_Release|Win32.Build.0 = Maya_Release|Win32
		{1E9ECCDC-BC4E-408E-9C03-F5D6440F118D}.Debug|Win32.ActiveCfg = Debug|Win32
		{1E9ECCDC-BC4E-408E-9C03-F5D6440F118D}.Debug|Win32.Build.0 = Debug|Win32
		{1E9ECCDC-BC4E-408E-9C03-F5D6440F118D}.Release|Win32.ActiveCfg = Release|Win32
		{1E9ECCDC-BC4E-408E-9C03-F5D6440F118D}.Release|Win32.Build.0 = Release|Win32
		{1E9ECCDC-BC4E-408E-9C03-F5D6440F118D}.Programming|Win32.ActiveCfg = Programming|Win32
		{1E9ECCDC-BC4E-408E-9C03-F5D6440F118D}.Programming|Win32.Build.0 = Programming|Win32
		{1E9ECCDC-BC4E-408E-9C03-F5D6440F118D}.Public_Build|Win32.ActiveCfg = Public_Build|Win32
		{1E9ECCDC-BC4E-408E-9C03-F5D6440F118D}.Public_Build|Win32.Build.0 = Public_Build|Win32
		{1E9ECCDC-BC4E-408E-9C03-F5D6440F118D}.Securom|Win32.ActiveCfg = Securom|Win32
		{1E9ECCDC-BC4E-408E-9C03-F5D6440F118D}.Securom|Win32.Build.0 = Securom|Win32
		{1E9ECCDC-BC4E-408E-9C03-F5D6440F118D}.Maya_Debug|Win32.ActiveCfg = Maya_Debug|Win32
		{1E9ECCDC-BC4E-408E-9C03-F5D6440F118D}.Maya_Debug|Win32.Build.0 = Maya_Debug|Win32
		{1E9ECCDC-BC4E-408E-9C03-F5D6440F118D}.Maya_Release|Win32.ActiveCfg = Maya_Release|Win32
		{1E9ECCDC-BC4E-408E-9C03-F5D6440F118D}.Maya_Release|Win32.Build.0 = Maya_Release|Win32
		{20DE22FD-4973-4798-8903-3810356A41BB}.Debug|Win32.ActiveCfg = Debug|Win32
		{20DE22FD-4973-4798-8903-3810356A41BB}.Debug|Win32.Build.0 = Debug|Win32
		{20DE22FD-4973-4798-8903-3810356A41BB}.Release|Win32.ActiveCfg = Release|Win32
		{20DE22FD-4973-4798-8903-3810356A41BB}.Release|Win32.Build.0 = Release|Win32
		{20DE22FD-4973-4798-8903-3810356A41BB}.Programming|Win32.ActiveCfg = Programming|Win32
		{20DE22FD-4973-4798-8903-3810356A41BB}.Programming|Win32.Build.0 = Programming|Win32
		{20DE22FD-4973-4798-8903-3810356A41BB}.Public_Build|Win32.ActiveCfg = Public_Build|Win32
		{20DE22FD-4973-4798-8903-3810356A41BB}.Public_Build|Win32.Build.0 = Public_Build|Win32
		{20DE22FD-4973-4798-8903-3810356A41BB}.Securom|Win32.ActiveCfg = Securom|Win32
		{20DE22FD-4973-4798-8903-3810356A41BB}.Securom|Win32.Build.0 = Securom|Win32
		{20DE22FD-4973-4798-8903-3810356A41BB}.Maya_Debug|Win32.ActiveCfg = Maya_Debug|Win32
		{20DE22FD-4973-4798-8903-3810356A41BB}.Maya_Debug|Win32.Build.0 = Maya_Debug|Win32
		{20DE22FD-4973-4798-8903-3810356A41BB}.Maya_Release|Win32.ActiveCfg = Maya_Release|Win32
		{20DE22FD-4973-4798-8903-3810356A41BB}.Maya_Release|Win32.Build.0 = Maya_Release|Win32
		{9DC7793D-9F15-4EC2-9496-75F8B8349256}.Debug|Win32.ActiveCfg = Debug|Win32
		{9DC7793D-9F15-4EC2-9496-75F8B8349256}.Debug|Win32.Build.0 = Debug|Win32
		{9DC7793D-9F15-4EC2-9496-75F8B8349256}.Release|Win32.ActiveCfg = Release|Win32
		{9DC7793D-9F15-4EC2-9496-75F8B8349256}.Release|Win32.Build.0 = Release|Win32
		{9DC7793D-9F15-4EC2-9496-75F8B8349256}.Programming|Win32.ActiveCfg = Programming|Win32
		{9DC7793D-9F15-4EC2-9496-75F8B8349256}.Programming|Win32.Build.0 = Programming|Win32
		{9DC7793D-9F15-4EC2-9496-75F8B8349256}.Public_Build|Win32.ActiveCfg = Public_Build|Win32
		{9DC7793D-9F15-4EC2-9496-75F8B8349256}.Public_Build|Win32.Build.0 = Public_Build|Win32
		{9DC7793D-9F15-4EC2-9496-75F8B8349256}.Securom|Win32.ActiveCfg = Securom|Win32
		{9DC7793D-9F15-4EC2-9496-75F8B8349256}.Securom|Win32.Build.0 = Securom|Win32
		{9DC7793D-9F15-4EC2-9496-75F8B8349256}.Maya_Debug|Win32.ActiveCfg = Maya_Debug|Win32
		{9DC7793D-9F15-4EC2-9496-75F8B8349256}.Maya_Debug|Win32.Build.0 = Maya_Debug|Win32
		{9DC7793D-9F15-4EC2-9496-75F8B8349256}.Maya_Release|Win32.ActiveCfg = Maya_Release|Win32
		{9DC7793D-9F15-4EC2-9496-75F8B8349256}.Maya_Release|Win32.Build.0 = Maya_Release|Win32
		{214DC29A-9472-47D7-B2B2-9C02613E7829}.Debug|Win32.ActiveCfg = Debug|Win32
		{214DC29A-9472-47D7-B2B2-9C02613E7829}.Debug|Win32.Build.0 = Debug|Win32
		{214DC29A-9472-47D7-B2B2-9C02613E7829}.Release|Win32.ActiveCfg = Release|Win32
		{214DC29A-9472-47D7-B2B2-9C02613E7829}.Release|Win32.Build.0 = Release|Win32
		{214DC29A-9472-47D7-B2B2-9C02613E7829}.Programming|Win32.ActiveCfg = Programming|Win32
		{214DC29A-9472-47D7-B2B2-9C02613E7829}.Programming|Win32.Build.0 = Programming|Win32
		{214DC29A-9472-47D7-B2B2-9C02613E7829}.Public_Build|Win32.ActiveCfg = Public_Build|Win32
		{214DC29A-9472-47D7-B2B2-9C02613E7829}.Public_Build|Win32.Build.0 = Public_Build|Win32
		{214DC29A-9472-47D7-B2B2-9C02613E7829}.Securom|Win32.ActiveCfg = Securom|Win32
		{214DC29A-9472-47D7-B2B2-9C02613E7829}.Securom|Win32.Build.0 = Securom|Win32
		{214DC29A-9472-47D7-B2B2-9C02613E7829}.Maya_Debug|Win32.ActiveCfg = Maya_Debug|Win32
		{214DC29A-9472-47D7-B2B2-9C02613E7829}.Maya_Debug|Win32.Build.0 = Maya_Debug|Win32
		{214DC29A-9472-47D7-B2B2-9C02613E7829}.Maya_Release|Win32.ActiveCfg = Maya_Release|Win32
		{214DC29A-9472-47D7-B2B2-9C02613E7829}.Maya_Release|Win32.Build.0 = Maya_Release|Win32
		{FCAB0A4A-3489-4216-B9B7-C6AC767BF004}.Debug|Win32.ActiveCfg = Debug|Win32
		{FCAB0A4A-3489-4216-B9B7-C6AC767BF004}.Debug|Win32.Build.0 = Debug|Win32
		{FCAB0A4A-3489-4216-B9B7-C6AC767BF004}.Release|Win32.ActiveCfg = Release|Win32
		{FCAB0A4A-3489-4216-B9B7-C6AC767BF004}.Release|Win32.Build.0 = Release|Win32
		{FCAB0A4A-3489-4216-B9B7-C6AC767BF004}.Programming|Win32.ActiveCfg = Programming|Win32
		{FCAB0A4A-3489-4216-B9B7-C6AC767BF004}.Programming|Win32.Build.0 = Programming|Win32
		{FCAB0A4A-3489-4216-B9B7-C6AC767BF004}.Public_Build|Win32.ActiveCfg = Public_Build|Win32
		{FCAB0A4A-3489-4216-B9B7-C6AC767BF004}.Public_Build|Win32.Build.0 = Public_Build|Win32
		{FCAB0A4A-3489-4216-B9B7-C6AC767BF004}.Securom|Win32.ActiveCfg = Securom|Win32
		{FCAB0A4A-3489-4216-B9B7-C6AC767BF004}.Securom|Win32.Build.0 = Securom|Win32
		{FCAB0A4A-3489-4216-B9B7-C6AC767BF004}.Maya_Debug|Win32.ActiveCfg = Maya_Debug|Win32
		{FCAB0A4A-3489-4216-B9B7-C6AC767BF004}.Maya_Debug|Win32.Build.0 = Maya_Debug|Win32
		{FCAB0A4A-3489-4216-B9B7-C6AC767BF004}.Maya_Release|Win32.ActiveCfg = Maya_Release|Win32
		{FCAB0A4A-3489-4216-B9B7-C6AC767BF004}.Maya_Release|Win32.Build.0 = Maya_Release|Win32
		{5D023735-8365-403C-9FE9-E3EE1B7EEF22}.Debug|Win32.ActiveCfg = Debug|Win32
		{5D023735-8365-403C-9FE9-E3EE1B7EEF22}.Debug|Win32.Build.0 = Debug|Win32
		{5D023735-8365-403C-9FE9-E3EE1B7EEF22}.Release|Win32.ActiveCfg = Release|Win32
		{5D023735-8365-403C-9FE9-E3EE1B7EEF22}.Release|Win32.Build.0 = Release|Win32
		{5D023735-8365-403C-9FE9-E3EE1B7EEF22}.Programming|Win32.ActiveCfg = Programming|Win32
		{5D023735-8365-403C-9FE9-E3EE1B7EEF22}.Programming|Win32.Build.0 = Programming|Win32
		{5D023735-8365-403C-9FE9-E3EE1B7EEF22}.Public_Build|Win32.ActiveCfg = Public_Build|Win32
		{5D023735-8365-403C-9FE9-E3EE1B7EEF22}.Public_Build|Win32.Build.0 = Public_Build|Win32
		{5D023735-8365-403C-9FE9-E3EE1B7EEF22}.Securom|Win32.ActiveCfg = Securom|Win32
		{5D023735-8365-403C-9FE9-E3EE1B7EEF22}.Securom|Win32.Build.0 = Securom|Win32
		{5D023735-8365-403C-9FE9-E3EE1B7EEF22}.Maya_Debug|Win32.ActiveCfg = Maya_Debug|Win32
		{5D023735-8365-403C-9FE9-E3EE1B7EEF22}.Maya_Debug|Win32.Build.0 = Maya_Debug|Win32
		{5D023735-8365-403C-9FE9-E3EE1B7EEF22}.Maya_Release|Win32.ActiveCfg = Maya_Release|Win32
		{5D023735-8365-403C-9FE9-E3EE1B7EEF22}.Maya_Release|Win32.Build.0 = Maya_Release|Win32
		{0422C943-EBDD-47C9-A112-8A7E1A2D43CD}.Debug|Win32.ActiveCfg = Debug|Win32
		{0422C943-EBDD-47C9-A112-8A7E1A2D43CD}.Debug|Win32.Build.0 = Debug|Win32
		{0422C943-EBDD-47C9-A112-8A7E1A2D43CD}.Release|Win32.ActiveCfg = Release|Win32
		{0422C943-EBDD-47C9-A112-8A7E1A2D43CD}.Release|Win32.Build.0 = Release|Win32
		{0422C943-EBDD-47C9-A112-8A7E1A2D43CD}.Programming|Win32.ActiveCfg = Programming|Win32
		{0422C943-EBDD-47C9-A112-8A7E1A2D43CD}.Programming|Win32.Build.0 = Programming|Win32
		{0422C943-EBDD-47C9-A112-8A7E1A2D43CD}.Public_Build|Win32.ActiveCfg = Public_Build|Win32
		{0422C943-EBDD-47C9-A112-8A7E1A2D43CD}.Public_Build|Win32.Build.0 = Public_Build|Win32
		{0422C943-EBDD-47C9-A112-8A7E1A2D43CD}.Securom|Win32.ActiveCfg = Securom|Win32
		{0422C943-EBDD-47C9-A112-8A7E1A2D43CD}.Securom|Win32.Build.0 = Securom|Win32
		{0422C943-EBDD-47C9-A112-8A7E1A2D43CD}.Maya_Debug|Win32.ActiveCfg = Maya_Debug|Win32
		{0422C943-EBDD-47C9-A112-8A7E1A2D43CD}.Maya_Debug|Win32.Build.0 = Maya_Debug|Win32
		{0422C943-EBDD-47C9-A112-8A7E1A2D43CD}.Maya_Release|Win32.ActiveCfg = Maya_Release|Win32
		{0422C943-EBDD-47C9-A112-8A7E1A2D43CD}.Maya_Release|Win32.Build.0 = Maya_Release|Win32
		{E53E5C00-AE2A-4DAA-BF5D-57E4D8FEC61D}.Debug|Win32.ActiveCfg = Debug|Win32
		{E53E5C00-AE2A-4DAA-BF5D-57E4D8FEC61D}.Debug|Win32.Build.0 = Debug|Win32
		{E53E5C00-AE2A-4DAA-BF5D-57E4D8FEC61D}.Release|Win32.ActiveCfg = Release|Win32
		{E53E5C00-AE2A-4DAA-BF5D-57E4D8FEC61D}.Release|Win32.Build.0 = Release|Win32
		{E53E5C00-AE2A-4DAA-BF5D-57E4D8FEC61D}.Programming|Win32.ActiveCfg = Programming|Win32
		{E53E5C00-AE2A-4DAA-BF5D-57E4D8FEC61D}.Programming|Win32.Build.0 = Programming|Win32
		{E53E5C00-AE2A-4DAA-BF5D-57E4D8FEC61D}.Public_Build|Win32.ActiveCfg = Public_Build|Win32
		{E53E5C00-AE2A-4DAA-BF5D-57E4D8FEC61D}.Public_Build|Win32.Build.0 = Public_Build|Win32
		{E53E5C00-AE2A-4DAA-BF5D-57E4D8FEC61D}.Securom|Win32.ActiveCfg = Securom|Win32
		{E53E5C00-AE2A-4DAA-BF5D-57E4D8FEC61D}.Securom|Win32.Build.0 = Securom|Win32
		{E53E5C00-AE2A-4DAA-BF5D-57E4D8FEC61D}.Maya_Debug|Win32.ActiveCfg = Maya_Debug|Win32
		{E53E5C00-AE2A-4DAA-BF5D-57E4D8FEC61D}.Maya_Debug|Win32.Build.0 = Maya_Debug|Win32
		{E53E5C00-AE2A-4DAA-BF5D-57E4D8FEC61D}.Maya_Release|Win32.ActiveCfg = Maya_Release|Win32
		{E53E5C00-AE2A-4DAA-BF5D-57E4D8FEC61D}.Maya_Release|Win32.Build.0 = Maya_Release|Win32
		{E5F0A3ED-48E9-4D4F-AFA3-DAC81B7D1691}.Debug|Win32.ActiveCfg = Debug|Win32
		{E5F0A3ED-48E9-4D4F-AFA3-DAC81B7D1691}.Debug|Win32.Build.0 = Debug|Win32
		{E5F0A3ED-48E9-4D4F-AFA3-DAC81B7D1691}.Release|Win32.ActiveCfg = Release|Win32
		{E5F0A3ED-48E9-4D4F-AFA3-DAC81B7D1691}.Release|Win32.Build.0 = Release|Win32
		{E5F0A3ED-48E9-4D4F-AFA3-DAC81B7D1691}.Programming|Win32.ActiveCfg = Programming|Win32
		{E5F0A3ED-48E9-4D4F-AFA3-DAC81B7D1691}.Programming|Win32.Build.0 = Programming|Win32
		{E5F0A3ED-48E9-4D4F-AFA3-DAC81B7D1691}.Public_Build|Win32.ActiveCfg = Public_Build|Win32
		{E5F0A3ED-48E9-4D4F-AFA3-DAC81B7D1691}.Public_Build|Win32.Build.0 = Public_Build|Win32
		{E5F0A3ED-48E9-4D4F-AFA3-DAC81B7D1691}.Securom|Win32.ActiveCfg = Securom|Win32
		{E5F0A3ED-48E9-4D4F-AFA3-DAC81B7D1691}.Securom|Win32.Build.0 = Securom|Win32
		{E5F0A3ED-48E9-4D4F-AFA3-DAC81B7D1691}.Maya_Debug|Win32.ActiveCfg = Maya_Debug|Win32
		{E5F0A3ED-48E9-4D4F-AFA3-DAC81B7D1691}.Maya_Debug|Win32.Build.0 = Maya_Debug|Win32
		{E5F0A3ED-48E9-4D4F-AFA3-DAC81B7D1691}.Maya_Release|Win32.ActiveCfg = Maya_Release|Win32
		{E5F0A3ED-48E9-4D4F-AFA3-DAC81B7D1691}.Maya_Release|Win32.Build.0 = Maya_Release|Win32
		{90FE9E0B-93A9-4B2C-8BF7-414E45ECF26A}.Debug|Win32.ActiveCfg = Debug|Win32
		{90FE9E0B-93A9-4B2C-8BF7-414E45ECF26A}.Debug|Win32.Build.0 = Debug|Win32
		{90FE9E0B-93A9-4B2C-8BF7-414E45ECF26A}.Release|Win32.ActiveCfg = Release|Win32
		{90FE9E0B-93A9-4B2C-8BF7-414E45ECF26A}.Release|Win32.Build.0 = Release|Win32
		{90FE9E0B-93A9-4B2C-8BF7-414E45ECF26A}.Programming|Win32.ActiveCfg = Programming|Win32
		{90FE9E0B-93A9-4B2C-8BF7-414E45ECF26A}.Programming|Win32.Build.0 = Programming|Win32
		{90FE9E0B-93A9-4B2C-8BF7-414E45ECF26A}.Public_Build|Win32.ActiveCfg = Public_Build|Win32
		{90FE9E0B-93A9-4B2C-8BF7-414E45ECF26A}.Public_Build|Win32.Build.0 = Public_Build|Win32
		{90FE9E0B-93A9-4B2C-8BF7-414E45ECF26A}.Securom|Win32.ActiveCfg = Securom|Win32
		{90FE9E0B-93A9-4B2C-8BF7-414E45ECF26A}.Securom|Win32.Build.0 = Securom|Win32
		{90FE9E0B-93A9-4B2C-8BF7-414E45ECF26A}.Maya_Debug|Win32.ActiveCfg = Maya_Debug|Win32
		{90FE9E0B-93A9-4B2C-8BF7-414E45ECF26A}.Maya_Debug|Win32.Build.0 = Maya_Debug|Win32
		{90FE9E0B-93A9-4B2C-8BF7-414E45ECF26A}.Maya_Release|Win32.ActiveCfg = Maya_Release|Win32
		{90FE9E0B-93A9-4B2C-8BF7-414E45ECF26A}.Maya_Release|Win32.Build.0 = Maya_Release|Win32
	EndGlobalSection
	GlobalSection(SolutionProperties) = preSolution
		HideSolutionNode = FALSE
	EndGlobalSection
	GlobalSection(NestedProjects) = preSolution
		{F6A5C89E-F9D0-4FEF-BE6A-FC114575AAAB} = {798777e9-b38c-4974-bee3-b1cd45f6a1e6}
		{A84C4A42-884F-4A43-9DBB-DB0E64E58A22} = {832A854F-2030-4EA4-86FE-EDEEC017E78E}
		{1E9ECCDC-BC4E-408E-9C03-F5D6440F118D} = {798777e9-b38c-4974-bee3-b1cd45f6a1e6}
		{20DE22FD-4973-4798-8903-3810356A41BB} = {832A854F-2030-4EA4-86FE-EDEEC017E78E}
		{9DC7793D-9F15-4EC2-9496-75F8B8349256} = {832A854F-2030-4EA4-86FE-EDEEC017E78E}
		{214DC29A-9472-47D7-B2B2-9C02613E7829} = {832A854F-2030-4EA4-86FE-EDEEC017E78E}
		{FCAB0A4A-3489-4216-B9B7-C6AC767BF004} = {832A854F-2030-4EA4-86FE-EDEEC017E78E}
		{5D023735-8365-403C-9FE9-E3EE1B7EEF22} = {832A854F-2030-4EA4-86FE-EDEEC017E78E}
		{0422C943-EBDD-47C9-A112-8A7E1A2D43CD} = {832A854F-2030-4EA4-86FE-EDEEC017E78E}
		{E53E5C00-AE2A-4DAA-BF5D-57E4D8FEC61D} = {832A854F-2030-4EA4-86FE-EDEEC017E78E}
		{E5F0A3ED-48E9-4D4F-AFA3-DAC81B7D1691} = {3B2AD919-B940-473D-A9CC-62428540DEC5}
		{90FE9E0B-93A9-4B2C-8BF7-414E45ECF26A} = {3B2AD919-B940-473D-A9CC-62428540DEC5}
	EndGlobalSection
EndGlobal
