Microsoft Visual Studio Solution File, Format Version 10.00
# Visual Studio 2008
Project("{2150E333-8FDC-42A3-9474-1A3956D46DE8}") = "NIDLs", "NIDLs", "{798777e9-b38c-4974-bee3-b1cd45f6a1e6}"
EndProject
Project("{2150E333-8FDC-42A3-9474-1A3956D46DE8}") = "Libs", "Libs", "{832A854F-2030-4EA4-86FE-EDEEC017E78E}"
EndProject
Project("{2150E333-8FDC-42A3-9474-1A3956D46DE8}") = "Exes", "Exes", "{3B2AD919-B940-473D-A9CC-62428540DEC5}"
EndProject
Project("{8BC9CEB8-8B4A-11D0-8D11-00A0C91BC942}") = "foundation_nidls_win32", "tests_win32.foundation_nidls_win32.vcproj", "{D8B6B21F-2EC3-41B7-B615-C300043DD343}"
EndProject
Project("{8BC9CEB8-8B4A-11D0-8D11-00A0C91BC942}") = "render_nidls_win32", "tests_win32.render_nidls_win32.vcproj", "{D6137A40-4C20-4445-B6CA-E32B4512F270}"
EndProject
Project("{8BC9CEB8-8B4A-11D0-8D11-00A0C91BC942}") = "foundation_win32", "tests_win32.foundation_win32.vcproj", "{77945FB0-8924-478B-8AD7-FEA46155A046}"
	ProjectSection(ProjectDependencies) = postProject
		{D8B6B21F-2EC3-41B7-B615-C300043DD343} = {D8B6B21F-2EC3-41B7-B615-C300043DD343}
	EndProjectSection
EndProject
Project("{8BC9CEB8-8B4A-11D0-8D11-00A0C91BC942}") = "render_win32", "tests_win32.render_win32.vcproj", "{897F3071-C0C6-48E4-A76E-E3A5C39B2125}"
	ProjectSection(ProjectDependencies) = postProject
		{D6137A40-4C20-4445-B6CA-E32B4512F270} = {D6137A40-4C20-4445-B6CA-E32B4512F270}
	EndProjectSection
EndProject
Project("{8BC9CEB8-8B4A-11D0-8D11-00A0C91BC942}") = "lua_win32", "tests_win32.lua_win32.vcproj", "{EECC0730-9191-4902-82B5-BE96D68C2F92}"
EndProject
Project("{8BC9CEB8-8B4A-11D0-8D11-00A0C91BC942}") = "tinyxml_win32", "tests_win32.tinyxml_win32.vcproj", "{FBDB2D59-B395-438C-9D47-791CFD384875}"
EndProject
Project("{8BC9CEB8-8B4A-11D0-8D11-00A0C91BC942}") = "zlib_win32", "tests_win32.zlib_win32.vcproj", "{7E26456A-9C2B-4D60-8B75-8F91E021FF47}"
EndProject
Project("{8BC9CEB8-8B4A-11D0-8D11-00A0C91BC942}") = "testbase_win32", "tests_win32.testbase_win32.vcproj", "{5D6E4501-34CE-42F5-BA15-1698A0C1B5C5}"
	ProjectSection(ProjectDependencies) = postProject
		{77945FB0-8924-478B-8AD7-FEA46155A046} = {77945FB0-8924-478B-8AD7-FEA46155A046}
		{EECC0730-9191-4902-82B5-BE96D68C2F92} = {EECC0730-9191-4902-82B5-BE96D68C2F92}
		{FBDB2D59-B395-438C-9D47-791CFD384875} = {FBDB2D59-B395-438C-9D47-791CFD384875}
		{7E26456A-9C2B-4D60-8B75-8F91E021FF47} = {7E26456A-9C2B-4D60-8B75-8F91E021FF47}
	EndProjectSection
EndProject
Project("{8BC9CEB8-8B4A-11D0-8D11-00A0C91BC942}") = "testfoundation_win32", "tests_win32.testfoundation_win32.vcproj", "{0279D6DE-6777-4194-A88C-1000892A7DCA}"
	ProjectSection(ProjectDependencies) = postProject
		{77945FB0-8924-478B-8AD7-FEA46155A046} = {77945FB0-8924-478B-8AD7-FEA46155A046}
		{EECC0730-9191-4902-82B5-BE96D68C2F92} = {EECC0730-9191-4902-82B5-BE96D68C2F92}
		{FBDB2D59-B395-438C-9D47-791CFD384875} = {FBDB2D59-B395-438C-9D47-791CFD384875}
		{7E26456A-9C2B-4D60-8B75-8F91E021FF47} = {7E26456A-9C2B-4D60-8B75-8F91E021FF47}
		{5D6E4501-34CE-42F5-BA15-1698A0C1B5C5} = {5D6E4501-34CE-42F5-BA15-1698A0C1B5C5}
	EndProjectSection
EndProject
Project("{8BC9CEB8-8B4A-11D0-8D11-00A0C91BC942}") = "testrender_win32", "tests_win32.testrender_win32.vcproj", "{70FB0977-912A-4D9C-8022-564ACE9C1557}"
	ProjectSection(ProjectDependencies) = postProject
		{77945FB0-8924-478B-8AD7-FEA46155A046} = {77945FB0-8924-478B-8AD7-FEA46155A046}
		{897F3071-C0C6-48E4-A76E-E3A5C39B2125} = {897F3071-C0C6-48E4-A76E-E3A5C39B2125}
		{EECC0730-9191-4902-82B5-BE96D68C2F92} = {EECC0730-9191-4902-82B5-BE96D68C2F92}
		{FBDB2D59-B395-438C-9D47-791CFD384875} = {FBDB2D59-B395-438C-9D47-791CFD384875}
		{7E26456A-9C2B-4D60-8B75-8F91E021FF47} = {7E26456A-9C2B-4D60-8B75-8F91E021FF47}
		{5D6E4501-34CE-42F5-BA15-1698A0C1B5C5} = {5D6E4501-34CE-42F5-BA15-1698A0C1B5C5}
	EndProjectSection
EndProject
Project("{8BC9CEB8-8B4A-11D0-8D11-00A0C91BC942}") = "stresstestvieweropenclose_win32", "tests_win32.stresstestvieweropenclose_win32.vcproj", "{6F3F0518-FB1E-477E-A500-E0D0062312E8}"
	ProjectSection(ProjectDependencies) = postProject
		{77945FB0-8924-478B-8AD7-FEA46155A046} = {77945FB0-8924-478B-8AD7-FEA46155A046}
		{897F3071-C0C6-48E4-A76E-E3A5C39B2125} = {897F3071-C0C6-48E4-A76E-E3A5C39B2125}
		{EECC0730-9191-4902-82B5-BE96D68C2F92} = {EECC0730-9191-4902-82B5-BE96D68C2F92}
		{FBDB2D59-B395-438C-9D47-791CFD384875} = {FBDB2D59-B395-438C-9D47-791CFD384875}
		{7E26456A-9C2B-4D60-8B75-8F91E021FF47} = {7E26456A-9C2B-4D60-8B75-8F91E021FF47}
		{5D6E4501-34CE-42F5-BA15-1698A0C1B5C5} = {5D6E4501-34CE-42F5-BA15-1698A0C1B5C5}
	EndProjectSection
EndProject
Project("{8BC9CEB8-8B4A-11D0-8D11-00A0C91BC942}") = "viewerstresstest_win32", "tests_win32.viewerstresstest_win32.vcproj", "{A07BF8AF-05A7-43A7-B82D-F177B76E68CD}"
	ProjectSection(ProjectDependencies) = postProject
		{77945FB0-8924-478B-8AD7-FEA46155A046} = {77945FB0-8924-478B-8AD7-FEA46155A046}
		{897F3071-C0C6-48E4-A76E-E3A5C39B2125} = {897F3071-C0C6-48E4-A76E-E3A5C39B2125}
		{EECC0730-9191-4902-82B5-BE96D68C2F92} = {EECC0730-9191-4902-82B5-BE96D68C2F92}
		{FBDB2D59-B395-438C-9D47-791CFD384875} = {FBDB2D59-B395-438C-9D47-791CFD384875}
		{7E26456A-9C2B-4D60-8B75-8F91E021FF47} = {7E26456A-9C2B-4D60-8B75-8F91E021FF47}
		{5D6E4501-34CE-42F5-BA15-1698A0C1B5C5} = {5D6E4501-34CE-42F5-BA15-1698A0C1B5C5}
	EndProjectSection
EndProject
Project("{8BC9CEB8-8B4A-11D0-8D11-00A0C91BC942}") = "audiotest_win32", "tests_win32.audiotest_win32.vcproj", "{2D9022D9-A68C-4B41-9EE2-7A091C9D072B}"
	ProjectSection(ProjectDependencies) = postProject
		{77945FB0-8924-478B-8AD7-FEA46155A046} = {77945FB0-8924-478B-8AD7-FEA46155A046}
		{897F3071-C0C6-48E4-A76E-E3A5C39B2125} = {897F3071-C0C6-48E4-A76E-E3A5C39B2125}
		{EECC0730-9191-4902-82B5-BE96D68C2F92} = {EECC0730-9191-4902-82B5-BE96D68C2F92}
		{FBDB2D59-B395-438C-9D47-791CFD384875} = {FBDB2D59-B395-438C-9D47-791CFD384875}
		{7E26456A-9C2B-4D60-8B75-8F91E021FF47} = {7E26456A-9C2B-4D60-8B75-8F91E021FF47}
	EndProjectSection
EndProject
Project("{8BC9CEB8-8B4A-11D0-8D11-00A0C91BC942}") = "zipstresstest_win32", "tests_win32.zipstresstest_win32.vcproj", "{69A5D099-50BE-433D-B073-35FD74E7EA5E}"
	ProjectSection(ProjectDependencies) = postProject
		{77945FB0-8924-478B-8AD7-FEA46155A046} = {77945FB0-8924-478B-8AD7-FEA46155A046}
		{EECC0730-9191-4902-82B5-BE96D68C2F92} = {EECC0730-9191-4902-82B5-BE96D68C2F92}
		{FBDB2D59-B395-438C-9D47-791CFD384875} = {FBDB2D59-B395-438C-9D47-791CFD384875}
		{7E26456A-9C2B-4D60-8B75-8F91E021FF47} = {7E26456A-9C2B-4D60-8B75-8F91E021FF47}
	EndProjectSection
EndProject
Global
	GlobalSection(SolutionConfigurationPlatforms) = preSolution
		Debug|Win32 = Debug|Win32
		Release|Win32 = Release|Win32
		Programming|Win32 = Programming|Win32
		Public_Build|Win32 = Public_Build|Win32
		Securom|Win32 = Securom|Win32
		Maya_Debug|Win32 = Maya_Debug|Win32
		Maya_Release|Win32 = Maya_Release|Win32
	EndGlobalSection
	GlobalSection(ProjectConfigurationPlatforms) = postSolution
		{D8B6B21F-2EC3-41B7-B615-C300043DD343}.Debug|Win32.ActiveCfg = Debug|Win32
		{D8B6B21F-2EC3-41B7-B615-C300043DD343}.Debug|Win32.Build.0 = Debug|Win32
		{D8B6B21F-2EC3-41B7-B615-C300043DD343}.Release|Win32.ActiveCfg = Release|Win32
		{D8B6B21F-2EC3-41B7-B615-C300043DD343}.Release|Win32.Build.0 = Release|Win32
		{D8B6B21F-2EC3-41B7-B615-C300043DD343}.Programming|Win32.ActiveCfg = Programming|Win32
		{D8B6B21F-2EC3-41B7-B615-C300043DD343}.Programming|Win32.Build.0 = Programming|Win32
		{D8B6B21F-2EC3-41B7-B615-C300043DD343}.Public_Build|Win32.ActiveCfg = Public_Build|Win32
		{D8B6B21F-2EC3-41B7-B615-C300043DD343}.Public_Build|Win32.Build.0 = Public_Build|Win32
		{D8B6B21F-2EC3-41B7-B615-C300043DD343}.Securom|Win32.ActiveCfg = Securom|Win32
		{D8B6B21F-2EC3-41B7-B615-C300043DD343}.Securom|Win32.Build.0 = Securom|Win32
		{D8B6B21F-2EC3-41B7-B615-C300043DD343}.Maya_Debug|Win32.ActiveCfg = Maya_Debug|Win32
		{D8B6B21F-2EC3-41B7-B615-C300043DD343}.Maya_Debug|Win32.Build.0 = Maya_Debug|Win32
		{D8B6B21F-2EC3-41B7-B615-C300043DD343}.Maya_Release|Win32.ActiveCfg = Maya_Release|Win32
		{D8B6B21F-2EC3-41B7-B615-C300043DD343}.Maya_Release|Win32.Build.0 = Maya_Release|Win32
		{D6137A40-4C20-4445-B6CA-E32B4512F270}.Debug|Win32.ActiveCfg = Debug|Win32
		{D6137A40-4C20-4445-B6CA-E32B4512F270}.Debug|Win32.Build.0 = Debug|Win32
		{D6137A40-4C20-4445-B6CA-E32B4512F270}.Release|Win32.ActiveCfg = Release|Win32
		{D6137A40-4C20-4445-B6CA-E32B4512F270}.Release|Win32.Build.0 = Release|Win32
		{D6137A40-4C20-4445-B6CA-E32B4512F270}.Programming|Win32.ActiveCfg = Programming|Win32
		{D6137A40-4C20-4445-B6CA-E32B4512F270}.Programming|Win32.Build.0 = Programming|Win32
		{D6137A40-4C20-4445-B6CA-E32B4512F270}.Public_Build|Win32.ActiveCfg = Public_Build|Win32
		{D6137A40-4C20-4445-B6CA-E32B4512F270}.Public_Build|Win32.Build.0 = Public_Build|Win32
		{D6137A40-4C20-4445-B6CA-E32B4512F270}.Securom|Win32.ActiveCfg = Securom|Win32
		{D6137A40-4C20-4445-B6CA-E32B4512F270}.Securom|Win32.Build.0 = Securom|Win32
		{D6137A40-4C20-4445-B6CA-E32B4512F270}.Maya_Debug|Win32.ActiveCfg = Maya_Debug|Win32
		{D6137A40-4C20-4445-B6CA-E32B4512F270}.Maya_Debug|Win32.Build.0 = Maya_Debug|Win32
		{D6137A40-4C20-4445-B6CA-E32B4512F270}.Maya_Release|Win32.ActiveCfg = Maya_Release|Win32
		{D6137A40-4C20-4445-B6CA-E32B4512F270}.Maya_Release|Win32.Build.0 = Maya_Release|Win32
		{77945FB0-8924-478B-8AD7-FEA46155A046}.Debug|Win32.ActiveCfg = Debug|Win32
		{77945FB0-8924-478B-8AD7-FEA46155A046}.Debug|Win32.Build.0 = Debug|Win32
		{77945FB0-8924-478B-8AD7-FEA46155A046}.Release|Win32.ActiveCfg = Release|Win32
		{77945FB0-8924-478B-8AD7-FEA46155A046}.Release|Win32.Build.0 = Release|Win32
		{77945FB0-8924-478B-8AD7-FEA46155A046}.Programming|Win32.ActiveCfg = Programming|Win32
		{77945FB0-8924-478B-8AD7-FEA46155A046}.Programming|Win32.Build.0 = Programming|Win32
		{77945FB0-8924-478B-8AD7-FEA46155A046}.Public_Build|Win32.ActiveCfg = Public_Build|Win32
		{77945FB0-8924-478B-8AD7-FEA46155A046}.Public_Build|Win32.Build.0 = Public_Build|Win32
		{77945FB0-8924-478B-8AD7-FEA46155A046}.Securom|Win32.ActiveCfg = Securom|Win32
		{77945FB0-8924-478B-8AD7-FEA46155A046}.Securom|Win32.Build.0 = Securom|Win32
		{77945FB0-8924-478B-8AD7-FEA46155A046}.Maya_Debug|Win32.ActiveCfg = Maya_Debug|Win32
		{77945FB0-8924-478B-8AD7-FEA46155A046}.Maya_Debug|Win32.Build.0 = Maya_Debug|Win32
		{77945FB0-8924-478B-8AD7-FEA46155A046}.Maya_Release|Win32.ActiveCfg = Maya_Release|Win32
		{77945FB0-8924-478B-8AD7-FEA46155A046}.Maya_Release|Win32.Build.0 = Maya_Release|Win32
		{897F3071-C0C6-48E4-A76E-E3A5C39B2125}.Debug|Win32.ActiveCfg = Debug|Win32
		{897F3071-C0C6-48E4-A76E-E3A5C39B2125}.Debug|Win32.Build.0 = Debug|Win32
		{897F3071-C0C6-48E4-A76E-E3A5C39B2125}.Release|Win32.ActiveCfg = Release|Win32
		{897F3071-C0C6-48E4-A76E-E3A5C39B2125}.Release|Win32.Build.0 = Release|Win32
		{897F3071-C0C6-48E4-A76E-E3A5C39B2125}.Programming|Win32.ActiveCfg = Programming|Win32
		{897F3071-C0C6-48E4-A76E-E3A5C39B2125}.Programming|Win32.Build.0 = Programming|Win32
		{897F3071-C0C6-48E4-A76E-E3A5C39B2125}.Public_Build|Win32.ActiveCfg = Public_Build|Win32
		{897F3071-C0C6-48E4-A76E-E3A5C39B2125}.Public_Build|Win32.Build.0 = Public_Build|Win32
		{897F3071-C0C6-48E4-A76E-E3A5C39B2125}.Securom|Win32.ActiveCfg = Securom|Win32
		{897F3071-C0C6-48E4-A76E-E3A5C39B2125}.Securom|Win32.Build.0 = Securom|Win32
		{897F3071-C0C6-48E4-A76E-E3A5C39B2125}.Maya_Debug|Win32.ActiveCfg = Maya_Debug|Win32
		{897F3071-C0C6-48E4-A76E-E3A5C39B2125}.Maya_Debug|Win32.Build.0 = Maya_Debug|Win32
		{897F3071-C0C6-48E4-A76E-E3A5C39B2125}.Maya_Release|Win32.ActiveCfg = Maya_Release|Win32
		{897F3071-C0C6-48E4-A76E-E3A5C39B2125}.Maya_Release|Win32.Build.0 = Maya_Release|Win32
		{EECC0730-9191-4902-82B5-BE96D68C2F92}.Debug|Win32.ActiveCfg = Debug|Win32
		{EECC0730-9191-4902-82B5-BE96D68C2F92}.Debug|Win32.Build.0 = Debug|Win32
		{EECC0730-9191-4902-82B5-BE96D68C2F92}.Release|Win32.ActiveCfg = Release|Win32
		{EECC0730-9191-4902-82B5-BE96D68C2F92}.Release|Win32.Build.0 = Release|Win32
		{EECC0730-9191-4902-82B5-BE96D68C2F92}.Programming|Win32.ActiveCfg = Programming|Win32
		{EECC0730-9191-4902-82B5-BE96D68C2F92}.Programming|Win32.Build.0 = Programming|Win32
		{EECC0730-9191-4902-82B5-BE96D68C2F92}.Public_Build|Win32.ActiveCfg = Public_Build|Win32
		{EECC0730-9191-4902-82B5-BE96D68C2F92}.Public_Build|Win32.Build.0 = Public_Build|Win32
		{EECC0730-9191-4902-82B5-BE96D68C2F92}.Securom|Win32.ActiveCfg = Securom|Win32
		{EECC0730-9191-4902-82B5-BE96D68C2F92}.Securom|Win32.Build.0 = Securom|Win32
		{EECC0730-9191-4902-82B5-BE96D68C2F92}.Maya_Debug|Win32.ActiveCfg = Maya_Debug|Win32
		{EECC0730-9191-4902-82B5-BE96D68C2F92}.Maya_Debug|Win32.Build.0 = Maya_Debug|Win32
		{EECC0730-9191-4902-82B5-BE96D68C2F92}.Maya_Release|Win32.ActiveCfg = Maya_Release|Win32
		{EECC0730-9191-4902-82B5-BE96D68C2F92}.Maya_Release|Win32.Build.0 = Maya_Release|Win32
		{FBDB2D59-B395-438C-9D47-791CFD384875}.Debug|Win32.ActiveCfg = Debug|Win32
		{FBDB2D59-B395-438C-9D47-791CFD384875}.Debug|Win32.Build.0 = Debug|Win32
		{FBDB2D59-B395-438C-9D47-791CFD384875}.Release|Win32.ActiveCfg = Release|Win32
		{FBDB2D59-B395-438C-9D47-791CFD384875}.Release|Win32.Build.0 = Release|Win32
		{FBDB2D59-B395-438C-9D47-791CFD384875}.Programming|Win32.ActiveCfg = Programming|Win32
		{FBDB2D59-B395-438C-9D47-791CFD384875}.Programming|Win32.Build.0 = Programming|Win32
		{FBDB2D59-B395-438C-9D47-791CFD384875}.Public_Build|Win32.ActiveCfg = Public_Build|Win32
		{FBDB2D59-B395-438C-9D47-791CFD384875}.Public_Build|Win32.Build.0 = Public_Build|Win32
		{FBDB2D59-B395-438C-9D47-791CFD384875}.Securom|Win32.ActiveCfg = Securom|Win32
		{FBDB2D59-B395-438C-9D47-791CFD384875}.Securom|Win32.Build.0 = Securom|Win32
		{FBDB2D59-B395-438C-9D47-791CFD384875}.Maya_Debug|Win32.ActiveCfg = Maya_Debug|Win32
		{FBDB2D59-B395-438C-9D47-791CFD384875}.Maya_Debug|Win32.Build.0 = Maya_Debug|Win32
		{FBDB2D59-B395-438C-9D47-791CFD384875}.Maya_Release|Win32.ActiveCfg = Maya_Release|Win32
		{FBDB2D59-B395-438C-9D47-791CFD384875}.Maya_Release|Win32.Build.0 = Maya_Release|Win32
		{7E26456A-9C2B-4D60-8B75-8F91E021FF47}.Debug|Win32.ActiveCfg = Debug|Win32
		{7E26456A-9C2B-4D60-8B75-8F91E021FF47}.Debug|Win32.Build.0 = Debug|Win32
		{7E26456A-9C2B-4D60-8B75-8F91E021FF47}.Release|Win32.ActiveCfg = Release|Win32
		{7E26456A-9C2B-4D60-8B75-8F91E021FF47}.Release|Win32.Build.0 = Release|Win32
		{7E26456A-9C2B-4D60-8B75-8F91E021FF47}.Programming|Win32.ActiveCfg = Programming|Win32
		{7E26456A-9C2B-4D60-8B75-8F91E021FF47}.Programming|Win32.Build.0 = Programming|Win32
		{7E26456A-9C2B-4D60-8B75-8F91E021FF47}.Public_Build|Win32.ActiveCfg = Public_Build|Win32
		{7E26456A-9C2B-4D60-8B75-8F91E021FF47}.Public_Build|Win32.Build.0 = Public_Build|Win32
		{7E26456A-9C2B-4D60-8B75-8F91E021FF47}.Securom|Win32.ActiveCfg = Securom|Win32
		{7E26456A-9C2B-4D60-8B75-8F91E021FF47}.Securom|Win32.Build.0 = Securom|Win32
		{7E26456A-9C2B-4D60-8B75-8F91E021FF47}.Maya_Debug|Win32.ActiveCfg = Maya_Debug|Win32
		{7E26456A-9C2B-4D60-8B75-8F91E021FF47}.Maya_Debug|Win32.Build.0 = Maya_Debug|Win32
		{7E26456A-9C2B-4D60-8B75-8F91E021FF47}.Maya_Release|Win32.ActiveCfg = Maya_Release|Win32
		{7E26456A-9C2B-4D60-8B75-8F91E021FF47}.Maya_Release|Win32.Build.0 = Maya_Release|Win32
		{5D6E4501-34CE-42F5-BA15-1698A0C1B5C5}.Debug|Win32.ActiveCfg = Debug|Win32
		{5D6E4501-34CE-42F5-BA15-1698A0C1B5C5}.Debug|Win32.Build.0 = Debug|Win32
		{5D6E4501-34CE-42F5-BA15-1698A0C1B5C5}.Release|Win32.ActiveCfg = Release|Win32
		{5D6E4501-34CE-42F5-BA15-1698A0C1B5C5}.Release|Win32.Build.0 = Release|Win32
		{5D6E4501-34CE-42F5-BA15-1698A0C1B5C5}.Programming|Win32.ActiveCfg = Programming|Win32
		{5D6E4501-34CE-42F5-BA15-1698A0C1B5C5}.Programming|Win32.Build.0 = Programming|Win32
		{5D6E4501-34CE-42F5-BA15-1698A0C1B5C5}.Public_Build|Win32.ActiveCfg = Public_Build|Win32
		{5D6E4501-34CE-42F5-BA15-1698A0C1B5C5}.Public_Build|Win32.Build.0 = Public_Build|Win32
		{5D6E4501-34CE-42F5-BA15-1698A0C1B5C5}.Securom|Win32.ActiveCfg = Securom|Win32
		{5D6E4501-34CE-42F5-BA15-1698A0C1B5C5}.Securom|Win32.Build.0 = Securom|Win32
		{5D6E4501-34CE-42F5-BA15-1698A0C1B5C5}.Maya_Debug|Win32.ActiveCfg = Maya_Debug|Win32
		{5D6E4501-34CE-42F5-BA15-1698A0C1B5C5}.Maya_Debug|Win32.Build.0 = Maya_Debug|Win32
		{5D6E4501-34CE-42F5-BA15-1698A0C1B5C5}.Maya_Release|Win32.ActiveCfg = Maya_Release|Win32
		{5D6E4501-34CE-42F5-BA15-1698A0C1B5C5}.Maya_Release|Win32.Build.0 = Maya_Release|Win32
		{0279D6DE-6777-4194-A88C-1000892A7DCA}.Debug|Win32.ActiveCfg = Debug|Win32
		{0279D6DE-6777-4194-A88C-1000892A7DCA}.Debug|Win32.Build.0 = Debug|Win32
		{0279D6DE-6777-4194-A88C-1000892A7DCA}.Release|Win32.ActiveCfg = Release|Win32
		{0279D6DE-6777-4194-A88C-1000892A7DCA}.Release|Win32.Build.0 = Release|Win32
		{0279D6DE-6777-4194-A88C-1000892A7DCA}.Programming|Win32.ActiveCfg = Programming|Win32
		{0279D6DE-6777-4194-A88C-1000892A7DCA}.Programming|Win32.Build.0 = Programming|Win32
		{0279D6DE-6777-4194-A88C-1000892A7DCA}.Public_Build|Win32.ActiveCfg = Public_Build|Win32
		{0279D6DE-6777-4194-A88C-1000892A7DCA}.Public_Build|Win32.Build.0 = Public_Build|Win32
		{0279D6DE-6777-4194-A88C-1000892A7DCA}.Securom|Win32.ActiveCfg = Securom|Win32
		{0279D6DE-6777-4194-A88C-1000892A7DCA}.Securom|Win32.Build.0 = Securom|Win32
		{0279D6DE-6777-4194-A88C-1000892A7DCA}.Maya_Debug|Win32.ActiveCfg = Maya_Debug|Win32
		{0279D6DE-6777-4194-A88C-1000892A7DCA}.Maya_Debug|Win32.Build.0 = Maya_Debug|Win32
		{0279D6DE-6777-4194-A88C-1000892A7DCA}.Maya_Release|Win32.ActiveCfg = Maya_Release|Win32
		{0279D6DE-6777-4194-A88C-1000892A7DCA}.Maya_Release|Win32.Build.0 = Maya_Release|Win32
		{70FB0977-912A-4D9C-8022-564ACE9C1557}.Debug|Win32.ActiveCfg = Debug|Win32
		{70FB0977-912A-4D9C-8022-564ACE9C1557}.Debug|Win32.Build.0 = Debug|Win32
		{70FB0977-912A-4D9C-8022-564ACE9C1557}.Release|Win32.ActiveCfg = Release|Win32
		{70FB0977-912A-4D9C-8022-564ACE9C1557}.Release|Win32.Build.0 = Release|Win32
		{70FB0977-912A-4D9C-8022-564ACE9C1557}.Programming|Win32.ActiveCfg = Programming|Win32
		{70FB0977-912A-4D9C-8022-564ACE9C1557}.Programming|Win32.Build.0 = Programming|Win32
		{70FB0977-912A-4D9C-8022-564ACE9C1557}.Public_Build|Win32.ActiveCfg = Public_Build|Win32
		{70FB0977-912A-4D9C-8022-564ACE9C1557}.Public_Build|Win32.Build.0 = Public_Build|Win32
		{70FB0977-912A-4D9C-8022-564ACE9C1557}.Securom|Win32.ActiveCfg = Securom|Win32
		{70FB0977-912A-4D9C-8022-564ACE9C1557}.Securom|Win32.Build.0 = Securom|Win32
		{70FB0977-912A-4D9C-8022-564ACE9C1557}.Maya_Debug|Win32.ActiveCfg = Maya_Debug|Win32
		{70FB0977-912A-4D9C-8022-564ACE9C1557}.Maya_Debug|Win32.Build.0 = Maya_Debug|Win32
		{70FB0977-912A-4D9C-8022-564ACE9C1557}.Maya_Release|Win32.ActiveCfg = Maya_Release|Win32
		{70FB0977-912A-4D9C-8022-564ACE9C1557}.Maya_Release|Win32.Build.0 = Maya_Release|Win32
		{6F3F0518-FB1E-477E-A500-E0D0062312E8}.Debug|Win32.ActiveCfg = Debug|Win32
		{6F3F0518-FB1E-477E-A500-E0D0062312E8}.Debug|Win32.Build.0 = Debug|Win32
		{6F3F0518-FB1E-477E-A500-E0D0062312E8}.Release|Win32.ActiveCfg = Release|Win32
		{6F3F0518-FB1E-477E-A500-E0D0062312E8}.Release|Win32.Build.0 = Release|Win32
		{6F3F0518-FB1E-477E-A500-E0D0062312E8}.Programming|Win32.ActiveCfg = Programming|Win32
		{6F3F0518-FB1E-477E-A500-E0D0062312E8}.Programming|Win32.Build.0 = Programming|Win32
		{6F3F0518-FB1E-477E-A500-E0D0062312E8}.Public_Build|Win32.ActiveCfg = Public_Build|Win32
		{6F3F0518-FB1E-477E-A500-E0D0062312E8}.Public_Build|Win32.Build.0 = Public_Build|Win32
		{6F3F0518-FB1E-477E-A500-E0D0062312E8}.Securom|Win32.ActiveCfg = Securom|Win32
		{6F3F0518-FB1E-477E-A500-E0D0062312E8}.Securom|Win32.Build.0 = Securom|Win32
		{6F3F0518-FB1E-477E-A500-E0D0062312E8}.Maya_Debug|Win32.ActiveCfg = Maya_Debug|Win32
		{6F3F0518-FB1E-477E-A500-E0D0062312E8}.Maya_Debug|Win32.Build.0 = Maya_Debug|Win32
		{6F3F0518-FB1E-477E-A500-E0D0062312E8}.Maya_Release|Win32.ActiveCfg = Maya_Release|Win32
		{6F3F0518-FB1E-477E-A500-E0D0062312E8}.Maya_Release|Win32.Build.0 = Maya_Release|Win32
		{A07BF8AF-05A7-43A7-B82D-F177B76E68CD}.Debug|Win32.ActiveCfg = Debug|Win32
		{A07BF8AF-05A7-43A7-B82D-F177B76E68CD}.Debug|Win32.Build.0 = Debug|Win32
		{A07BF8AF-05A7-43A7-B82D-F177B76E68CD}.Release|Win32.ActiveCfg = Release|Win32
		{A07BF8AF-05A7-43A7-B82D-F177B76E68CD}.Release|Win32.Build.0 = Release|Win32
		{A07BF8AF-05A7-43A7-B82D-F177B76E68CD}.Programming|Win32.ActiveCfg = Programming|Win32
		{A07BF8AF-05A7-43A7-B82D-F177B76E68CD}.Programming|Win32.Build.0 = Programming|Win32
		{A07BF8AF-05A7-43A7-B82D-F177B76E68CD}.Public_Build|Win32.ActiveCfg = Public_Build|Win32
		{A07BF8AF-05A7-43A7-B82D-F177B76E68CD}.Public_Build|Win32.Build.0 = Public_Build|Win32
		{A07BF8AF-05A7-43A7-B82D-F177B76E68CD}.Securom|Win32.ActiveCfg = Securom|Win32
		{A07BF8AF-05A7-43A7-B82D-F177B76E68CD}.Securom|Win32.Build.0 = Securom|Win32
		{A07BF8AF-05A7-43A7-B82D-F177B76E68CD}.Maya_Debug|Win32.ActiveCfg = Maya_Debug|Win32
		{A07BF8AF-05A7-43A7-B82D-F177B76E68CD}.Maya_Debug|Win32.Build.0 = Maya_Debug|Win32
		{A07BF8AF-05A7-43A7-B82D-F177B76E68CD}.Maya_Release|Win32.ActiveCfg = Maya_Release|Win32
		{A07BF8AF-05A7-43A7-B82D-F177B76E68CD}.Maya_Release|Win32.Build.0 = Maya_Release|Win32
		{2D9022D9-A68C-4B41-9EE2-7A091C9D072B}.Debug|Win32.ActiveCfg = Debug|Win32
		{2D9022D9-A68C-4B41-9EE2-7A091C9D072B}.Debug|Win32.Build.0 = Debug|Win32
		{2D9022D9-A68C-4B41-9EE2-7A091C9D072B}.Release|Win32.ActiveCfg = Release|Win32
		{2D9022D9-A68C-4B41-9EE2-7A091C9D072B}.Release|Win32.Build.0 = Release|Win32
		{2D9022D9-A68C-4B41-9EE2-7A091C9D072B}.Programming|Win32.ActiveCfg = Programming|Win32
		{2D9022D9-A68C-4B41-9EE2-7A091C9D072B}.Programming|Win32.Build.0 = Programming|Win32
		{2D9022D9-A68C-4B41-9EE2-7A091C9D072B}.Public_Build|Win32.ActiveCfg = Public_Build|Win32
		{2D9022D9-A68C-4B41-9EE2-7A091C9D072B}.Public_Build|Win32.Build.0 = Public_Build|Win32
		{2D9022D9-A68C-4B41-9EE2-7A091C9D072B}.Securom|Win32.ActiveCfg = Securom|Win32
		{2D9022D9-A68C-4B41-9EE2-7A091C9D072B}.Securom|Win32.Build.0 = Securom|Win32
		{2D9022D9-A68C-4B41-9EE2-7A091C9D072B}.Maya_Debug|Win32.ActiveCfg = Maya_Debug|Win32
		{2D9022D9-A68C-4B41-9EE2-7A091C9D072B}.Maya_Debug|Win32.Build.0 = Maya_Debug|Win32
		{2D9022D9-A68C-4B41-9EE2-7A091C9D072B}.Maya_Release|Win32.ActiveCfg = Maya_Release|Win32
		{2D9022D9-A68C-4B41-9EE2-7A091C9D072B}.Maya_Release|Win32.Build.0 = Maya_Release|Win32
		{69A5D099-50BE-433D-B073-35FD74E7EA5E}.Debug|Win32.ActiveCfg = Debug|Win32
		{69A5D099-50BE-433D-B073-35FD74E7EA5E}.Debug|Win32.Build.0 = Debug|Win32
		{69A5D099-50BE-433D-B073-35FD74E7EA5E}.Release|Win32.ActiveCfg = Release|Win32
		{69A5D099-50BE-433D-B073-35FD74E7EA5E}.Release|Win32.Build.0 = Release|Win32
		{69A5D099-50BE-433D-B073-35FD74E7EA5E}.Programming|Win32.ActiveCfg = Programming|Win32
		{69A5D099-50BE-433D-B073-35FD74E7EA5E}.Programming|Win32.Build.0 = Programming|Win32
		{69A5D099-50BE-433D-B073-35FD74E7EA5E}.Public_Build|Win32.ActiveCfg = Public_Build|Win32
		{69A5D099-50BE-433D-B073-35FD74E7EA5E}.Public_Build|Win32.Build.0 = Public_Build|Win32
		{69A5D099-50BE-433D-B073-35FD74E7EA5E}.Securom|Win32.ActiveCfg = Securom|Win32
		{69A5D099-50BE-433D-B073-35FD74E7EA5E}.Securom|Win32.Build.0 = Securom|Win32
		{69A5D099-50BE-433D-B073-35FD74E7EA5E}.Maya_Debug|Win32.ActiveCfg = Maya_Debug|Win32
		{69A5D099-50BE-433D-B073-35FD74E7EA5E}.Maya_Debug|Win32.Build.0 = Maya_Debug|Win32
		{69A5D099-50BE-433D-B073-35FD74E7EA5E}.Maya_Release|Win32.ActiveCfg = Maya_Release|Win32
		{69A5D099-50BE-433D-B073-35FD74E7EA5E}.Maya_Release|Win32.Build.0 = Maya_Release|Win32
	EndGlobalSection
	GlobalSection(SolutionProperties) = preSolution
		HideSolutionNode = FALSE
	EndGlobalSection
	GlobalSection(NestedProjects) = preSolution
		{D8B6B21F-2EC3-41B7-B615-C300043DD343} = {798777e9-b38c-4974-bee3-b1cd45f6a1e6}
		{D6137A40-4C20-4445-B6CA-E32B4512F270} = {798777e9-b38c-4974-bee3-b1cd45f6a1e6}
		{77945FB0-8924-478B-8AD7-FEA46155A046} = {832A854F-2030-4EA4-86FE-EDEEC017E78E}
		{897F3071-C0C6-48E4-A76E-E3A5C39B2125} = {832A854F-2030-4EA4-86FE-EDEEC017E78E}
		{EECC0730-9191-4902-82B5-BE96D68C2F92} = {832A854F-2030-4EA4-86FE-EDEEC017E78E}
		{FBDB2D59-B395-438C-9D47-791CFD384875} = {832A854F-2030-4EA4-86FE-EDEEC017E78E}
		{7E26456A-9C2B-4D60-8B75-8F91E021FF47} = {832A854F-2030-4EA4-86FE-EDEEC017E78E}
		{5D6E4501-34CE-42F5-BA15-1698A0C1B5C5} = {832A854F-2030-4EA4-86FE-EDEEC017E78E}
		{0279D6DE-6777-4194-A88C-1000892A7DCA} = {3B2AD919-B940-473D-A9CC-62428540DEC5}
		{70FB0977-912A-4D9C-8022-564ACE9C1557} = {3B2AD919-B940-473D-A9CC-62428540DEC5}
		{6F3F0518-FB1E-477E-A500-E0D0062312E8} = {3B2AD919-B940-473D-A9CC-62428540DEC5}
		{A07BF8AF-05A7-43A7-B82D-F177B76E68CD} = {3B2AD919-B940-473D-A9CC-62428540DEC5}
		{2D9022D9-A68C-4B41-9EE2-7A091C9D072B} = {3B2AD919-B940-473D-A9CC-62428540DEC5}
		{69A5D099-50BE-433D-B073-35FD74E7EA5E} = {3B2AD919-B940-473D-A9CC-62428540DEC5}
	EndGlobalSection
EndGlobal
