Microsoft Visual Studio Solution File, Format Version 10.00
# Visual Studio 2008
Project("{2150E333-8FDC-42A3-9474-1A3956D46DE8}") = "NIDLs", "NIDLs", "{798777e9-b38c-4974-bee3-b1cd45f6a1e6}"
EndProject
Project("{2150E333-8FDC-42A3-9474-1A3956D46DE8}") = "Libs", "Libs", "{832A854F-2030-4EA4-86FE-EDEEC017E78E}"
EndProject
Project("{2150E333-8FDC-42A3-9474-1A3956D46DE8}") = "Exes", "Exes", "{3B2AD919-B940-473D-A9CC-62428540DEC5}"
EndProject
Project("{8BC9CEB8-8B4A-11D0-8D11-00A0C91BC942}") = "foundation_nidls_win32", "tools_win32.foundation_nidls_win32.vcproj", "{D8B6B21F-2EC3-41B7-B615-C300043DD343}"
EndProject
Project("{8BC9CEB8-8B4A-11D0-8D11-00A0C91BC942}") = "render_nidls_win32", "tools_win32.render_nidls_win32.vcproj", "{D6137A40-4C20-4445-B6CA-E32B4512F270}"
EndProject
Project("{8BC9CEB8-8B4A-11D0-8D11-00A0C91BC942}") = "application_nidls_win32", "tools_win32.application_nidls_win32.vcproj", "{EFB3F6DE-7818-4A43-B7BF-8B393D2676EE}"
EndProject
Project("{8BC9CEB8-8B4A-11D0-8D11-00A0C91BC942}") = "network_nidls_win32", "tools_win32.network_nidls_win32.vcproj", "{3BEF64E2-1F10-4E8B-903C-F61004E898F6}"
EndProject
Project("{8BC9CEB8-8B4A-11D0-8D11-00A0C91BC942}") = "foundation_win32", "tools_win32.foundation_win32.vcproj", "{77945FB0-8924-478B-8AD7-FEA46155A046}"
	ProjectSection(ProjectDependencies) = postProject
		{D8B6B21F-2EC3-41B7-B615-C300043DD343} = {D8B6B21F-2EC3-41B7-B615-C300043DD343}
	EndProjectSection
EndProject
Project("{8BC9CEB8-8B4A-11D0-8D11-00A0C91BC942}") = "render_win32", "tools_win32.render_win32.vcproj", "{897F3071-C0C6-48E4-A76E-E3A5C39B2125}"
	ProjectSection(ProjectDependencies) = postProject
		{D6137A40-4C20-4445-B6CA-E32B4512F270} = {D6137A40-4C20-4445-B6CA-E32B4512F270}
	EndProjectSection
EndProject
Project("{8BC9CEB8-8B4A-11D0-8D11-00A0C91BC942}") = "application_win32", "tools_win32.application_win32.vcproj", "{78634CFA-BA8E-452B-A716-304166AD3E31}"
	ProjectSection(ProjectDependencies) = postProject
		{EFB3F6DE-7818-4A43-B7BF-8B393D2676EE} = {EFB3F6DE-7818-4A43-B7BF-8B393D2676EE}
	EndProjectSection
EndProject
Project("{8BC9CEB8-8B4A-11D0-8D11-00A0C91BC942}") = "lua_win32", "tools_win32.lua_win32.vcproj", "{EECC0730-9191-4902-82B5-BE96D68C2F92}"
EndProject
Project("{8BC9CEB8-8B4A-11D0-8D11-00A0C91BC942}") = "tinyxml_win32", "tools_win32.tinyxml_win32.vcproj", "{FBDB2D59-B395-438C-9D47-791CFD384875}"
EndProject
Project("{8BC9CEB8-8B4A-11D0-8D11-00A0C91BC942}") = "zlib_win32", "tools_win32.zlib_win32.vcproj", "{7E26456A-9C2B-4D60-8B75-8F91E021FF47}"
EndProject
Project("{8BC9CEB8-8B4A-11D0-8D11-00A0C91BC942}") = "db_win32", "tools_win32.db_win32.vcproj", "{C1C96E47-7FF2-4EE9-8685-BD72B3E26036}"
EndProject
Project("{8BC9CEB8-8B4A-11D0-8D11-00A0C91BC942}") = "sqlite_win32", "tools_win32.sqlite_win32.vcproj", "{93C6277F-936D-41AD-9A84-436A7D02133F}"
EndProject
Project("{8BC9CEB8-8B4A-11D0-8D11-00A0C91BC942}") = "physics_win32", "tools_win32.physics_win32.vcproj", "{04C45198-472F-44CA-B72B-2D139DA7980C}"
EndProject
Project("{8BC9CEB8-8B4A-11D0-8D11-00A0C91BC942}") = "ode_win32", "tools_win32.ode_win32.vcproj", "{D58C7BBD-7D61-4700-A727-842E8911B831}"
EndProject
Project("{8BC9CEB8-8B4A-11D0-8D11-00A0C91BC942}") = "opcode_win32", "tools_win32.opcode_win32.vcproj", "{4B5B69E3-BD7A-4050-8AB4-BC5AA68EB0D7}"
EndProject
Project("{8BC9CEB8-8B4A-11D0-8D11-00A0C91BC942}") = "gimpact_win32", "tools_win32.gimpact_win32.vcproj", "{6B9751DD-9AFA-4049-A909-61742EE02A7F}"
EndProject
Project("{8BC9CEB8-8B4A-11D0-8D11-00A0C91BC942}") = "network_win32", "tools_win32.network_win32.vcproj", "{1E449827-8A48-497F-B083-FE805F8C751B}"
	ProjectSection(ProjectDependencies) = postProject
		{3BEF64E2-1F10-4E8B-903C-F61004E898F6} = {3BEF64E2-1F10-4E8B-903C-F61004E898F6}
	EndProjectSection
EndProject
Project("{8BC9CEB8-8B4A-11D0-8D11-00A0C91BC942}") = "testserver", "tools_win32.testserver.vcproj", "{17CA6F69-3E1B-4F7F-94AC-B0B9CDE7EE29}"
	ProjectSection(ProjectDependencies) = postProject
		{77945FB0-8924-478B-8AD7-FEA46155A046} = {77945FB0-8924-478B-8AD7-FEA46155A046}
		{EECC0730-9191-4902-82B5-BE96D68C2F92} = {EECC0730-9191-4902-82B5-BE96D68C2F92}
		{7E26456A-9C2B-4D60-8B75-8F91E021FF47} = {7E26456A-9C2B-4D60-8B75-8F91E021FF47}
		{FBDB2D59-B395-438C-9D47-791CFD384875} = {FBDB2D59-B395-438C-9D47-791CFD384875}
	EndProjectSection
EndProject
Project("{8BC9CEB8-8B4A-11D0-8D11-00A0C91BC942}") = "testclient", "tools_win32.testclient.vcproj", "{D7BB55F6-B576-40EF-B20B-9E5F7151957A}"
	ProjectSection(ProjectDependencies) = postProject
		{77945FB0-8924-478B-8AD7-FEA46155A046} = {77945FB0-8924-478B-8AD7-FEA46155A046}
		{EECC0730-9191-4902-82B5-BE96D68C2F92} = {EECC0730-9191-4902-82B5-BE96D68C2F92}
		{7E26456A-9C2B-4D60-8B75-8F91E021FF47} = {7E26456A-9C2B-4D60-8B75-8F91E021FF47}
		{FBDB2D59-B395-438C-9D47-791CFD384875} = {FBDB2D59-B395-438C-9D47-791CFD384875}
	EndProjectSection
EndProject
Project("{8BC9CEB8-8B4A-11D0-8D11-00A0C91BC942}") = "nsh3", "tools_win32.nsh3.vcproj", "{1BAEEF46-2D8A-4BA0-8EA3-39196064FE5C}"
	ProjectSection(ProjectDependencies) = postProject
		{77945FB0-8924-478B-8AD7-FEA46155A046} = {77945FB0-8924-478B-8AD7-FEA46155A046}
		{EECC0730-9191-4902-82B5-BE96D68C2F92} = {EECC0730-9191-4902-82B5-BE96D68C2F92}
		{7E26456A-9C2B-4D60-8B75-8F91E021FF47} = {7E26456A-9C2B-4D60-8B75-8F91E021FF47}
		{FBDB2D59-B395-438C-9D47-791CFD384875} = {FBDB2D59-B395-438C-9D47-791CFD384875}
	EndProjectSection
EndProject
Project("{8BC9CEB8-8B4A-11D0-8D11-00A0C91BC942}") = "nsc3", "tools_win32.nsc3.vcproj", "{2445540F-E12C-424E-8BB1-CE0C4FF18CB3}"
	ProjectSection(ProjectDependencies) = postProject
		{77945FB0-8924-478B-8AD7-FEA46155A046} = {77945FB0-8924-478B-8AD7-FEA46155A046}
		{EECC0730-9191-4902-82B5-BE96D68C2F92} = {EECC0730-9191-4902-82B5-BE96D68C2F92}
		{7E26456A-9C2B-4D60-8B75-8F91E021FF47} = {7E26456A-9C2B-4D60-8B75-8F91E021FF47}
		{FBDB2D59-B395-438C-9D47-791CFD384875} = {FBDB2D59-B395-438C-9D47-791CFD384875}
	EndProjectSection
EndProject
Project("{8BC9CEB8-8B4A-11D0-8D11-00A0C91BC942}") = "nviewer3", "tools_win32.nviewer3.vcproj", "{C81BC319-B97A-4573-8432-C30869B9C0E7}"
	ProjectSection(ProjectDependencies) = postProject
		{77945FB0-8924-478B-8AD7-FEA46155A046} = {77945FB0-8924-478B-8AD7-FEA46155A046}
		{897F3071-C0C6-48E4-A76E-E3A5C39B2125} = {897F3071-C0C6-48E4-A76E-E3A5C39B2125}
		{EECC0730-9191-4902-82B5-BE96D68C2F92} = {EECC0730-9191-4902-82B5-BE96D68C2F92}
		{7E26456A-9C2B-4D60-8B75-8F91E021FF47} = {7E26456A-9C2B-4D60-8B75-8F91E021FF47}
		{FBDB2D59-B395-438C-9D47-791CFD384875} = {FBDB2D59-B395-438C-9D47-791CFD384875}
	EndProjectSection
EndProject
Project("{8BC9CEB8-8B4A-11D0-8D11-00A0C91BC942}") = "testviewer", "tools_win32.testviewer.vcproj", "{79D2A60C-1DFE-4679-B621-E5D1DA916718}"
	ProjectSection(ProjectDependencies) = postProject
		{77945FB0-8924-478B-8AD7-FEA46155A046} = {77945FB0-8924-478B-8AD7-FEA46155A046}
		{897F3071-C0C6-48E4-A76E-E3A5C39B2125} = {897F3071-C0C6-48E4-A76E-E3A5C39B2125}
		{EECC0730-9191-4902-82B5-BE96D68C2F92} = {EECC0730-9191-4902-82B5-BE96D68C2F92}
		{7E26456A-9C2B-4D60-8B75-8F91E021FF47} = {7E26456A-9C2B-4D60-8B75-8F91E021FF47}
		{FBDB2D59-B395-438C-9D47-791CFD384875} = {FBDB2D59-B395-438C-9D47-791CFD384875}
	EndProjectSection
EndProject
Project("{8BC9CEB8-8B4A-11D0-8D11-00A0C91BC942}") = "testgame", "tools_win32.testgame.vcproj", "{A326E8D6-1021-4BA2-854E-8D7B30CCB2C7}"
	ProjectSection(ProjectDependencies) = postProject
		{77945FB0-8924-478B-8AD7-FEA46155A046} = {77945FB0-8924-478B-8AD7-FEA46155A046}
		{897F3071-C0C6-48E4-A76E-E3A5C39B2125} = {897F3071-C0C6-48E4-A76E-E3A5C39B2125}
		{78634CFA-BA8E-452B-A716-304166AD3E31} = {78634CFA-BA8E-452B-A716-304166AD3E31}
		{04C45198-472F-44CA-B72B-2D139DA7980C} = {04C45198-472F-44CA-B72B-2D139DA7980C}
		{D58C7BBD-7D61-4700-A727-842E8911B831} = {D58C7BBD-7D61-4700-A727-842E8911B831}
		{4B5B69E3-BD7A-4050-8AB4-BC5AA68EB0D7} = {4B5B69E3-BD7A-4050-8AB4-BC5AA68EB0D7}
		{6B9751DD-9AFA-4049-A909-61742EE02A7F} = {6B9751DD-9AFA-4049-A909-61742EE02A7F}
		{C1C96E47-7FF2-4EE9-8685-BD72B3E26036} = {C1C96E47-7FF2-4EE9-8685-BD72B3E26036}
		{93C6277F-936D-41AD-9A84-436A7D02133F} = {93C6277F-936D-41AD-9A84-436A7D02133F}
		{EECC0730-9191-4902-82B5-BE96D68C2F92} = {EECC0730-9191-4902-82B5-BE96D68C2F92}
		{7E26456A-9C2B-4D60-8B75-8F91E021FF47} = {7E26456A-9C2B-4D60-8B75-8F91E021FF47}
		{FBDB2D59-B395-438C-9D47-791CFD384875} = {FBDB2D59-B395-438C-9D47-791CFD384875}
	EndProjectSection
EndProject
Project("{8BC9CEB8-8B4A-11D0-8D11-00A0C91BC942}") = "genrandtable", "tools_win32.genrandtable.vcproj", "{A3879336-4203-4527-9233-491DA850497E}"
	ProjectSection(ProjectDependencies) = postProject
		{77945FB0-8924-478B-8AD7-FEA46155A046} = {77945FB0-8924-478B-8AD7-FEA46155A046}
		{EECC0730-9191-4902-82B5-BE96D68C2F92} = {EECC0730-9191-4902-82B5-BE96D68C2F92}
		{7E26456A-9C2B-4D60-8B75-8F91E021FF47} = {7E26456A-9C2B-4D60-8B75-8F91E021FF47}
		{FBDB2D59-B395-438C-9D47-791CFD384875} = {FBDB2D59-B395-438C-9D47-791CFD384875}
	EndProjectSection
EndProject
Project("{8BC9CEB8-8B4A-11D0-8D11-00A0C91BC942}") = "testnetwork", "tools_win32.testnetwork.vcproj", "{C86FD901-95CF-4177-9452-4E93C2A10EF2}"
	ProjectSection(ProjectDependencies) = postProject
		{77945FB0-8924-478B-8AD7-FEA46155A046} = {77945FB0-8924-478B-8AD7-FEA46155A046}
		{897F3071-C0C6-48E4-A76E-E3A5C39B2125} = {897F3071-C0C6-48E4-A76E-E3A5C39B2125}
		{78634CFA-BA8E-452B-A716-304166AD3E31} = {78634CFA-BA8E-452B-A716-304166AD3E31}
		{04C45198-472F-44CA-B72B-2D139DA7980C} = {04C45198-472F-44CA-B72B-2D139DA7980C}
		{D58C7BBD-7D61-4700-A727-842E8911B831} = {D58C7BBD-7D61-4700-A727-842E8911B831}
		{4B5B69E3-BD7A-4050-8AB4-BC5AA68EB0D7} = {4B5B69E3-BD7A-4050-8AB4-BC5AA68EB0D7}
		{6B9751DD-9AFA-4049-A909-61742EE02A7F} = {6B9751DD-9AFA-4049-A909-61742EE02A7F}
		{C1C96E47-7FF2-4EE9-8685-BD72B3E26036} = {C1C96E47-7FF2-4EE9-8685-BD72B3E26036}
		{93C6277F-936D-41AD-9A84-436A7D02133F} = {93C6277F-936D-41AD-9A84-436A7D02133F}
		{1E449827-8A48-497F-B083-FE805F8C751B} = {1E449827-8A48-497F-B083-FE805F8C751B}
		{EECC0730-9191-4902-82B5-BE96D68C2F92} = {EECC0730-9191-4902-82B5-BE96D68C2F92}
		{7E26456A-9C2B-4D60-8B75-8F91E021FF47} = {7E26456A-9C2B-4D60-8B75-8F91E021FF47}
		{FBDB2D59-B395-438C-9D47-791CFD384875} = {FBDB2D59-B395-438C-9D47-791CFD384875}
	EndProjectSection
EndProject
Global
	GlobalSection(SolutionConfigurationPlatforms) = preSolution
		Debug|Win32 = Debug|Win32
		Release|Win32 = Release|Win32
		Programming|Win32 = Programming|Win32
		Public_Build|Win32 = Public_Build|Win32
		Securom|Win32 = Securom|Win32
		Maya_Debug|Win32 = Maya_Debug|Win32
		Maya_Release|Win32 = Maya_Release|Win32
	EndGlobalSection
	GlobalSection(ProjectConfigurationPlatforms) = postSolution
		{D8B6B21F-2EC3-41B7-B615-C300043DD343}.Debug|Win32.ActiveCfg = Debug|Win32
		{D8B6B21F-2EC3-41B7-B615-C300043DD343}.Debug|Win32.Build.0 = Debug|Win32
		{D8B6B21F-2EC3-41B7-B615-C300043DD343}.Release|Win32.ActiveCfg = Release|Win32
		{D8B6B21F-2EC3-41B7-B615-C300043DD343}.Release|Win32.Build.0 = Release|Win32
		{D8B6B21F-2EC3-41B7-B615-C300043DD343}.Programming|Win32.ActiveCfg = Programming|Win32
		{D8B6B21F-2EC3-41B7-B615-C300043DD343}.Programming|Win32.Build.0 = Programming|Win32
		{D8B6B21F-2EC3-41B7-B615-C300043DD343}.Public_Build|Win32.ActiveCfg = Public_Build|Win32
		{D8B6B21F-2EC3-41B7-B615-C300043DD343}.Public_Build|Win32.Build.0 = Public_Build|Win32
		{D8B6B21F-2EC3-41B7-B615-C300043DD343}.Securom|Win32.ActiveCfg = Securom|Win32
		{D8B6B21F-2EC3-41B7-B615-C300043DD343}.Securom|Win32.Build.0 = Securom|Win32
		{D8B6B21F-2EC3-41B7-B615-C300043DD343}.Maya_Debug|Win32.ActiveCfg = Maya_Debug|Win32
		{D8B6B21F-2EC3-41B7-B615-C300043DD343}.Maya_Debug|Win32.Build.0 = Maya_Debug|Win32
		{D8B6B21F-2EC3-41B7-B615-C300043DD343}.Maya_Release|Win32.ActiveCfg = Maya_Release|Win32
		{D8B6B21F-2EC3-41B7-B615-C300043DD343}.Maya_Release|Win32.Build.0 = Maya_Release|Win32
		{D6137A40-4C20-4445-B6CA-E32B4512F270}.Debug|Win32.ActiveCfg = Debug|Win32
		{D6137A40-4C20-4445-B6CA-E32B4512F270}.Debug|Win32.Build.0 = Debug|Win32
		{D6137A40-4C20-4445-B6CA-E32B4512F270}.Release|Win32.ActiveCfg = Release|Win32
		{D6137A40-4C20-4445-B6CA-E32B4512F270}.Release|Win32.Build.0 = Release|Win32
		{D6137A40-4C20-4445-B6CA-E32B4512F270}.Programming|Win32.ActiveCfg = Programming|Win32
		{D6137A40-4C20-4445-B6CA-E32B4512F270}.Programming|Win32.Build.0 = Programming|Win32
		{D6137A40-4C20-4445-B6CA-E32B4512F270}.Public_Build|Win32.ActiveCfg = Public_Build|Win32
		{D6137A40-4C20-4445-B6CA-E32B4512F270}.Public_Build|Win32.Build.0 = Public_Build|Win32
		{D6137A40-4C20-4445-B6CA-E32B4512F270}.Securom|Win32.ActiveCfg = Securom|Win32
		{D6137A40-4C20-4445-B6CA-E32B4512F270}.Securom|Win32.Build.0 = Securom|Win32
		{D6137A40-4C20-4445-B6CA-E32B4512F270}.Maya_Debug|Win32.ActiveCfg = Maya_Debug|Win32
		{D6137A40-4C20-4445-B6CA-E32B4512F270}.Maya_Debug|Win32.Build.0 = Maya_Debug|Win32
		{D6137A40-4C20-4445-B6CA-E32B4512F270}.Maya_Release|Win32.ActiveCfg = Maya_Release|Win32
		{D6137A40-4C20-4445-B6CA-E32B4512F270}.Maya_Release|Win32.Build.0 = Maya_Release|Win32
		{EFB3F6DE-7818-4A43-B7BF-8B393D2676EE}.Debug|Win32.ActiveCfg = Debug|Win32
		{EFB3F6DE-7818-4A43-B7BF-8B393D2676EE}.Debug|Win32.Build.0 = Debug|Win32
		{EFB3F6DE-7818-4A43-B7BF-8B393D2676EE}.Release|Win32.ActiveCfg = Release|Win32
		{EFB3F6DE-7818-4A43-B7BF-8B393D2676EE}.Release|Win32.Build.0 = Release|Win32
		{EFB3F6DE-7818-4A43-B7BF-8B393D2676EE}.Programming|Win32.ActiveCfg = Programming|Win32
		{EFB3F6DE-7818-4A43-B7BF-8B393D2676EE}.Programming|Win32.Build.0 = Programming|Win32
		{EFB3F6DE-7818-4A43-B7BF-8B393D2676EE}.Public_Build|Win32.ActiveCfg = Public_Build|Win32
		{EFB3F6DE-7818-4A43-B7BF-8B393D2676EE}.Public_Build|Win32.Build.0 = Public_Build|Win32
		{EFB3F6DE-7818-4A43-B7BF-8B393D2676EE}.Securom|Win32.ActiveCfg = Securom|Win32
		{EFB3F6DE-7818-4A43-B7BF-8B393D2676EE}.Securom|Win32.Build.0 = Securom|Win32
		{EFB3F6DE-7818-4A43-B7BF-8B393D2676EE}.Maya_Debug|Win32.ActiveCfg = Maya_Debug|Win32
		{EFB3F6DE-7818-4A43-B7BF-8B393D2676EE}.Maya_Debug|Win32.Build.0 = Maya_Debug|Win32
		{EFB3F6DE-7818-4A43-B7BF-8B393D2676EE}.Maya_Release|Win32.ActiveCfg = Maya_Release|Win32
		{EFB3F6DE-7818-4A43-B7BF-8B393D2676EE}.Maya_Release|Win32.Build.0 = Maya_Release|Win32
		{3BEF64E2-1F10-4E8B-903C-F61004E898F6}.Debug|Win32.ActiveCfg = Debug|Win32
		{3BEF64E2-1F10-4E8B-903C-F61004E898F6}.Debug|Win32.Build.0 = Debug|Win32
		{3BEF64E2-1F10-4E8B-903C-F61004E898F6}.Release|Win32.ActiveCfg = Release|Win32
		{3BEF64E2-1F10-4E8B-903C-F61004E898F6}.Release|Win32.Build.0 = Release|Win32
		{3BEF64E2-1F10-4E8B-903C-F61004E898F6}.Programming|Win32.ActiveCfg = Programming|Win32
		{3BEF64E2-1F10-4E8B-903C-F61004E898F6}.Programming|Win32.Build.0 = Programming|Win32
		{3BEF64E2-1F10-4E8B-903C-F61004E898F6}.Public_Build|Win32.ActiveCfg = Public_Build|Win32
		{3BEF64E2-1F10-4E8B-903C-F61004E898F6}.Public_Build|Win32.Build.0 = Public_Build|Win32
		{3BEF64E2-1F10-4E8B-903C-F61004E898F6}.Securom|Win32.ActiveCfg = Securom|Win32
		{3BEF64E2-1F10-4E8B-903C-F61004E898F6}.Securom|Win32.Build.0 = Securom|Win32
		{3BEF64E2-1F10-4E8B-903C-F61004E898F6}.Maya_Debug|Win32.ActiveCfg = Maya_Debug|Win32
		{3BEF64E2-1F10-4E8B-903C-F61004E898F6}.Maya_Debug|Win32.Build.0 = Maya_Debug|Win32
		{3BEF64E2-1F10-4E8B-903C-F61004E898F6}.Maya_Release|Win32.ActiveCfg = Maya_Release|Win32
		{3BEF64E2-1F10-4E8B-903C-F61004E898F6}.Maya_Release|Win32.Build.0 = Maya_Release|Win32
		{77945FB0-8924-478B-8AD7-FEA46155A046}.Debug|Win32.ActiveCfg = Debug|Win32
		{77945FB0-8924-478B-8AD7-FEA46155A046}.Debug|Win32.Build.0 = Debug|Win32
		{77945FB0-8924-478B-8AD7-FEA46155A046}.Release|Win32.ActiveCfg = Release|Win32
		{77945FB0-8924-478B-8AD7-FEA46155A046}.Release|Win32.Build.0 = Release|Win32
		{77945FB0-8924-478B-8AD7-FEA46155A046}.Programming|Win32.ActiveCfg = Programming|Win32
		{77945FB0-8924-478B-8AD7-FEA46155A046}.Programming|Win32.Build.0 = Programming|Win32
		{77945FB0-8924-478B-8AD7-FEA46155A046}.Public_Build|Win32.ActiveCfg = Public_Build|Win32
		{77945FB0-8924-478B-8AD7-FEA46155A046}.Public_Build|Win32.Build.0 = Public_Build|Win32
		{77945FB0-8924-478B-8AD7-FEA46155A046}.Securom|Win32.ActiveCfg = Securom|Win32
		{77945FB0-8924-478B-8AD7-FEA46155A046}.Securom|Win32.Build.0 = Securom|Win32
		{77945FB0-8924-478B-8AD7-FEA46155A046}.Maya_Debug|Win32.ActiveCfg = Maya_Debug|Win32
		{77945FB0-8924-478B-8AD7-FEA46155A046}.Maya_Debug|Win32.Build.0 = Maya_Debug|Win32
		{77945FB0-8924-478B-8AD7-FEA46155A046}.Maya_Release|Win32.ActiveCfg = Maya_Release|Win32
		{77945FB0-8924-478B-8AD7-FEA46155A046}.Maya_Release|Win32.Build.0 = Maya_Release|Win32
		{897F3071-C0C6-48E4-A76E-E3A5C39B2125}.Debug|Win32.ActiveCfg = Debug|Win32
		{897F3071-C0C6-48E4-A76E-E3A5C39B2125}.Debug|Win32.Build.0 = Debug|Win32
		{897F3071-C0C6-48E4-A76E-E3A5C39B2125}.Release|Win32.ActiveCfg = Release|Win32
		{897F3071-C0C6-48E4-A76E-E3A5C39B2125}.Release|Win32.Build.0 = Release|Win32
		{897F3071-C0C6-48E4-A76E-E3A5C39B2125}.Programming|Win32.ActiveCfg = Programming|Win32
		{897F3071-C0C6-48E4-A76E-E3A5C39B2125}.Programming|Win32.Build.0 = Programming|Win32
		{897F3071-C0C6-48E4-A76E-E3A5C39B2125}.Public_Build|Win32.ActiveCfg = Public_Build|Win32
		{897F3071-C0C6-48E4-A76E-E3A5C39B2125}.Public_Build|Win32.Build.0 = Public_Build|Win32
		{897F3071-C0C6-48E4-A76E-E3A5C39B2125}.Securom|Win32.ActiveCfg = Securom|Win32
		{897F3071-C0C6-48E4-A76E-E3A5C39B2125}.Securom|Win32.Build.0 = Securom|Win32
		{897F3071-C0C6-48E4-A76E-E3A5C39B2125}.Maya_Debug|Win32.ActiveCfg = Maya_Debug|Win32
		{897F3071-C0C6-48E4-A76E-E3A5C39B2125}.Maya_Debug|Win32.Build.0 = Maya_Debug|Win32
		{897F3071-C0C6-48E4-A76E-E3A5C39B2125}.Maya_Release|Win32.ActiveCfg = Maya_Release|Win32
		{897F3071-C0C6-48E4-A76E-E3A5C39B2125}.Maya_Release|Win32.Build.0 = Maya_Release|Win32
		{78634CFA-BA8E-452B-A716-304166AD3E31}.Debug|Win32.ActiveCfg = Debug|Win32
		{78634CFA-BA8E-452B-A716-304166AD3E31}.Debug|Win32.Build.0 = Debug|Win32
		{78634CFA-BA8E-452B-A716-304166AD3E31}.Release|Win32.ActiveCfg = Release|Win32
		{78634CFA-BA8E-452B-A716-304166AD3E31}.Release|Win32.Build.0 = Release|Win32
		{78634CFA-BA8E-452B-A716-304166AD3E31}.Programming|Win32.ActiveCfg = Programming|Win32
		{78634CFA-BA8E-452B-A716-304166AD3E31}.Programming|Win32.Build.0 = Programming|Win32
		{78634CFA-BA8E-452B-A716-304166AD3E31}.Public_Build|Win32.ActiveCfg = Public_Build|Win32
		{78634CFA-BA8E-452B-A716-304166AD3E31}.Public_Build|Win32.Build.0 = Public_Build|Win32
		{78634CFA-BA8E-452B-A716-304166AD3E31}.Securom|Win32.ActiveCfg = Securom|Win32
		{78634CFA-BA8E-452B-A716-304166AD3E31}.Securom|Win32.Build.0 = Securom|Win32
		{78634CFA-BA8E-452B-A716-304166AD3E31}.Maya_Debug|Win32.ActiveCfg = Maya_Debug|Win32
		{78634CFA-BA8E-452B-A716-304166AD3E31}.Maya_Debug|Win32.Build.0 = Maya_Debug|Win32
		{78634CFA-BA8E-452B-A716-304166AD3E31}.Maya_Release|Win32.ActiveCfg = Maya_Release|Win32
		{78634CFA-BA8E-452B-A716-304166AD3E31}.Maya_Release|Win32.Build.0 = Maya_Release|Win32
		{EECC0730-9191-4902-82B5-BE96D68C2F92}.Debug|Win32.ActiveCfg = Debug|Win32
		{EECC0730-9191-4902-82B5-BE96D68C2F92}.Debug|Win32.Build.0 = Debug|Win32
		{EECC0730-9191-4902-82B5-BE96D68C2F92}.Release|Win32.ActiveCfg = Release|Win32
		{EECC0730-9191-4902-82B5-BE96D68C2F92}.Release|Win32.Build.0 = Release|Win32
		{EECC0730-9191-4902-82B5-BE96D68C2F92}.Programming|Win32.ActiveCfg = Programming|Win32
		{EECC0730-9191-4902-82B5-BE96D68C2F92}.Programming|Win32.Build.0 = Programming|Win32
		{EECC0730-9191-4902-82B5-BE96D68C2F92}.Public_Build|Win32.ActiveCfg = Public_Build|Win32
		{EECC0730-9191-4902-82B5-BE96D68C2F92}.Public_Build|Win32.Build.0 = Public_Build|Win32
		{EECC0730-9191-4902-82B5-BE96D68C2F92}.Securom|Win32.ActiveCfg = Securom|Win32
		{EECC0730-9191-4902-82B5-BE96D68C2F92}.Securom|Win32.Build.0 = Securom|Win32
		{EECC0730-9191-4902-82B5-BE96D68C2F92}.Maya_Debug|Win32.ActiveCfg = Maya_Debug|Win32
		{EECC0730-9191-4902-82B5-BE96D68C2F92}.Maya_Debug|Win32.Build.0 = Maya_Debug|Win32
		{EECC0730-9191-4902-82B5-BE96D68C2F92}.Maya_Release|Win32.ActiveCfg = Maya_Release|Win32
		{EECC0730-9191-4902-82B5-BE96D68C2F92}.Maya_Release|Win32.Build.0 = Maya_Release|Win32
		{FBDB2D59-B395-438C-9D47-791CFD384875}.Debug|Win32.ActiveCfg = Debug|Win32
		{FBDB2D59-B395-438C-9D47-791CFD384875}.Debug|Win32.Build.0 = Debug|Win32
		{FBDB2D59-B395-438C-9D47-791CFD384875}.Release|Win32.ActiveCfg = Release|Win32
		{FBDB2D59-B395-438C-9D47-791CFD384875}.Release|Win32.Build.0 = Release|Win32
		{FBDB2D59-B395-438C-9D47-791CFD384875}.Programming|Win32.ActiveCfg = Programming|Win32
		{FBDB2D59-B395-438C-9D47-791CFD384875}.Programming|Win32.Build.0 = Programming|Win32
		{FBDB2D59-B395-438C-9D47-791CFD384875}.Public_Build|Win32.ActiveCfg = Public_Build|Win32
		{FBDB2D59-B395-438C-9D47-791CFD384875}.Public_Build|Win32.Build.0 = Public_Build|Win32
		{FBDB2D59-B395-438C-9D47-791CFD384875}.Securom|Win32.ActiveCfg = Securom|Win32
		{FBDB2D59-B395-438C-9D47-791CFD384875}.Securom|Win32.Build.0 = Securom|Win32
		{FBDB2D59-B395-438C-9D47-791CFD384875}.Maya_Debug|Win32.ActiveCfg = Maya_Debug|Win32
		{FBDB2D59-B395-438C-9D47-791CFD384875}.Maya_Debug|Win32.Build.0 = Maya_Debug|Win32
		{FBDB2D59-B395-438C-9D47-791CFD384875}.Maya_Release|Win32.ActiveCfg = Maya_Release|Win32
		{FBDB2D59-B395-438C-9D47-791CFD384875}.Maya_Release|Win32.Build.0 = Maya_Release|Win32
		{7E26456A-9C2B-4D60-8B75-8F91E021FF47}.Debug|Win32.ActiveCfg = Debug|Win32
		{7E26456A-9C2B-4D60-8B75-8F91E021FF47}.Debug|Win32.Build.0 = Debug|Win32
		{7E26456A-9C2B-4D60-8B75-8F91E021FF47}.Release|Win32.ActiveCfg = Release|Win32
		{7E26456A-9C2B-4D60-8B75-8F91E021FF47}.Release|Win32.Build.0 = Release|Win32
		{7E26456A-9C2B-4D60-8B75-8F91E021FF47}.Programming|Win32.ActiveCfg = Programming|Win32
		{7E26456A-9C2B-4D60-8B75-8F91E021FF47}.Programming|Win32.Build.0 = Programming|Win32
		{7E26456A-9C2B-4D60-8B75-8F91E021FF47}.Public_Build|Win32.ActiveCfg = Public_Build|Win32
		{7E26456A-9C2B-4D60-8B75-8F91E021FF47}.Public_Build|Win32.Build.0 = Public_Build|Win32
		{7E26456A-9C2B-4D60-8B75-8F91E021FF47}.Securom|Win32.ActiveCfg = Securom|Win32
		{7E26456A-9C2B-4D60-8B75-8F91E021FF47}.Securom|Win32.Build.0 = Securom|Win32
		{7E26456A-9C2B-4D60-8B75-8F91E021FF47}.Maya_Debug|Win32.ActiveCfg = Maya_Debug|Win32
		{7E26456A-9C2B-4D60-8B75-8F91E021FF47}.Maya_Debug|Win32.Build.0 = Maya_Debug|Win32
		{7E26456A-9C2B-4D60-8B75-8F91E021FF47}.Maya_Release|Win32.ActiveCfg = Maya_Release|Win32
		{7E26456A-9C2B-4D60-8B75-8F91E021FF47}.Maya_Release|Win32.Build.0 = Maya_Release|Win32
		{C1C96E47-7FF2-4EE9-8685-BD72B3E26036}.Debug|Win32.ActiveCfg = Debug|Win32
		{C1C96E47-7FF2-4EE9-8685-BD72B3E26036}.Debug|Win32.Build.0 = Debug|Win32
		{C1C96E47-7FF2-4EE9-8685-BD72B3E26036}.Release|Win32.ActiveCfg = Release|Win32
		{C1C96E47-7FF2-4EE9-8685-BD72B3E26036}.Release|Win32.Build.0 = Release|Win32
		{C1C96E47-7FF2-4EE9-8685-BD72B3E26036}.Programming|Win32.ActiveCfg = Programming|Win32
		{C1C96E47-7FF2-4EE9-8685-BD72B3E26036}.Programming|Win32.Build.0 = Programming|Win32
		{C1C96E47-7FF2-4EE9-8685-BD72B3E26036}.Public_Build|Win32.ActiveCfg = Public_Build|Win32
		{C1C96E47-7FF2-4EE9-8685-BD72B3E26036}.Public_Build|Win32.Build.0 = Public_Build|Win32
		{C1C96E47-7FF2-4EE9-8685-BD72B3E26036}.Securom|Win32.ActiveCfg = Securom|Win32
		{C1C96E47-7FF2-4EE9-8685-BD72B3E26036}.Securom|Win32.Build.0 = Securom|Win32
		{C1C96E47-7FF2-4EE9-8685-BD72B3E26036}.Maya_Debug|Win32.ActiveCfg = Maya_Debug|Win32
		{C1C96E47-7FF2-4EE9-8685-BD72B3E26036}.Maya_Debug|Win32.Build.0 = Maya_Debug|Win32
		{C1C96E47-7FF2-4EE9-8685-BD72B3E26036}.Maya_Release|Win32.ActiveCfg = Maya_Release|Win32
		{C1C96E47-7FF2-4EE9-8685-BD72B3E26036}.Maya_Release|Win32.Build.0 = Maya_Release|Win32
		{93C6277F-936D-41AD-9A84-436A7D02133F}.Debug|Win32.ActiveCfg = Debug|Win32
		{93C6277F-936D-41AD-9A84-436A7D02133F}.Debug|Win32.Build.0 = Debug|Win32
		{93C6277F-936D-41AD-9A84-436A7D02133F}.Release|Win32.ActiveCfg = Release|Win32
		{93C6277F-936D-41AD-9A84-436A7D02133F}.Release|Win32.Build.0 = Release|Win32
		{93C6277F-936D-41AD-9A84-436A7D02133F}.Programming|Win32.ActiveCfg = Programming|Win32
		{93C6277F-936D-41AD-9A84-436A7D02133F}.Programming|Win32.Build.0 = Programming|Win32
		{93C6277F-936D-41AD-9A84-436A7D02133F}.Public_Build|Win32.ActiveCfg = Public_Build|Win32
		{93C6277F-936D-41AD-9A84-436A7D02133F}.Public_Build|Win32.Build.0 = Public_Build|Win32
		{93C6277F-936D-41AD-9A84-436A7D02133F}.Securom|Win32.ActiveCfg = Securom|Win32
		{93C6277F-936D-41AD-9A84-436A7D02133F}.Securom|Win32.Build.0 = Securom|Win32
		{93C6277F-936D-41AD-9A84-436A7D02133F}.Maya_Debug|Win32.ActiveCfg = Maya_Debug|Win32
		{93C6277F-936D-41AD-9A84-436A7D02133F}.Maya_Debug|Win32.Build.0 = Maya_Debug|Win32
		{93C6277F-936D-41AD-9A84-436A7D02133F}.Maya_Release|Win32.ActiveCfg = Maya_Release|Win32
		{93C6277F-936D-41AD-9A84-436A7D02133F}.Maya_Release|Win32.Build.0 = Maya_Release|Win32
		{04C45198-472F-44CA-B72B-2D139DA7980C}.Debug|Win32.ActiveCfg = Debug|Win32
		{04C45198-472F-44CA-B72B-2D139DA7980C}.Debug|Win32.Build.0 = Debug|Win32
		{04C45198-472F-44CA-B72B-2D139DA7980C}.Release|Win32.ActiveCfg = Release|Win32
		{04C45198-472F-44CA-B72B-2D139DA7980C}.Release|Win32.Build.0 = Release|Win32
		{04C45198-472F-44CA-B72B-2D139DA7980C}.Programming|Win32.ActiveCfg = Programming|Win32
		{04C45198-472F-44CA-B72B-2D139DA7980C}.Programming|Win32.Build.0 = Programming|Win32
		{04C45198-472F-44CA-B72B-2D139DA7980C}.Public_Build|Win32.ActiveCfg = Public_Build|Win32
		{04C45198-472F-44CA-B72B-2D139DA7980C}.Public_Build|Win32.Build.0 = Public_Build|Win32
		{04C45198-472F-44CA-B72B-2D139DA7980C}.Securom|Win32.ActiveCfg = Securom|Win32
		{04C45198-472F-44CA-B72B-2D139DA7980C}.Securom|Win32.Build.0 = Securom|Win32
		{04C45198-472F-44CA-B72B-2D139DA7980C}.Maya_Debug|Win32.ActiveCfg = Maya_Debug|Win32
		{04C45198-472F-44CA-B72B-2D139DA7980C}.Maya_Debug|Win32.Build.0 = Maya_Debug|Win32
		{04C45198-472F-44CA-B72B-2D139DA7980C}.Maya_Release|Win32.ActiveCfg = Maya_Release|Win32
		{04C45198-472F-44CA-B72B-2D139DA7980C}.Maya_Release|Win32.Build.0 = Maya_Release|Win32
		{D58C7BBD-7D61-4700-A727-842E8911B831}.Debug|Win32.ActiveCfg = Debug|Win32
		{D58C7BBD-7D61-4700-A727-842E8911B831}.Debug|Win32.Build.0 = Debug|Win32
		{D58C7BBD-7D61-4700-A727-842E8911B831}.Release|Win32.ActiveCfg = Release|Win32
		{D58C7BBD-7D61-4700-A727-842E8911B831}.Release|Win32.Build.0 = Release|Win32
		{D58C7BBD-7D61-4700-A727-842E8911B831}.Programming|Win32.ActiveCfg = Programming|Win32
		{D58C7BBD-7D61-4700-A727-842E8911B831}.Programming|Win32.Build.0 = Programming|Win32
		{D58C7BBD-7D61-4700-A727-842E8911B831}.Public_Build|Win32.ActiveCfg = Public_Build|Win32
		{D58C7BBD-7D61-4700-A727-842E8911B831}.Public_Build|Win32.Build.0 = Public_Build|Win32
		{D58C7BBD-7D61-4700-A727-842E8911B831}.Securom|Win32.ActiveCfg = Securom|Win32
		{D58C7BBD-7D61-4700-A727-842E8911B831}.Securom|Win32.Build.0 = Securom|Win32
		{D58C7BBD-7D61-4700-A727-842E8911B831}.Maya_Debug|Win32.ActiveCfg = Maya_Debug|Win32
		{D58C7BBD-7D61-4700-A727-842E8911B831}.Maya_Debug|Win32.Build.0 = Maya_Debug|Win32
		{D58C7BBD-7D61-4700-A727-842E8911B831}.Maya_Release|Win32.ActiveCfg = Maya_Release|Win32
		{D58C7BBD-7D61-4700-A727-842E8911B831}.Maya_Release|Win32.Build.0 = Maya_Release|Win32
		{4B5B69E3-BD7A-4050-8AB4-BC5AA68EB0D7}.Debug|Win32.ActiveCfg = Debug|Win32
		{4B5B69E3-BD7A-4050-8AB4-BC5AA68EB0D7}.Debug|Win32.Build.0 = Debug|Win32
		{4B5B69E3-BD7A-4050-8AB4-BC5AA68EB0D7}.Release|Win32.ActiveCfg = Release|Win32
		{4B5B69E3-BD7A-4050-8AB4-BC5AA68EB0D7}.Release|Win32.Build.0 = Release|Win32
		{4B5B69E3-BD7A-4050-8AB4-BC5AA68EB0D7}.Programming|Win32.ActiveCfg = Programming|Win32
		{4B5B69E3-BD7A-4050-8AB4-BC5AA68EB0D7}.Programming|Win32.Build.0 = Programming|Win32
		{4B5B69E3-BD7A-4050-8AB4-BC5AA68EB0D7}.Public_Build|Win32.ActiveCfg = Public_Build|Win32
		{4B5B69E3-BD7A-4050-8AB4-BC5AA68EB0D7}.Public_Build|Win32.Build.0 = Public_Build|Win32
		{4B5B69E3-BD7A-4050-8AB4-BC5AA68EB0D7}.Securom|Win32.ActiveCfg = Securom|Win32
		{4B5B69E3-BD7A-4050-8AB4-BC5AA68EB0D7}.Securom|Win32.Build.0 = Securom|Win32
		{4B5B69E3-BD7A-4050-8AB4-BC5AA68EB0D7}.Maya_Debug|Win32.ActiveCfg = Maya_Debug|Win32
		{4B5B69E3-BD7A-4050-8AB4-BC5AA68EB0D7}.Maya_Debug|Win32.Build.0 = Maya_Debug|Win32
		{4B5B69E3-BD7A-4050-8AB4-BC5AA68EB0D7}.Maya_Release|Win32.ActiveCfg = Maya_Release|Win32
		{4B5B69E3-BD7A-4050-8AB4-BC5AA68EB0D7}.Maya_Release|Win32.Build.0 = Maya_Release|Win32
		{6B9751DD-9AFA-4049-A909-61742EE02A7F}.Debug|Win32.ActiveCfg = Debug|Win32
		{6B9751DD-9AFA-4049-A909-61742EE02A7F}.Debug|Win32.Build.0 = Debug|Win32
		{6B9751DD-9AFA-4049-A909-61742EE02A7F}.Release|Win32.ActiveCfg = Release|Win32
		{6B9751DD-9AFA-4049-A909-61742EE02A7F}.Release|Win32.Build.0 = Release|Win32
		{6B9751DD-9AFA-4049-A909-61742EE02A7F}.Programming|Win32.ActiveCfg = Programming|Win32
		{6B9751DD-9AFA-4049-A909-61742EE02A7F}.Programming|Win32.Build.0 = Programming|Win32
		{6B9751DD-9AFA-4049-A909-61742EE02A7F}.Public_Build|Win32.ActiveCfg = Public_Build|Win32
		{6B9751DD-9AFA-4049-A909-61742EE02A7F}.Public_Build|Win32.Build.0 = Public_Build|Win32
		{6B9751DD-9AFA-4049-A909-61742EE02A7F}.Securom|Win32.ActiveCfg = Securom|Win32
		{6B9751DD-9AFA-4049-A909-61742EE02A7F}.Securom|Win32.Build.0 = Securom|Win32
		{6B9751DD-9AFA-4049-A909-61742EE02A7F}.Maya_Debug|Win32.ActiveCfg = Maya_Debug|Win32
		{6B9751DD-9AFA-4049-A909-61742EE02A7F}.Maya_Debug|Win32.Build.0 = Maya_Debug|Win32
		{6B9751DD-9AFA-4049-A909-61742EE02A7F}.Maya_Release|Win32.ActiveCfg = Maya_Release|Win32
		{6B9751DD-9AFA-4049-A909-61742EE02A7F}.Maya_Release|Win32.Build.0 = Maya_Release|Win32
		{1E449827-8A48-497F-B083-FE805F8C751B}.Debug|Win32.ActiveCfg = Debug|Win32
		{1E449827-8A48-497F-B083-FE805F8C751B}.Debug|Win32.Build.0 = Debug|Win32
		{1E449827-8A48-497F-B083-FE805F8C751B}.Release|Win32.ActiveCfg = Release|Win32
		{1E449827-8A48-497F-B083-FE805F8C751B}.Release|Win32.Build.0 = Release|Win32
		{1E449827-8A48-497F-B083-FE805F8C751B}.Programming|Win32.ActiveCfg = Programming|Win32
		{1E449827-8A48-497F-B083-FE805F8C751B}.Programming|Win32.Build.0 = Programming|Win32
		{1E449827-8A48-497F-B083-FE805F8C751B}.Public_Build|Win32.ActiveCfg = Public_Build|Win32
		{1E449827-8A48-497F-B083-FE805F8C751B}.Public_Build|Win32.Build.0 = Public_Build|Win32
		{1E449827-8A48-497F-B083-FE805F8C751B}.Securom|Win32.ActiveCfg = Securom|Win32
		{1E449827-8A48-497F-B083-FE805F8C751B}.Securom|Win32.Build.0 = Securom|Win32
		{1E449827-8A48-497F-B083-FE805F8C751B}.Maya_Debug|Win32.ActiveCfg = Maya_Debug|Win32
		{1E449827-8A48-497F-B083-FE805F8C751B}.Maya_Debug|Win32.Build.0 = Maya_Debug|Win32
		{1E449827-8A48-497F-B083-FE805F8C751B}.Maya_Release|Win32.ActiveCfg = Maya_Release|Win32
		{1E449827-8A48-497F-B083-FE805F8C751B}.Maya_Release|Win32.Build.0 = Maya_Release|Win32
		{17CA6F69-3E1B-4F7F-94AC-B0B9CDE7EE29}.Debug|Win32.ActiveCfg = Debug|Win32
		{17CA6F69-3E1B-4F7F-94AC-B0B9CDE7EE29}.Debug|Win32.Build.0 = Debug|Win32
		{17CA6F69-3E1B-4F7F-94AC-B0B9CDE7EE29}.Release|Win32.ActiveCfg = Release|Win32
		{17CA6F69-3E1B-4F7F-94AC-B0B9CDE7EE29}.Release|Win32.Build.0 = Release|Win32
		{17CA6F69-3E1B-4F7F-94AC-B0B9CDE7EE29}.Programming|Win32.ActiveCfg = Programming|Win32
		{17CA6F69-3E1B-4F7F-94AC-B0B9CDE7EE29}.Programming|Win32.Build.0 = Programming|Win32
		{17CA6F69-3E1B-4F7F-94AC-B0B9CDE7EE29}.Public_Build|Win32.ActiveCfg = Public_Build|Win32
		{17CA6F69-3E1B-4F7F-94AC-B0B9CDE7EE29}.Public_Build|Win32.Build.0 = Public_Build|Win32
		{17CA6F69-3E1B-4F7F-94AC-B0B9CDE7EE29}.Securom|Win32.ActiveCfg = Securom|Win32
		{17CA6F69-3E1B-4F7F-94AC-B0B9CDE7EE29}.Securom|Win32.Build.0 = Securom|Win32
		{17CA6F69-3E1B-4F7F-94AC-B0B9CDE7EE29}.Maya_Debug|Win32.ActiveCfg = Maya_Debug|Win32
		{17CA6F69-3E1B-4F7F-94AC-B0B9CDE7EE29}.Maya_Debug|Win32.Build.0 = Maya_Debug|Win32
		{17CA6F69-3E1B-4F7F-94AC-B0B9CDE7EE29}.Maya_Release|Win32.ActiveCfg = Maya_Release|Win32
		{17CA6F69-3E1B-4F7F-94AC-B0B9CDE7EE29}.Maya_Release|Win32.Build.0 = Maya_Release|Win32
		{D7BB55F6-B576-40EF-B20B-9E5F7151957A}.Debug|Win32.ActiveCfg = Debug|Win32
		{D7BB55F6-B576-40EF-B20B-9E5F7151957A}.Debug|Win32.Build.0 = Debug|Win32
		{D7BB55F6-B576-40EF-B20B-9E5F7151957A}.Release|Win32.ActiveCfg = Release|Win32
		{D7BB55F6-B576-40EF-B20B-9E5F7151957A}.Release|Win32.Build.0 = Release|Win32
		{D7BB55F6-B576-40EF-B20B-9E5F7151957A}.Programming|Win32.ActiveCfg = Programming|Win32
		{D7BB55F6-B576-40EF-B20B-9E5F7151957A}.Programming|Win32.Build.0 = Programming|Win32
		{D7BB55F6-B576-40EF-B20B-9E5F7151957A}.Public_Build|Win32.ActiveCfg = Public_Build|Win32
		{D7BB55F6-B576-40EF-B20B-9E5F7151957A}.Public_Build|Win32.Build.0 = Public_Build|Win32
		{D7BB55F6-B576-40EF-B20B-9E5F7151957A}.Securom|Win32.ActiveCfg = Securom|Win32
		{D7BB55F6-B576-40EF-B20B-9E5F7151957A}.Securom|Win32.Build.0 = Securom|Win32
		{D7BB55F6-B576-40EF-B20B-9E5F7151957A}.Maya_Debug|Win32.ActiveCfg = Maya_Debug|Win32
		{D7BB55F6-B576-40EF-B20B-9E5F7151957A}.Maya_Debug|Win32.Build.0 = Maya_Debug|Win32
		{D7BB55F6-B576-40EF-B20B-9E5F7151957A}.Maya_Release|Win32.ActiveCfg = Maya_Release|Win32
		{D7BB55F6-B576-40EF-B20B-9E5F7151957A}.Maya_Release|Win32.Build.0 = Maya_Release|Win32
		{1BAEEF46-2D8A-4BA0-8EA3-39196064FE5C}.Debug|Win32.ActiveCfg = Debug|Win32
		{1BAEEF46-2D8A-4BA0-8EA3-39196064FE5C}.Debug|Win32.Build.0 = Debug|Win32
		{1BAEEF46-2D8A-4BA0-8EA3-39196064FE5C}.Release|Win32.ActiveCfg = Release|Win32
		{1BAEEF46-2D8A-4BA0-8EA3-39196064FE5C}.Release|Win32.Build.0 = Release|Win32
		{1BAEEF46-2D8A-4BA0-8EA3-39196064FE5C}.Programming|Win32.ActiveCfg = Programming|Win32
		{1BAEEF46-2D8A-4BA0-8EA3-39196064FE5C}.Programming|Win32.Build.0 = Programming|Win32
		{1BAEEF46-2D8A-4BA0-8EA3-39196064FE5C}.Public_Build|Win32.ActiveCfg = Public_Build|Win32
		{1BAEEF46-2D8A-4BA0-8EA3-39196064FE5C}.Public_Build|Win32.Build.0 = Public_Build|Win32
		{1BAEEF46-2D8A-4BA0-8EA3-39196064FE5C}.Securom|Win32.ActiveCfg = Securom|Win32
		{1BAEEF46-2D8A-4BA0-8EA3-39196064FE5C}.Securom|Win32.Build.0 = Securom|Win32
		{1BAEEF46-2D8A-4BA0-8EA3-39196064FE5C}.Maya_Debug|Win32.ActiveCfg = Maya_Debug|Win32
		{1BAEEF46-2D8A-4BA0-8EA3-39196064FE5C}.Maya_Debug|Win32.Build.0 = Maya_Debug|Win32
		{1BAEEF46-2D8A-4BA0-8EA3-39196064FE5C}.Maya_Release|Win32.ActiveCfg = Maya_Release|Win32
		{1BAEEF46-2D8A-4BA0-8EA3-39196064FE5C}.Maya_Release|Win32.Build.0 = Maya_Release|Win32
		{2445540F-E12C-424E-8BB1-CE0C4FF18CB3}.Debug|Win32.ActiveCfg = Debug|Win32
		{2445540F-E12C-424E-8BB1-CE0C4FF18CB3}.Debug|Win32.Build.0 = Debug|Win32
		{2445540F-E12C-424E-8BB1-CE0C4FF18CB3}.Release|Win32.ActiveCfg = Release|Win32
		{2445540F-E12C-424E-8BB1-CE0C4FF18CB3}.Release|Win32.Build.0 = Release|Win32
		{2445540F-E12C-424E-8BB1-CE0C4FF18CB3}.Programming|Win32.ActiveCfg = Programming|Win32
		{2445540F-E12C-424E-8BB1-CE0C4FF18CB3}.Programming|Win32.Build.0 = Programming|Win32
		{2445540F-E12C-424E-8BB1-CE0C4FF18CB3}.Public_Build|Win32.ActiveCfg = Public_Build|Win32
		{2445540F-E12C-424E-8BB1-CE0C4FF18CB3}.Public_Build|Win32.Build.0 = Public_Build|Win32
		{2445540F-E12C-424E-8BB1-CE0C4FF18CB3}.Securom|Win32.ActiveCfg = Securom|Win32
		{2445540F-E12C-424E-8BB1-CE0C4FF18CB3}.Securom|Win32.Build.0 = Securom|Win32
		{2445540F-E12C-424E-8BB1-CE0C4FF18CB3}.Maya_Debug|Win32.ActiveCfg = Maya_Debug|Win32
		{2445540F-E12C-424E-8BB1-CE0C4FF18CB3}.Maya_Debug|Win32.Build.0 = Maya_Debug|Win32
		{2445540F-E12C-424E-8BB1-CE0C4FF18CB3}.Maya_Release|Win32.ActiveCfg = Maya_Release|Win32
		{2445540F-E12C-424E-8BB1-CE0C4FF18CB3}.Maya_Release|Win32.Build.0 = Maya_Release|Win32
		{C81BC319-B97A-4573-8432-C30869B9C0E7}.Debug|Win32.ActiveCfg = Debug|Win32
		{C81BC319-B97A-4573-8432-C30869B9C0E7}.Debug|Win32.Build.0 = Debug|Win32
		{C81BC319-B97A-4573-8432-C30869B9C0E7}.Release|Win32.ActiveCfg = Release|Win32
		{C81BC319-B97A-4573-8432-C30869B9C0E7}.Release|Win32.Build.0 = Release|Win32
		{C81BC319-B97A-4573-8432-C30869B9C0E7}.Programming|Win32.ActiveCfg = Programming|Win32
		{C81BC319-B97A-4573-8432-C30869B9C0E7}.Programming|Win32.Build.0 = Programming|Win32
		{C81BC319-B97A-4573-8432-C30869B9C0E7}.Public_Build|Win32.ActiveCfg = Public_Build|Win32
		{C81BC319-B97A-4573-8432-C30869B9C0E7}.Public_Build|Win32.Build.0 = Public_Build|Win32
		{C81BC319-B97A-4573-8432-C30869B9C0E7}.Securom|Win32.ActiveCfg = Securom|Win32
		{C81BC319-B97A-4573-8432-C30869B9C0E7}.Securom|Win32.Build.0 = Securom|Win32
		{C81BC319-B97A-4573-8432-C30869B9C0E7}.Maya_Debug|Win32.ActiveCfg = Maya_Debug|Win32
		{C81BC319-B97A-4573-8432-C30869B9C0E7}.Maya_Debug|Win32.Build.0 = Maya_Debug|Win32
		{C81BC319-B97A-4573-8432-C30869B9C0E7}.Maya_Release|Win32.ActiveCfg = Maya_Release|Win32
		{C81BC319-B97A-4573-8432-C30869B9C0E7}.Maya_Release|Win32.Build.0 = Maya_Release|Win32
		{79D2A60C-1DFE-4679-B621-E5D1DA916718}.Debug|Win32.ActiveCfg = Debug|Win32
		{79D2A60C-1DFE-4679-B621-E5D1DA916718}.Debug|Win32.Build.0 = Debug|Win32
		{79D2A60C-1DFE-4679-B621-E5D1DA916718}.Release|Win32.ActiveCfg = Release|Win32
		{79D2A60C-1DFE-4679-B621-E5D1DA916718}.Release|Win32.Build.0 = Release|Win32
		{79D2A60C-1DFE-4679-B621-E5D1DA916718}.Programming|Win32.ActiveCfg = Programming|Win32
		{79D2A60C-1DFE-4679-B621-E5D1DA916718}.Programming|Win32.Build.0 = Programming|Win32
		{79D2A60C-1DFE-4679-B621-E5D1DA916718}.Public_Build|Win32.ActiveCfg = Public_Build|Win32
		{79D2A60C-1DFE-4679-B621-E5D1DA916718}.Public_Build|Win32.Build.0 = Public_Build|Win32
		{79D2A60C-1DFE-4679-B621-E5D1DA916718}.Securom|Win32.ActiveCfg = Securom|Win32
		{79D2A60C-1DFE-4679-B621-E5D1DA916718}.Securom|Win32.Build.0 = Securom|Win32
		{79D2A60C-1DFE-4679-B621-E5D1DA916718}.Maya_Debug|Win32.ActiveCfg = Maya_Debug|Win32
		{79D2A60C-1DFE-4679-B621-E5D1DA916718}.Maya_Debug|Win32.Build.0 = Maya_Debug|Win32
		{79D2A60C-1DFE-4679-B621-E5D1DA916718}.Maya_Release|Win32.ActiveCfg = Maya_Release|Win32
		{79D2A60C-1DFE-4679-B621-E5D1DA916718}.Maya_Release|Win32.Build.0 = Maya_Release|Win32
		{A326E8D6-1021-4BA2-854E-8D7B30CCB2C7}.Debug|Win32.ActiveCfg = Debug|Win32
		{A326E8D6-1021-4BA2-854E-8D7B30CCB2C7}.Debug|Win32.Build.0 = Debug|Win32
		{A326E8D6-1021-4BA2-854E-8D7B30CCB2C7}.Release|Win32.ActiveCfg = Release|Win32
		{A326E8D6-1021-4BA2-854E-8D7B30CCB2C7}.Release|Win32.Build.0 = Release|Win32
		{A326E8D6-1021-4BA2-854E-8D7B30CCB2C7}.Programming|Win32.ActiveCfg = Programming|Win32
		{A326E8D6-1021-4BA2-854E-8D7B30CCB2C7}.Programming|Win32.Build.0 = Programming|Win32
		{A326E8D6-1021-4BA2-854E-8D7B30CCB2C7}.Public_Build|Win32.ActiveCfg = Public_Build|Win32
		{A326E8D6-1021-4BA2-854E-8D7B30CCB2C7}.Public_Build|Win32.Build.0 = Public_Build|Win32
		{A326E8D6-1021-4BA2-854E-8D7B30CCB2C7}.Securom|Win32.ActiveCfg = Securom|Win32
		{A326E8D6-1021-4BA2-854E-8D7B30CCB2C7}.Securom|Win32.Build.0 = Securom|Win32
		{A326E8D6-1021-4BA2-854E-8D7B30CCB2C7}.Maya_Debug|Win32.ActiveCfg = Maya_Debug|Win32
		{A326E8D6-1021-4BA2-854E-8D7B30CCB2C7}.Maya_Debug|Win32.Build.0 = Maya_Debug|Win32
		{A326E8D6-1021-4BA2-854E-8D7B30CCB2C7}.Maya_Release|Win32.ActiveCfg = Maya_Release|Win32
		{A326E8D6-1021-4BA2-854E-8D7B30CCB2C7}.Maya_Release|Win32.Build.0 = Maya_Release|Win32
		{A3879336-4203-4527-9233-491DA850497E}.Debug|Win32.ActiveCfg = Debug|Win32
		{A3879336-4203-4527-9233-491DA850497E}.Debug|Win32.Build.0 = Debug|Win32
		{A3879336-4203-4527-9233-491DA850497E}.Release|Win32.ActiveCfg = Release|Win32
		{A3879336-4203-4527-9233-491DA850497E}.Release|Win32.Build.0 = Release|Win32
		{A3879336-4203-4527-9233-491DA850497E}.Programming|Win32.ActiveCfg = Programming|Win32
		{A3879336-4203-4527-9233-491DA850497E}.Programming|Win32.Build.0 = Programming|Win32
		{A3879336-4203-4527-9233-491DA850497E}.Public_Build|Win32.ActiveCfg = Public_Build|Win32
		{A3879336-4203-4527-9233-491DA850497E}.Public_Build|Win32.Build.0 = Public_Build|Win32
		{A3879336-4203-4527-9233-491DA850497E}.Securom|Win32.ActiveCfg = Securom|Win32
		{A3879336-4203-4527-9233-491DA850497E}.Securom|Win32.Build.0 = Securom|Win32
		{A3879336-4203-4527-9233-491DA850497E}.Maya_Debug|Win32.ActiveCfg = Maya_Debug|Win32
		{A3879336-4203-4527-9233-491DA850497E}.Maya_Debug|Win32.Build.0 = Maya_Debug|Win32
		{A3879336-4203-4527-9233-491DA850497E}.Maya_Release|Win32.ActiveCfg = Maya_Release|Win32
		{A3879336-4203-4527-9233-491DA850497E}.Maya_Release|Win32.Build.0 = Maya_Release|Win32
		{C86FD901-95CF-4177-9452-4E93C2A10EF2}.Debug|Win32.ActiveCfg = Debug|Win32
		{C86FD901-95CF-4177-9452-4E93C2A10EF2}.Debug|Win32.Build.0 = Debug|Win32
		{C86FD901-95CF-4177-9452-4E93C2A10EF2}.Release|Win32.ActiveCfg = Release|Win32
		{C86FD901-95CF-4177-9452-4E93C2A10EF2}.Release|Win32.Build.0 = Release|Win32
		{C86FD901-95CF-4177-9452-4E93C2A10EF2}.Programming|Win32.ActiveCfg = Programming|Win32
		{C86FD901-95CF-4177-9452-4E93C2A10EF2}.Programming|Win32.Build.0 = Programming|Win32
		{C86FD901-95CF-4177-9452-4E93C2A10EF2}.Public_Build|Win32.ActiveCfg = Public_Build|Win32
		{C86FD901-95CF-4177-9452-4E93C2A10EF2}.Public_Build|Win32.Build.0 = Public_Build|Win32
		{C86FD901-95CF-4177-9452-4E93C2A10EF2}.Securom|Win32.ActiveCfg = Securom|Win32
		{C86FD901-95CF-4177-9452-4E93C2A10EF2}.Securom|Win32.Build.0 = Securom|Win32
		{C86FD901-95CF-4177-9452-4E93C2A10EF2}.Maya_Debug|Win32.ActiveCfg = Maya_Debug|Win32
		{C86FD901-95CF-4177-9452-4E93C2A10EF2}.Maya_Debug|Win32.Build.0 = Maya_Debug|Win32
		{C86FD901-95CF-4177-9452-4E93C2A10EF2}.Maya_Release|Win32.ActiveCfg = Maya_Release|Win32
		{C86FD901-95CF-4177-9452-4E93C2A10EF2}.Maya_Release|Win32.Build.0 = Maya_Release|Win32
	EndGlobalSection
	GlobalSection(SolutionProperties) = preSolution
		HideSolutionNode = FALSE
	EndGlobalSection
	GlobalSection(NestedProjects) = preSolution
		{D8B6B21F-2EC3-41B7-B615-C300043DD343} = {798777e9-b38c-4974-bee3-b1cd45f6a1e6}
		{D6137A40-4C20-4445-B6CA-E32B4512F270} = {798777e9-b38c-4974-bee3-b1cd45f6a1e6}
		{EFB3F6DE-7818-4A43-B7BF-8B393D2676EE} = {798777e9-b38c-4974-bee3-b1cd45f6a1e6}
		{3BEF64E2-1F10-4E8B-903C-F61004E898F6} = {798777e9-b38c-4974-bee3-b1cd45f6a1e6}
		{77945FB0-8924-478B-8AD7-FEA46155A046} = {832A854F-2030-4EA4-86FE-EDEEC017E78E}
		{897F3071-C0C6-48E4-A76E-E3A5C39B2125} = {832A854F-2030-4EA4-86FE-EDEEC017E78E}
		{78634CFA-BA8E-452B-A716-304166AD3E31} = {832A854F-2030-4EA4-86FE-EDEEC017E78E}
		{EECC0730-9191-4902-82B5-BE96D68C2F92} = {832A854F-2030-4EA4-86FE-EDEEC017E78E}
		{FBDB2D59-B395-438C-9D47-791CFD384875} = {832A854F-2030-4EA4-86FE-EDEEC017E78E}
		{7E26456A-9C2B-4D60-8B75-8F91E021FF47} = {832A854F-2030-4EA4-86FE-EDEEC017E78E}
		{C1C96E47-7FF2-4EE9-8685-BD72B3E26036} = {832A854F-2030-4EA4-86FE-EDEEC017E78E}
		{93C6277F-936D-41AD-9A84-436A7D02133F} = {832A854F-2030-4EA4-86FE-EDEEC017E78E}
		{04C45198-472F-44CA-B72B-2D139DA7980C} = {832A854F-2030-4EA4-86FE-EDEEC017E78E}
		{D58C7BBD-7D61-4700-A727-842E8911B831} = {832A854F-2030-4EA4-86FE-EDEEC017E78E}
		{4B5B69E3-BD7A-4050-8AB4-BC5AA68EB0D7} = {832A854F-2030-4EA4-86FE-EDEEC017E78E}
		{6B9751DD-9AFA-4049-A909-61742EE02A7F} = {832A854F-2030-4EA4-86FE-EDEEC017E78E}
		{1E449827-8A48-497F-B083-FE805F8C751B} = {832A854F-2030-4EA4-86FE-EDEEC017E78E}
		{17CA6F69-3E1B-4F7F-94AC-B0B9CDE7EE29} = {3B2AD919-B940-473D-A9CC-62428540DEC5}
		{D7BB55F6-B576-40EF-B20B-9E5F7151957A} = {3B2AD919-B940-473D-A9CC-62428540DEC5}
		{1BAEEF46-2D8A-4BA0-8EA3-39196064FE5C} = {3B2AD919-B940-473D-A9CC-62428540DEC5}
		{2445540F-E12C-424E-8BB1-CE0C4FF18CB3} = {3B2AD919-B940-473D-A9CC-62428540DEC5}
		{C81BC319-B97A-4573-8432-C30869B9C0E7} = {3B2AD919-B940-473D-A9CC-62428540DEC5}
		{79D2A60C-1DFE-4679-B621-E5D1DA916718} = {3B2AD919-B940-473D-A9CC-62428540DEC5}
		{A326E8D6-1021-4BA2-854E-8D7B30CCB2C7} = {3B2AD919-B940-473D-A9CC-62428540DEC5}
		{A3879336-4203-4527-9233-491DA850497E} = {3B2AD919-B940-473D-A9CC-62428540DEC5}
		{C86FD901-95CF-4177-9452-4E93C2A10EF2} = {3B2AD919-B940-473D-A9CC-62428540DEC5}
	EndGlobalSection
EndGlobal
