Microsoft Visual Studio Solution File, Format Version 9.00
# Visual Studio 2005
Project("{2150E333-8FDC-42A3-9474-1A3956D46DE8}") = "Libs", "Libs", "{832A854F-2030-4EA4-86FE-EDEEC017E78E}"
EndProject
Project("{8BC9CEB8-8B4A-11D0-8D11-00A0C91BC942}") = "lua_win32", "extlibs_win32.lua_win32.vcproj", "{05FF8449-04DB-4978-9A0A-C7D69637AB53}"
EndProject
Project("{8BC9CEB8-8B4A-11D0-8D11-00A0C91BC942}") = "tinyxml_win32", "extlibs_win32.tinyxml_win32.vcproj", "{F8D71391-77CB-4B5E-A97F-8D33C8512104}"
EndProject
Project("{8BC9CEB8-8B4A-11D0-8D11-00A0C91BC942}") = "zlib_win32", "extlibs_win32.zlib_win32.vcproj", "{781B6A20-C12F-4DC7-AA63-9FDF5D571898}"
EndProject
Project("{8BC9CEB8-8B4A-11D0-8D11-00A0C91BC942}") = "sqlite_win32", "extlibs_win32.sqlite_win32.vcproj", "{8BA1990F-63EE-414B-888A-6962CBB344A1}"
EndProject
Project("{8BC9CEB8-8B4A-11D0-8D11-00A0C91BC942}") = "ode_win32", "extlibs_win32.ode_win32.vcproj", "{E7638F80-D3F4-4234-8CCB-3B5613F72DCC}"
EndProject
Project("{8BC9CEB8-8B4A-11D0-8D11-00A0C91BC942}") = "opcode_win32", "extlibs_win32.opcode_win32.vcproj", "{36A73A1D-2AF8-4088-8356-8322FFE9FA08}"
EndProject
Project("{8BC9CEB8-8B4A-11D0-8D11-00A0C91BC942}") = "gimpact_win32", "extlibs_win32.gimpact_win32.vcproj", "{B61A19CE-0CCA-4225-9630-E6931D0EB92D}"
EndProject
Global
	GlobalSection(SolutionConfigurationPlatforms) = preSolution
		Debug|Win32 = Debug|Win32
		Release|Win32 = Release|Win32
		Programming|Win32 = Programming|Win32
		Public_Build|Win32 = Public_Build|Win32
		Securom|Win32 = Securom|Win32
		Maya_Debug|Win32 = Maya_Debug|Win32
		Maya_Release|Win32 = Maya_Release|Win32
	EndGlobalSection
	GlobalSection(ProjectConfigurationPlatforms) = postSolution
		{05FF8449-04DB-4978-9A0A-C7D69637AB53}.Debug|Win32.ActiveCfg = Debug|Win32
		{05FF8449-04DB-4978-9A0A-C7D69637AB53}.Debug|Win32.Build.0 = Debug|Win32
		{05FF8449-04DB-4978-9A0A-C7D69637AB53}.Release|Win32.ActiveCfg = Release|Win32
		{05FF8449-04DB-4978-9A0A-C7D69637AB53}.Release|Win32.Build.0 = Release|Win32
		{05FF8449-04DB-4978-9A0A-C7D69637AB53}.Programming|Win32.ActiveCfg = Programming|Win32
		{05FF8449-04DB-4978-9A0A-C7D69637AB53}.Programming|Win32.Build.0 = Programming|Win32
		{05FF8449-04DB-4978-9A0A-C7D69637AB53}.Public_Build|Win32.ActiveCfg = Public_Build|Win32
		{05FF8449-04DB-4978-9A0A-C7D69637AB53}.Public_Build|Win32.Build.0 = Public_Build|Win32
		{05FF8449-04DB-4978-9A0A-C7D69637AB53}.Securom|Win32.ActiveCfg = Securom|Win32
		{05FF8449-04DB-4978-9A0A-C7D69637AB53}.Securom|Win32.Build.0 = Securom|Win32
		{05FF8449-04DB-4978-9A0A-C7D69637AB53}.Maya_Debug|Win32.ActiveCfg = Maya_Debug|Win32
		{05FF8449-04DB-4978-9A0A-C7D69637AB53}.Maya_Debug|Win32.Build.0 = Maya_Debug|Win32
		{05FF8449-04DB-4978-9A0A-C7D69637AB53}.Maya_Release|Win32.ActiveCfg = Maya_Release|Win32
		{05FF8449-04DB-4978-9A0A-C7D69637AB53}.Maya_Release|Win32.Build.0 = Maya_Release|Win32
		{F8D71391-77CB-4B5E-A97F-8D33C8512104}.Debug|Win32.ActiveCfg = Debug|Win32
		{F8D71391-77CB-4B5E-A97F-8D33C8512104}.Debug|Win32.Build.0 = Debug|Win32
		{F8D71391-77CB-4B5E-A97F-8D33C8512104}.Release|Win32.ActiveCfg = Release|Win32
		{F8D71391-77CB-4B5E-A97F-8D33C8512104}.Release|Win32.Build.0 = Release|Win32
		{F8D71391-77CB-4B5E-A97F-8D33C8512104}.Programming|Win32.ActiveCfg = Programming|Win32
		{F8D71391-77CB-4B5E-A97F-8D33C8512104}.Programming|Win32.Build.0 = Programming|Win32
		{F8D71391-77CB-4B5E-A97F-8D33C8512104}.Public_Build|Win32.ActiveCfg = Public_Build|Win32
		{F8D71391-77CB-4B5E-A97F-8D33C8512104}.Public_Build|Win32.Build.0 = Public_Build|Win32
		{F8D71391-77CB-4B5E-A97F-8D33C8512104}.Securom|Win32.ActiveCfg = Securom|Win32
		{F8D71391-77CB-4B5E-A97F-8D33C8512104}.Securom|Win32.Build.0 = Securom|Win32
		{F8D71391-77CB-4B5E-A97F-8D33C8512104}.Maya_Debug|Win32.ActiveCfg = Maya_Debug|Win32
		{F8D71391-77CB-4B5E-A97F-8D33C8512104}.Maya_Debug|Win32.Build.0 = Maya_Debug|Win32
		{F8D71391-77CB-4B5E-A97F-8D33C8512104}.Maya_Release|Win32.ActiveCfg = Maya_Release|Win32
		{F8D71391-77CB-4B5E-A97F-8D33C8512104}.Maya_Release|Win32.Build.0 = Maya_Release|Win32
		{781B6A20-C12F-4DC7-AA63-9FDF5D571898}.Debug|Win32.ActiveCfg = Debug|Win32
		{781B6A20-C12F-4DC7-AA63-9FDF5D571898}.Debug|Win32.Build.0 = Debug|Win32
		{781B6A20-C12F-4DC7-AA63-9FDF5D571898}.Release|Win32.ActiveCfg = Release|Win32
		{781B6A20-C12F-4DC7-AA63-9FDF5D571898}.Release|Win32.Build.0 = Release|Win32
		{781B6A20-C12F-4DC7-AA63-9FDF5D571898}.Programming|Win32.ActiveCfg = Programming|Win32
		{781B6A20-C12F-4DC7-AA63-9FDF5D571898}.Programming|Win32.Build.0 = Programming|Win32
		{781B6A20-C12F-4DC7-AA63-9FDF5D571898}.Public_Build|Win32.ActiveCfg = Public_Build|Win32
		{781B6A20-C12F-4DC7-AA63-9FDF5D571898}.Public_Build|Win32.Build.0 = Public_Build|Win32
		{781B6A20-C12F-4DC7-AA63-9FDF5D571898}.Securom|Win32.ActiveCfg = Securom|Win32
		{781B6A20-C12F-4DC7-AA63-9FDF5D571898}.Securom|Win32.Build.0 = Securom|Win32
		{781B6A20-C12F-4DC7-AA63-9FDF5D571898}.Maya_Debug|Win32.ActiveCfg = Maya_Debug|Win32
		{781B6A20-C12F-4DC7-AA63-9FDF5D571898}.Maya_Debug|Win32.Build.0 = Maya_Debug|Win32
		{781B6A20-C12F-4DC7-AA63-9FDF5D571898}.Maya_Release|Win32.ActiveCfg = Maya_Release|Win32
		{781B6A20-C12F-4DC7-AA63-9FDF5D571898}.Maya_Release|Win32.Build.0 = Maya_Release|Win32
		{8BA1990F-63EE-414B-888A-6962CBB344A1}.Debug|Win32.ActiveCfg = Debug|Win32
		{8BA1990F-63EE-414B-888A-6962CBB344A1}.Debug|Win32.Build.0 = Debug|Win32
		{8BA1990F-63EE-414B-888A-6962CBB344A1}.Release|Win32.ActiveCfg = Release|Win32
		{8BA1990F-63EE-414B-888A-6962CBB344A1}.Release|Win32.Build.0 = Release|Win32
		{8BA1990F-63EE-414B-888A-6962CBB344A1}.Programming|Win32.ActiveCfg = Programming|Win32
		{8BA1990F-63EE-414B-888A-6962CBB344A1}.Programming|Win32.Build.0 = Programming|Win32
		{8BA1990F-63EE-414B-888A-6962CBB344A1}.Public_Build|Win32.ActiveCfg = Public_Build|Win32
		{8BA1990F-63EE-414B-888A-6962CBB344A1}.Public_Build|Win32.Build.0 = Public_Build|Win32
		{8BA1990F-63EE-414B-888A-6962CBB344A1}.Securom|Win32.ActiveCfg = Securom|Win32
		{8BA1990F-63EE-414B-888A-6962CBB344A1}.Securom|Win32.Build.0 = Securom|Win32
		{8BA1990F-63EE-414B-888A-6962CBB344A1}.Maya_Debug|Win32.ActiveCfg = Maya_Debug|Win32
		{8BA1990F-63EE-414B-888A-6962CBB344A1}.Maya_Debug|Win32.Build.0 = Maya_Debug|Win32
		{8BA1990F-63EE-414B-888A-6962CBB344A1}.Maya_Release|Win32.ActiveCfg = Maya_Release|Win32
		{8BA1990F-63EE-414B-888A-6962CBB344A1}.Maya_Release|Win32.Build.0 = Maya_Release|Win32
		{E7638F80-D3F4-4234-8CCB-3B5613F72DCC}.Debug|Win32.ActiveCfg = Debug|Win32
		{E7638F80-D3F4-4234-8CCB-3B5613F72DCC}.Debug|Win32.Build.0 = Debug|Win32
		{E7638F80-D3F4-4234-8CCB-3B5613F72DCC}.Release|Win32.ActiveCfg = Release|Win32
		{E7638F80-D3F4-4234-8CCB-3B5613F72DCC}.Release|Win32.Build.0 = Release|Win32
		{E7638F80-D3F4-4234-8CCB-3B5613F72DCC}.Programming|Win32.ActiveCfg = Programming|Win32
		{E7638F80-D3F4-4234-8CCB-3B5613F72DCC}.Programming|Win32.Build.0 = Programming|Win32
		{E7638F80-D3F4-4234-8CCB-3B5613F72DCC}.Public_Build|Win32.ActiveCfg = Public_Build|Win32
		{E7638F80-D3F4-4234-8CCB-3B5613F72DCC}.Public_Build|Win32.Build.0 = Public_Build|Win32
		{E7638F80-D3F4-4234-8CCB-3B5613F72DCC}.Securom|Win32.ActiveCfg = Securom|Win32
		{E7638F80-D3F4-4234-8CCB-3B5613F72DCC}.Securom|Win32.Build.0 = Securom|Win32
		{E7638F80-D3F4-4234-8CCB-3B5613F72DCC}.Maya_Debug|Win32.ActiveCfg = Maya_Debug|Win32
		{E7638F80-D3F4-4234-8CCB-3B5613F72DCC}.Maya_Debug|Win32.Build.0 = Maya_Debug|Win32
		{E7638F80-D3F4-4234-8CCB-3B5613F72DCC}.Maya_Release|Win32.ActiveCfg = Maya_Release|Win32
		{E7638F80-D3F4-4234-8CCB-3B5613F72DCC}.Maya_Release|Win32.Build.0 = Maya_Release|Win32
		{36A73A1D-2AF8-4088-8356-8322FFE9FA08}.Debug|Win32.ActiveCfg = Debug|Win32
		{36A73A1D-2AF8-4088-8356-8322FFE9FA08}.Debug|Win32.Build.0 = Debug|Win32
		{36A73A1D-2AF8-4088-8356-8322FFE9FA08}.Release|Win32.ActiveCfg = Release|Win32
		{36A73A1D-2AF8-4088-8356-8322FFE9FA08}.Release|Win32.Build.0 = Release|Win32
		{36A73A1D-2AF8-4088-8356-8322FFE9FA08}.Programming|Win32.ActiveCfg = Programming|Win32
		{36A73A1D-2AF8-4088-8356-8322FFE9FA08}.Programming|Win32.Build.0 = Programming|Win32
		{36A73A1D-2AF8-4088-8356-8322FFE9FA08}.Public_Build|Win32.ActiveCfg = Public_Build|Win32
		{36A73A1D-2AF8-4088-8356-8322FFE9FA08}.Public_Build|Win32.Build.0 = Public_Build|Win32
		{36A73A1D-2AF8-4088-8356-8322FFE9FA08}.Securom|Win32.ActiveCfg = Securom|Win32
		{36A73A1D-2AF8-4088-8356-8322FFE9FA08}.Securom|Win32.Build.0 = Securom|Win32
		{36A73A1D-2AF8-4088-8356-8322FFE9FA08}.Maya_Debug|Win32.ActiveCfg = Maya_Debug|Win32
		{36A73A1D-2AF8-4088-8356-8322FFE9FA08}.Maya_Debug|Win32.Build.0 = Maya_Debug|Win32
		{36A73A1D-2AF8-4088-8356-8322FFE9FA08}.Maya_Release|Win32.ActiveCfg = Maya_Release|Win32
		{36A73A1D-2AF8-4088-8356-8322FFE9FA08}.Maya_Release|Win32.Build.0 = Maya_Release|Win32
		{B61A19CE-0CCA-4225-9630-E6931D0EB92D}.Debug|Win32.ActiveCfg = Debug|Win32
		{B61A19CE-0CCA-4225-9630-E6931D0EB92D}.Debug|Win32.Build.0 = Debug|Win32
		{B61A19CE-0CCA-4225-9630-E6931D0EB92D}.Release|Win32.ActiveCfg = Release|Win32
		{B61A19CE-0CCA-4225-9630-E6931D0EB92D}.Release|Win32.Build.0 = Release|Win32
		{B61A19CE-0CCA-4225-9630-E6931D0EB92D}.Programming|Win32.ActiveCfg = Programming|Win32
		{B61A19CE-0CCA-4225-9630-E6931D0EB92D}.Programming|Win32.Build.0 = Programming|Win32
		{B61A19CE-0CCA-4225-9630-E6931D0EB92D}.Public_Build|Win32.ActiveCfg = Public_Build|Win32
		{B61A19CE-0CCA-4225-9630-E6931D0EB92D}.Public_Build|Win32.Build.0 = Public_Build|Win32
		{B61A19CE-0CCA-4225-9630-E6931D0EB92D}.Securom|Win32.ActiveCfg = Securom|Win32
		{B61A19CE-0CCA-4225-9630-E6931D0EB92D}.Securom|Win32.Build.0 = Securom|Win32
		{B61A19CE-0CCA-4225-9630-E6931D0EB92D}.Maya_Debug|Win32.ActiveCfg = Maya_Debug|Win32
		{B61A19CE-0CCA-4225-9630-E6931D0EB92D}.Maya_Debug|Win32.Build.0 = Maya_Debug|Win32
		{B61A19CE-0CCA-4225-9630-E6931D0EB92D}.Maya_Release|Win32.ActiveCfg = Maya_Release|Win32
		{B61A19CE-0CCA-4225-9630-E6931D0EB92D}.Maya_Release|Win32.Build.0 = Maya_Release|Win32
	EndGlobalSection
	GlobalSection(SolutionProperties) = preSolution
		HideSolutionNode = FALSE
	EndGlobalSection
	GlobalSection(NestedProjects) = preSolution
		{05FF8449-04DB-4978-9A0A-C7D69637AB53} = {832A854F-2030-4EA4-86FE-EDEEC017E78E}
		{F8D71391-77CB-4B5E-A97F-8D33C8512104} = {832A854F-2030-4EA4-86FE-EDEEC017E78E}
		{781B6A20-C12F-4DC7-AA63-9FDF5D571898} = {832A854F-2030-4EA4-86FE-EDEEC017E78E}
		{8BA1990F-63EE-414B-888A-6962CBB344A1} = {832A854F-2030-4EA4-86FE-EDEEC017E78E}
		{E7638F80-D3F4-4234-8CCB-3B5613F72DCC} = {832A854F-2030-4EA4-86FE-EDEEC017E78E}
		{36A73A1D-2AF8-4088-8356-8322FFE9FA08} = {832A854F-2030-4EA4-86FE-EDEEC017E78E}
		{B61A19CE-0CCA-4225-9630-E6931D0EB92D} = {832A854F-2030-4EA4-86FE-EDEEC017E78E}
	EndGlobalSection
EndGlobal
