Microsoft Visual Studio Solution File, Format Version 9.00
# Visual Studio 2005
Project("{2150E333-8FDC-42A3-9474-1A3956D46DE8}") = "NIDLs", "NIDLs", "{798777e9-b38c-4974-bee3-b1cd45f6a1e6}"
EndProject
Project("{2150E333-8FDC-42A3-9474-1A3956D46DE8}") = "Libs", "Libs", "{832A854F-2030-4EA4-86FE-EDEEC017E78E}"
EndProject
Project("{2150E333-8FDC-42A3-9474-1A3956D46DE8}") = "Exes", "Exes", "{3B2AD919-B940-473D-A9CC-62428540DEC5}"
EndProject
Project("{8BC9CEB8-8B4A-11D0-8D11-00A0C91BC942}") = "foundation_nidls_win32", "tests_win32.foundation_nidls_win32.vcproj", "{19BA1153-C9AF-46E3-9423-DE5B9BFD8D96}"
EndProject
Project("{8BC9CEB8-8B4A-11D0-8D11-00A0C91BC942}") = "render_nidls_win32", "tests_win32.render_nidls_win32.vcproj", "{2BBE4D72-FC8E-4626-84D3-C9D48DB0B17B}"
EndProject
Project("{8BC9CEB8-8B4A-11D0-8D11-00A0C91BC942}") = "foundation_win32", "tests_win32.foundation_win32.vcproj", "{C9D3C459-C11B-4E68-BBA1-0ED1AD4A0BD2}"
	ProjectSection(ProjectDependencies) = postProject
		{19BA1153-C9AF-46E3-9423-DE5B9BFD8D96} = {19BA1153-C9AF-46E3-9423-DE5B9BFD8D96}
	EndProjectSection
EndProject
Project("{8BC9CEB8-8B4A-11D0-8D11-00A0C91BC942}") = "render_win32", "tests_win32.render_win32.vcproj", "{587E64DC-492C-4ED3-B25D-3B32E454A3D1}"
	ProjectSection(ProjectDependencies) = postProject
		{2BBE4D72-FC8E-4626-84D3-C9D48DB0B17B} = {2BBE4D72-FC8E-4626-84D3-C9D48DB0B17B}
	EndProjectSection
EndProject
Project("{8BC9CEB8-8B4A-11D0-8D11-00A0C91BC942}") = "lua_win32", "tests_win32.lua_win32.vcproj", "{C2747BDC-411D-4D1E-9B61-E98B049F2EC2}"
EndProject
Project("{8BC9CEB8-8B4A-11D0-8D11-00A0C91BC942}") = "tinyxml_win32", "tests_win32.tinyxml_win32.vcproj", "{B6449294-47DB-4B4B-A10E-FC242B6B2D46}"
EndProject
Project("{8BC9CEB8-8B4A-11D0-8D11-00A0C91BC942}") = "zlib_win32", "tests_win32.zlib_win32.vcproj", "{6542D534-5AAC-43C7-8DA0-7235A2C33CAD}"
EndProject
Project("{8BC9CEB8-8B4A-11D0-8D11-00A0C91BC942}") = "testbase_win32", "tests_win32.testbase_win32.vcproj", "{88903077-65D7-42C2-BA14-52A3AED0EB5B}"
	ProjectSection(ProjectDependencies) = postProject
		{C9D3C459-C11B-4E68-BBA1-0ED1AD4A0BD2} = {C9D3C459-C11B-4E68-BBA1-0ED1AD4A0BD2}
		{C2747BDC-411D-4D1E-9B61-E98B049F2EC2} = {C2747BDC-411D-4D1E-9B61-E98B049F2EC2}
		{B6449294-47DB-4B4B-A10E-FC242B6B2D46} = {B6449294-47DB-4B4B-A10E-FC242B6B2D46}
		{6542D534-5AAC-43C7-8DA0-7235A2C33CAD} = {6542D534-5AAC-43C7-8DA0-7235A2C33CAD}
	EndProjectSection
EndProject
Project("{8BC9CEB8-8B4A-11D0-8D11-00A0C91BC942}") = "testfoundation_win32", "tests_win32.testfoundation_win32.vcproj", "{0E519669-D37D-4638-8040-6DE56A402766}"
	ProjectSection(ProjectDependencies) = postProject
		{C9D3C459-C11B-4E68-BBA1-0ED1AD4A0BD2} = {C9D3C459-C11B-4E68-BBA1-0ED1AD4A0BD2}
		{C2747BDC-411D-4D1E-9B61-E98B049F2EC2} = {C2747BDC-411D-4D1E-9B61-E98B049F2EC2}
		{B6449294-47DB-4B4B-A10E-FC242B6B2D46} = {B6449294-47DB-4B4B-A10E-FC242B6B2D46}
		{6542D534-5AAC-43C7-8DA0-7235A2C33CAD} = {6542D534-5AAC-43C7-8DA0-7235A2C33CAD}
		{88903077-65D7-42C2-BA14-52A3AED0EB5B} = {88903077-65D7-42C2-BA14-52A3AED0EB5B}
	EndProjectSection
EndProject
Project("{8BC9CEB8-8B4A-11D0-8D11-00A0C91BC942}") = "testrender_win32", "tests_win32.testrender_win32.vcproj", "{3BD0B61B-5F3D-4D16-A71D-B84D370B3648}"
	ProjectSection(ProjectDependencies) = postProject
		{C9D3C459-C11B-4E68-BBA1-0ED1AD4A0BD2} = {C9D3C459-C11B-4E68-BBA1-0ED1AD4A0BD2}
		{587E64DC-492C-4ED3-B25D-3B32E454A3D1} = {587E64DC-492C-4ED3-B25D-3B32E454A3D1}
		{C2747BDC-411D-4D1E-9B61-E98B049F2EC2} = {C2747BDC-411D-4D1E-9B61-E98B049F2EC2}
		{B6449294-47DB-4B4B-A10E-FC242B6B2D46} = {B6449294-47DB-4B4B-A10E-FC242B6B2D46}
		{6542D534-5AAC-43C7-8DA0-7235A2C33CAD} = {6542D534-5AAC-43C7-8DA0-7235A2C33CAD}
		{88903077-65D7-42C2-BA14-52A3AED0EB5B} = {88903077-65D7-42C2-BA14-52A3AED0EB5B}
	EndProjectSection
EndProject
Project("{8BC9CEB8-8B4A-11D0-8D11-00A0C91BC942}") = "stresstestvieweropenclose_win32", "tests_win32.stresstestvieweropenclose_win32.vcproj", "{89A0ECDD-50AD-446F-B4A9-D7C13C157DD9}"
	ProjectSection(ProjectDependencies) = postProject
		{C9D3C459-C11B-4E68-BBA1-0ED1AD4A0BD2} = {C9D3C459-C11B-4E68-BBA1-0ED1AD4A0BD2}
		{587E64DC-492C-4ED3-B25D-3B32E454A3D1} = {587E64DC-492C-4ED3-B25D-3B32E454A3D1}
		{C2747BDC-411D-4D1E-9B61-E98B049F2EC2} = {C2747BDC-411D-4D1E-9B61-E98B049F2EC2}
		{B6449294-47DB-4B4B-A10E-FC242B6B2D46} = {B6449294-47DB-4B4B-A10E-FC242B6B2D46}
		{6542D534-5AAC-43C7-8DA0-7235A2C33CAD} = {6542D534-5AAC-43C7-8DA0-7235A2C33CAD}
		{88903077-65D7-42C2-BA14-52A3AED0EB5B} = {88903077-65D7-42C2-BA14-52A3AED0EB5B}
	EndProjectSection
EndProject
Project("{8BC9CEB8-8B4A-11D0-8D11-00A0C91BC942}") = "viewerstresstest_win32", "tests_win32.viewerstresstest_win32.vcproj", "{0855B73D-EFFC-4E02-80C5-4A6DB2D86A6C}"
	ProjectSection(ProjectDependencies) = postProject
		{C9D3C459-C11B-4E68-BBA1-0ED1AD4A0BD2} = {C9D3C459-C11B-4E68-BBA1-0ED1AD4A0BD2}
		{587E64DC-492C-4ED3-B25D-3B32E454A3D1} = {587E64DC-492C-4ED3-B25D-3B32E454A3D1}
		{C2747BDC-411D-4D1E-9B61-E98B049F2EC2} = {C2747BDC-411D-4D1E-9B61-E98B049F2EC2}
		{B6449294-47DB-4B4B-A10E-FC242B6B2D46} = {B6449294-47DB-4B4B-A10E-FC242B6B2D46}
		{6542D534-5AAC-43C7-8DA0-7235A2C33CAD} = {6542D534-5AAC-43C7-8DA0-7235A2C33CAD}
		{88903077-65D7-42C2-BA14-52A3AED0EB5B} = {88903077-65D7-42C2-BA14-52A3AED0EB5B}
	EndProjectSection
EndProject
Project("{8BC9CEB8-8B4A-11D0-8D11-00A0C91BC942}") = "audiotest_win32", "tests_win32.audiotest_win32.vcproj", "{AEB1F8C8-3830-44D5-9AF0-D543BAA42BDC}"
	ProjectSection(ProjectDependencies) = postProject
		{C9D3C459-C11B-4E68-BBA1-0ED1AD4A0BD2} = {C9D3C459-C11B-4E68-BBA1-0ED1AD4A0BD2}
		{587E64DC-492C-4ED3-B25D-3B32E454A3D1} = {587E64DC-492C-4ED3-B25D-3B32E454A3D1}
		{C2747BDC-411D-4D1E-9B61-E98B049F2EC2} = {C2747BDC-411D-4D1E-9B61-E98B049F2EC2}
		{B6449294-47DB-4B4B-A10E-FC242B6B2D46} = {B6449294-47DB-4B4B-A10E-FC242B6B2D46}
		{6542D534-5AAC-43C7-8DA0-7235A2C33CAD} = {6542D534-5AAC-43C7-8DA0-7235A2C33CAD}
	EndProjectSection
EndProject
Project("{8BC9CEB8-8B4A-11D0-8D11-00A0C91BC942}") = "zipstresstest_win32", "tests_win32.zipstresstest_win32.vcproj", "{8AD145AE-4575-49E2-8C78-690A6FC9FD72}"
	ProjectSection(ProjectDependencies) = postProject
		{C9D3C459-C11B-4E68-BBA1-0ED1AD4A0BD2} = {C9D3C459-C11B-4E68-BBA1-0ED1AD4A0BD2}
		{C2747BDC-411D-4D1E-9B61-E98B049F2EC2} = {C2747BDC-411D-4D1E-9B61-E98B049F2EC2}
		{B6449294-47DB-4B4B-A10E-FC242B6B2D46} = {B6449294-47DB-4B4B-A10E-FC242B6B2D46}
		{6542D534-5AAC-43C7-8DA0-7235A2C33CAD} = {6542D534-5AAC-43C7-8DA0-7235A2C33CAD}
	EndProjectSection
EndProject
Global
	GlobalSection(SolutionConfigurationPlatforms) = preSolution
		Debug|Win32 = Debug|Win32
		Release|Win32 = Release|Win32
		Programming|Win32 = Programming|Win32
		Public_Build|Win32 = Public_Build|Win32
		Securom|Win32 = Securom|Win32
		Maya_Debug|Win32 = Maya_Debug|Win32
		Maya_Release|Win32 = Maya_Release|Win32
	EndGlobalSection
	GlobalSection(ProjectConfigurationPlatforms) = postSolution
		{19BA1153-C9AF-46E3-9423-DE5B9BFD8D96}.Debug|Win32.ActiveCfg = Debug|Win32
		{19BA1153-C9AF-46E3-9423-DE5B9BFD8D96}.Debug|Win32.Build.0 = Debug|Win32
		{19BA1153-C9AF-46E3-9423-DE5B9BFD8D96}.Release|Win32.ActiveCfg = Release|Win32
		{19BA1153-C9AF-46E3-9423-DE5B9BFD8D96}.Release|Win32.Build.0 = Release|Win32
		{19BA1153-C9AF-46E3-9423-DE5B9BFD8D96}.Programming|Win32.ActiveCfg = Programming|Win32
		{19BA1153-C9AF-46E3-9423-DE5B9BFD8D96}.Programming|Win32.Build.0 = Programming|Win32
		{19BA1153-C9AF-46E3-9423-DE5B9BFD8D96}.Public_Build|Win32.ActiveCfg = Public_Build|Win32
		{19BA1153-C9AF-46E3-9423-DE5B9BFD8D96}.Public_Build|Win32.Build.0 = Public_Build|Win32
		{19BA1153-C9AF-46E3-9423-DE5B9BFD8D96}.Securom|Win32.ActiveCfg = Securom|Win32
		{19BA1153-C9AF-46E3-9423-DE5B9BFD8D96}.Securom|Win32.Build.0 = Securom|Win32
		{19BA1153-C9AF-46E3-9423-DE5B9BFD8D96}.Maya_Debug|Win32.ActiveCfg = Maya_Debug|Win32
		{19BA1153-C9AF-46E3-9423-DE5B9BFD8D96}.Maya_Debug|Win32.Build.0 = Maya_Debug|Win32
		{19BA1153-C9AF-46E3-9423-DE5B9BFD8D96}.Maya_Release|Win32.ActiveCfg = Maya_Release|Win32
		{19BA1153-C9AF-46E3-9423-DE5B9BFD8D96}.Maya_Release|Win32.Build.0 = Maya_Release|Win32
		{2BBE4D72-FC8E-4626-84D3-C9D48DB0B17B}.Debug|Win32.ActiveCfg = Debug|Win32
		{2BBE4D72-FC8E-4626-84D3-C9D48DB0B17B}.Debug|Win32.Build.0 = Debug|Win32
		{2BBE4D72-FC8E-4626-84D3-C9D48DB0B17B}.Release|Win32.ActiveCfg = Release|Win32
		{2BBE4D72-FC8E-4626-84D3-C9D48DB0B17B}.Release|Win32.Build.0 = Release|Win32
		{2BBE4D72-FC8E-4626-84D3-C9D48DB0B17B}.Programming|Win32.ActiveCfg = Programming|Win32
		{2BBE4D72-FC8E-4626-84D3-C9D48DB0B17B}.Programming|Win32.Build.0 = Programming|Win32
		{2BBE4D72-FC8E-4626-84D3-C9D48DB0B17B}.Public_Build|Win32.ActiveCfg = Public_Build|Win32
		{2BBE4D72-FC8E-4626-84D3-C9D48DB0B17B}.Public_Build|Win32.Build.0 = Public_Build|Win32
		{2BBE4D72-FC8E-4626-84D3-C9D48DB0B17B}.Securom|Win32.ActiveCfg = Securom|Win32
		{2BBE4D72-FC8E-4626-84D3-C9D48DB0B17B}.Securom|Win32.Build.0 = Securom|Win32
		{2BBE4D72-FC8E-4626-84D3-C9D48DB0B17B}.Maya_Debug|Win32.ActiveCfg = Maya_Debug|Win32
		{2BBE4D72-FC8E-4626-84D3-C9D48DB0B17B}.Maya_Debug|Win32.Build.0 = Maya_Debug|Win32
		{2BBE4D72-FC8E-4626-84D3-C9D48DB0B17B}.Maya_Release|Win32.ActiveCfg = Maya_Release|Win32
		{2BBE4D72-FC8E-4626-84D3-C9D48DB0B17B}.Maya_Release|Win32.Build.0 = Maya_Release|Win32
		{C9D3C459-C11B-4E68-BBA1-0ED1AD4A0BD2}.Debug|Win32.ActiveCfg = Debug|Win32
		{C9D3C459-C11B-4E68-BBA1-0ED1AD4A0BD2}.Debug|Win32.Build.0 = Debug|Win32
		{C9D3C459-C11B-4E68-BBA1-0ED1AD4A0BD2}.Release|Win32.ActiveCfg = Release|Win32
		{C9D3C459-C11B-4E68-BBA1-0ED1AD4A0BD2}.Release|Win32.Build.0 = Release|Win32
		{C9D3C459-C11B-4E68-BBA1-0ED1AD4A0BD2}.Programming|Win32.ActiveCfg = Programming|Win32
		{C9D3C459-C11B-4E68-BBA1-0ED1AD4A0BD2}.Programming|Win32.Build.0 = Programming|Win32
		{C9D3C459-C11B-4E68-BBA1-0ED1AD4A0BD2}.Public_Build|Win32.ActiveCfg = Public_Build|Win32
		{C9D3C459-C11B-4E68-BBA1-0ED1AD4A0BD2}.Public_Build|Win32.Build.0 = Public_Build|Win32
		{C9D3C459-C11B-4E68-BBA1-0ED1AD4A0BD2}.Securom|Win32.ActiveCfg = Securom|Win32
		{C9D3C459-C11B-4E68-BBA1-0ED1AD4A0BD2}.Securom|Win32.Build.0 = Securom|Win32
		{C9D3C459-C11B-4E68-BBA1-0ED1AD4A0BD2}.Maya_Debug|Win32.ActiveCfg = Maya_Debug|Win32
		{C9D3C459-C11B-4E68-BBA1-0ED1AD4A0BD2}.Maya_Debug|Win32.Build.0 = Maya_Debug|Win32
		{C9D3C459-C11B-4E68-BBA1-0ED1AD4A0BD2}.Maya_Release|Win32.ActiveCfg = Maya_Release|Win32
		{C9D3C459-C11B-4E68-BBA1-0ED1AD4A0BD2}.Maya_Release|Win32.Build.0 = Maya_Release|Win32
		{587E64DC-492C-4ED3-B25D-3B32E454A3D1}.Debug|Win32.ActiveCfg = Debug|Win32
		{587E64DC-492C-4ED3-B25D-3B32E454A3D1}.Debug|Win32.Build.0 = Debug|Win32
		{587E64DC-492C-4ED3-B25D-3B32E454A3D1}.Release|Win32.ActiveCfg = Release|Win32
		{587E64DC-492C-4ED3-B25D-3B32E454A3D1}.Release|Win32.Build.0 = Release|Win32
		{587E64DC-492C-4ED3-B25D-3B32E454A3D1}.Programming|Win32.ActiveCfg = Programming|Win32
		{587E64DC-492C-4ED3-B25D-3B32E454A3D1}.Programming|Win32.Build.0 = Programming|Win32
		{587E64DC-492C-4ED3-B25D-3B32E454A3D1}.Public_Build|Win32.ActiveCfg = Public_Build|Win32
		{587E64DC-492C-4ED3-B25D-3B32E454A3D1}.Public_Build|Win32.Build.0 = Public_Build|Win32
		{587E64DC-492C-4ED3-B25D-3B32E454A3D1}.Securom|Win32.ActiveCfg = Securom|Win32
		{587E64DC-492C-4ED3-B25D-3B32E454A3D1}.Securom|Win32.Build.0 = Securom|Win32
		{587E64DC-492C-4ED3-B25D-3B32E454A3D1}.Maya_Debug|Win32.ActiveCfg = Maya_Debug|Win32
		{587E64DC-492C-4ED3-B25D-3B32E454A3D1}.Maya_Debug|Win32.Build.0 = Maya_Debug|Win32
		{587E64DC-492C-4ED3-B25D-3B32E454A3D1}.Maya_Release|Win32.ActiveCfg = Maya_Release|Win32
		{587E64DC-492C-4ED3-B25D-3B32E454A3D1}.Maya_Release|Win32.Build.0 = Maya_Release|Win32
		{C2747BDC-411D-4D1E-9B61-E98B049F2EC2}.Debug|Win32.ActiveCfg = Debug|Win32
		{C2747BDC-411D-4D1E-9B61-E98B049F2EC2}.Debug|Win32.Build.0 = Debug|Win32
		{C2747BDC-411D-4D1E-9B61-E98B049F2EC2}.Release|Win32.ActiveCfg = Release|Win32
		{C2747BDC-411D-4D1E-9B61-E98B049F2EC2}.Release|Win32.Build.0 = Release|Win32
		{C2747BDC-411D-4D1E-9B61-E98B049F2EC2}.Programming|Win32.ActiveCfg = Programming|Win32
		{C2747BDC-411D-4D1E-9B61-E98B049F2EC2}.Programming|Win32.Build.0 = Programming|Win32
		{C2747BDC-411D-4D1E-9B61-E98B049F2EC2}.Public_Build|Win32.ActiveCfg = Public_Build|Win32
		{C2747BDC-411D-4D1E-9B61-E98B049F2EC2}.Public_Build|Win32.Build.0 = Public_Build|Win32
		{C2747BDC-411D-4D1E-9B61-E98B049F2EC2}.Securom|Win32.ActiveCfg = Securom|Win32
		{C2747BDC-411D-4D1E-9B61-E98B049F2EC2}.Securom|Win32.Build.0 = Securom|Win32
		{C2747BDC-411D-4D1E-9B61-E98B049F2EC2}.Maya_Debug|Win32.ActiveCfg = Maya_Debug|Win32
		{C2747BDC-411D-4D1E-9B61-E98B049F2EC2}.Maya_Debug|Win32.Build.0 = Maya_Debug|Win32
		{C2747BDC-411D-4D1E-9B61-E98B049F2EC2}.Maya_Release|Win32.ActiveCfg = Maya_Release|Win32
		{C2747BDC-411D-4D1E-9B61-E98B049F2EC2}.Maya_Release|Win32.Build.0 = Maya_Release|Win32
		{B6449294-47DB-4B4B-A10E-FC242B6B2D46}.Debug|Win32.ActiveCfg = Debug|Win32
		{B6449294-47DB-4B4B-A10E-FC242B6B2D46}.Debug|Win32.Build.0 = Debug|Win32
		{B6449294-47DB-4B4B-A10E-FC242B6B2D46}.Release|Win32.ActiveCfg = Release|Win32
		{B6449294-47DB-4B4B-A10E-FC242B6B2D46}.Release|Win32.Build.0 = Release|Win32
		{B6449294-47DB-4B4B-A10E-FC242B6B2D46}.Programming|Win32.ActiveCfg = Programming|Win32
		{B6449294-47DB-4B4B-A10E-FC242B6B2D46}.Programming|Win32.Build.0 = Programming|Win32
		{B6449294-47DB-4B4B-A10E-FC242B6B2D46}.Public_Build|Win32.ActiveCfg = Public_Build|Win32
		{B6449294-47DB-4B4B-A10E-FC242B6B2D46}.Public_Build|Win32.Build.0 = Public_Build|Win32
		{B6449294-47DB-4B4B-A10E-FC242B6B2D46}.Securom|Win32.ActiveCfg = Securom|Win32
		{B6449294-47DB-4B4B-A10E-FC242B6B2D46}.Securom|Win32.Build.0 = Securom|Win32
		{B6449294-47DB-4B4B-A10E-FC242B6B2D46}.Maya_Debug|Win32.ActiveCfg = Maya_Debug|Win32
		{B6449294-47DB-4B4B-A10E-FC242B6B2D46}.Maya_Debug|Win32.Build.0 = Maya_Debug|Win32
		{B6449294-47DB-4B4B-A10E-FC242B6B2D46}.Maya_Release|Win32.ActiveCfg = Maya_Release|Win32
		{B6449294-47DB-4B4B-A10E-FC242B6B2D46}.Maya_Release|Win32.Build.0 = Maya_Release|Win32
		{6542D534-5AAC-43C7-8DA0-7235A2C33CAD}.Debug|Win32.ActiveCfg = Debug|Win32
		{6542D534-5AAC-43C7-8DA0-7235A2C33CAD}.Debug|Win32.Build.0 = Debug|Win32
		{6542D534-5AAC-43C7-8DA0-7235A2C33CAD}.Release|Win32.ActiveCfg = Release|Win32
		{6542D534-5AAC-43C7-8DA0-7235A2C33CAD}.Release|Win32.Build.0 = Release|Win32
		{6542D534-5AAC-43C7-8DA0-7235A2C33CAD}.Programming|Win32.ActiveCfg = Programming|Win32
		{6542D534-5AAC-43C7-8DA0-7235A2C33CAD}.Programming|Win32.Build.0 = Programming|Win32
		{6542D534-5AAC-43C7-8DA0-7235A2C33CAD}.Public_Build|Win32.ActiveCfg = Public_Build|Win32
		{6542D534-5AAC-43C7-8DA0-7235A2C33CAD}.Public_Build|Win32.Build.0 = Public_Build|Win32
		{6542D534-5AAC-43C7-8DA0-7235A2C33CAD}.Securom|Win32.ActiveCfg = Securom|Win32
		{6542D534-5AAC-43C7-8DA0-7235A2C33CAD}.Securom|Win32.Build.0 = Securom|Win32
		{6542D534-5AAC-43C7-8DA0-7235A2C33CAD}.Maya_Debug|Win32.ActiveCfg = Maya_Debug|Win32
		{6542D534-5AAC-43C7-8DA0-7235A2C33CAD}.Maya_Debug|Win32.Build.0 = Maya_Debug|Win32
		{6542D534-5AAC-43C7-8DA0-7235A2C33CAD}.Maya_Release|Win32.ActiveCfg = Maya_Release|Win32
		{6542D534-5AAC-43C7-8DA0-7235A2C33CAD}.Maya_Release|Win32.Build.0 = Maya_Release|Win32
		{88903077-65D7-42C2-BA14-52A3AED0EB5B}.Debug|Win32.ActiveCfg = Debug|Win32
		{88903077-65D7-42C2-BA14-52A3AED0EB5B}.Debug|Win32.Build.0 = Debug|Win32
		{88903077-65D7-42C2-BA14-52A3AED0EB5B}.Release|Win32.ActiveCfg = Release|Win32
		{88903077-65D7-42C2-BA14-52A3AED0EB5B}.Release|Win32.Build.0 = Release|Win32
		{88903077-65D7-42C2-BA14-52A3AED0EB5B}.Programming|Win32.ActiveCfg = Programming|Win32
		{88903077-65D7-42C2-BA14-52A3AED0EB5B}.Programming|Win32.Build.0 = Programming|Win32
		{88903077-65D7-42C2-BA14-52A3AED0EB5B}.Public_Build|Win32.ActiveCfg = Public_Build|Win32
		{88903077-65D7-42C2-BA14-52A3AED0EB5B}.Public_Build|Win32.Build.0 = Public_Build|Win32
		{88903077-65D7-42C2-BA14-52A3AED0EB5B}.Securom|Win32.ActiveCfg = Securom|Win32
		{88903077-65D7-42C2-BA14-52A3AED0EB5B}.Securom|Win32.Build.0 = Securom|Win32
		{88903077-65D7-42C2-BA14-52A3AED0EB5B}.Maya_Debug|Win32.ActiveCfg = Maya_Debug|Win32
		{88903077-65D7-42C2-BA14-52A3AED0EB5B}.Maya_Debug|Win32.Build.0 = Maya_Debug|Win32
		{88903077-65D7-42C2-BA14-52A3AED0EB5B}.Maya_Release|Win32.ActiveCfg = Maya_Release|Win32
		{88903077-65D7-42C2-BA14-52A3AED0EB5B}.Maya_Release|Win32.Build.0 = Maya_Release|Win32
		{0E519669-D37D-4638-8040-6DE56A402766}.Debug|Win32.ActiveCfg = Debug|Win32
		{0E519669-D37D-4638-8040-6DE56A402766}.Debug|Win32.Build.0 = Debug|Win32
		{0E519669-D37D-4638-8040-6DE56A402766}.Release|Win32.ActiveCfg = Release|Win32
		{0E519669-D37D-4638-8040-6DE56A402766}.Release|Win32.Build.0 = Release|Win32
		{0E519669-D37D-4638-8040-6DE56A402766}.Programming|Win32.ActiveCfg = Programming|Win32
		{0E519669-D37D-4638-8040-6DE56A402766}.Programming|Win32.Build.0 = Programming|Win32
		{0E519669-D37D-4638-8040-6DE56A402766}.Public_Build|Win32.ActiveCfg = Public_Build|Win32
		{0E519669-D37D-4638-8040-6DE56A402766}.Public_Build|Win32.Build.0 = Public_Build|Win32
		{0E519669-D37D-4638-8040-6DE56A402766}.Securom|Win32.ActiveCfg = Securom|Win32
		{0E519669-D37D-4638-8040-6DE56A402766}.Securom|Win32.Build.0 = Securom|Win32
		{0E519669-D37D-4638-8040-6DE56A402766}.Maya_Debug|Win32.ActiveCfg = Maya_Debug|Win32
		{0E519669-D37D-4638-8040-6DE56A402766}.Maya_Debug|Win32.Build.0 = Maya_Debug|Win32
		{0E519669-D37D-4638-8040-6DE56A402766}.Maya_Release|Win32.ActiveCfg = Maya_Release|Win32
		{0E519669-D37D-4638-8040-6DE56A402766}.Maya_Release|Win32.Build.0 = Maya_Release|Win32
		{3BD0B61B-5F3D-4D16-A71D-B84D370B3648}.Debug|Win32.ActiveCfg = Debug|Win32
		{3BD0B61B-5F3D-4D16-A71D-B84D370B3648}.Debug|Win32.Build.0 = Debug|Win32
		{3BD0B61B-5F3D-4D16-A71D-B84D370B3648}.Release|Win32.ActiveCfg = Release|Win32
		{3BD0B61B-5F3D-4D16-A71D-B84D370B3648}.Release|Win32.Build.0 = Release|Win32
		{3BD0B61B-5F3D-4D16-A71D-B84D370B3648}.Programming|Win32.ActiveCfg = Programming|Win32
		{3BD0B61B-5F3D-4D16-A71D-B84D370B3648}.Programming|Win32.Build.0 = Programming|Win32
		{3BD0B61B-5F3D-4D16-A71D-B84D370B3648}.Public_Build|Win32.ActiveCfg = Public_Build|Win32
		{3BD0B61B-5F3D-4D16-A71D-B84D370B3648}.Public_Build|Win32.Build.0 = Public_Build|Win32
		{3BD0B61B-5F3D-4D16-A71D-B84D370B3648}.Securom|Win32.ActiveCfg = Securom|Win32
		{3BD0B61B-5F3D-4D16-A71D-B84D370B3648}.Securom|Win32.Build.0 = Securom|Win32
		{3BD0B61B-5F3D-4D16-A71D-B84D370B3648}.Maya_Debug|Win32.ActiveCfg = Maya_Debug|Win32
		{3BD0B61B-5F3D-4D16-A71D-B84D370B3648}.Maya_Debug|Win32.Build.0 = Maya_Debug|Win32
		{3BD0B61B-5F3D-4D16-A71D-B84D370B3648}.Maya_Release|Win32.ActiveCfg = Maya_Release|Win32
		{3BD0B61B-5F3D-4D16-A71D-B84D370B3648}.Maya_Release|Win32.Build.0 = Maya_Release|Win32
		{89A0ECDD-50AD-446F-B4A9-D7C13C157DD9}.Debug|Win32.ActiveCfg = Debug|Win32
		{89A0ECDD-50AD-446F-B4A9-D7C13C157DD9}.Debug|Win32.Build.0 = Debug|Win32
		{89A0ECDD-50AD-446F-B4A9-D7C13C157DD9}.Release|Win32.ActiveCfg = Release|Win32
		{89A0ECDD-50AD-446F-B4A9-D7C13C157DD9}.Release|Win32.Build.0 = Release|Win32
		{89A0ECDD-50AD-446F-B4A9-D7C13C157DD9}.Programming|Win32.ActiveCfg = Programming|Win32
		{89A0ECDD-50AD-446F-B4A9-D7C13C157DD9}.Programming|Win32.Build.0 = Programming|Win32
		{89A0ECDD-50AD-446F-B4A9-D7C13C157DD9}.Public_Build|Win32.ActiveCfg = Public_Build|Win32
		{89A0ECDD-50AD-446F-B4A9-D7C13C157DD9}.Public_Build|Win32.Build.0 = Public_Build|Win32
		{89A0ECDD-50AD-446F-B4A9-D7C13C157DD9}.Securom|Win32.ActiveCfg = Securom|Win32
		{89A0ECDD-50AD-446F-B4A9-D7C13C157DD9}.Securom|Win32.Build.0 = Securom|Win32
		{89A0ECDD-50AD-446F-B4A9-D7C13C157DD9}.Maya_Debug|Win32.ActiveCfg = Maya_Debug|Win32
		{89A0ECDD-50AD-446F-B4A9-D7C13C157DD9}.Maya_Debug|Win32.Build.0 = Maya_Debug|Win32
		{89A0ECDD-50AD-446F-B4A9-D7C13C157DD9}.Maya_Release|Win32.ActiveCfg = Maya_Release|Win32
		{89A0ECDD-50AD-446F-B4A9-D7C13C157DD9}.Maya_Release|Win32.Build.0 = Maya_Release|Win32
		{0855B73D-EFFC-4E02-80C5-4A6DB2D86A6C}.Debug|Win32.ActiveCfg = Debug|Win32
		{0855B73D-EFFC-4E02-80C5-4A6DB2D86A6C}.Debug|Win32.Build.0 = Debug|Win32
		{0855B73D-EFFC-4E02-80C5-4A6DB2D86A6C}.Release|Win32.ActiveCfg = Release|Win32
		{0855B73D-EFFC-4E02-80C5-4A6DB2D86A6C}.Release|Win32.Build.0 = Release|Win32
		{0855B73D-EFFC-4E02-80C5-4A6DB2D86A6C}.Programming|Win32.ActiveCfg = Programming|Win32
		{0855B73D-EFFC-4E02-80C5-4A6DB2D86A6C}.Programming|Win32.Build.0 = Programming|Win32
		{0855B73D-EFFC-4E02-80C5-4A6DB2D86A6C}.Public_Build|Win32.ActiveCfg = Public_Build|Win32
		{0855B73D-EFFC-4E02-80C5-4A6DB2D86A6C}.Public_Build|Win32.Build.0 = Public_Build|Win32
		{0855B73D-EFFC-4E02-80C5-4A6DB2D86A6C}.Securom|Win32.ActiveCfg = Securom|Win32
		{0855B73D-EFFC-4E02-80C5-4A6DB2D86A6C}.Securom|Win32.Build.0 = Securom|Win32
		{0855B73D-EFFC-4E02-80C5-4A6DB2D86A6C}.Maya_Debug|Win32.ActiveCfg = Maya_Debug|Win32
		{0855B73D-EFFC-4E02-80C5-4A6DB2D86A6C}.Maya_Debug|Win32.Build.0 = Maya_Debug|Win32
		{0855B73D-EFFC-4E02-80C5-4A6DB2D86A6C}.Maya_Release|Win32.ActiveCfg = Maya_Release|Win32
		{0855B73D-EFFC-4E02-80C5-4A6DB2D86A6C}.Maya_Release|Win32.Build.0 = Maya_Release|Win32
		{AEB1F8C8-3830-44D5-9AF0-D543BAA42BDC}.Debug|Win32.ActiveCfg = Debug|Win32
		{AEB1F8C8-3830-44D5-9AF0-D543BAA42BDC}.Debug|Win32.Build.0 = Debug|Win32
		{AEB1F8C8-3830-44D5-9AF0-D543BAA42BDC}.Release|Win32.ActiveCfg = Release|Win32
		{AEB1F8C8-3830-44D5-9AF0-D543BAA42BDC}.Release|Win32.Build.0 = Release|Win32
		{AEB1F8C8-3830-44D5-9AF0-D543BAA42BDC}.Programming|Win32.ActiveCfg = Programming|Win32
		{AEB1F8C8-3830-44D5-9AF0-D543BAA42BDC}.Programming|Win32.Build.0 = Programming|Win32
		{AEB1F8C8-3830-44D5-9AF0-D543BAA42BDC}.Public_Build|Win32.ActiveCfg = Public_Build|Win32
		{AEB1F8C8-3830-44D5-9AF0-D543BAA42BDC}.Public_Build|Win32.Build.0 = Public_Build|Win32
		{AEB1F8C8-3830-44D5-9AF0-D543BAA42BDC}.Securom|Win32.ActiveCfg = Securom|Win32
		{AEB1F8C8-3830-44D5-9AF0-D543BAA42BDC}.Securom|Win32.Build.0 = Securom|Win32
		{AEB1F8C8-3830-44D5-9AF0-D543BAA42BDC}.Maya_Debug|Win32.ActiveCfg = Maya_Debug|Win32
		{AEB1F8C8-3830-44D5-9AF0-D543BAA42BDC}.Maya_Debug|Win32.Build.0 = Maya_Debug|Win32
		{AEB1F8C8-3830-44D5-9AF0-D543BAA42BDC}.Maya_Release|Win32.ActiveCfg = Maya_Release|Win32
		{AEB1F8C8-3830-44D5-9AF0-D543BAA42BDC}.Maya_Release|Win32.Build.0 = Maya_Release|Win32
		{8AD145AE-4575-49E2-8C78-690A6FC9FD72}.Debug|Win32.ActiveCfg = Debug|Win32
		{8AD145AE-4575-49E2-8C78-690A6FC9FD72}.Debug|Win32.Build.0 = Debug|Win32
		{8AD145AE-4575-49E2-8C78-690A6FC9FD72}.Release|Win32.ActiveCfg = Release|Win32
		{8AD145AE-4575-49E2-8C78-690A6FC9FD72}.Release|Win32.Build.0 = Release|Win32
		{8AD145AE-4575-49E2-8C78-690A6FC9FD72}.Programming|Win32.ActiveCfg = Programming|Win32
		{8AD145AE-4575-49E2-8C78-690A6FC9FD72}.Programming|Win32.Build.0 = Programming|Win32
		{8AD145AE-4575-49E2-8C78-690A6FC9FD72}.Public_Build|Win32.ActiveCfg = Public_Build|Win32
		{8AD145AE-4575-49E2-8C78-690A6FC9FD72}.Public_Build|Win32.Build.0 = Public_Build|Win32
		{8AD145AE-4575-49E2-8C78-690A6FC9FD72}.Securom|Win32.ActiveCfg = Securom|Win32
		{8AD145AE-4575-49E2-8C78-690A6FC9FD72}.Securom|Win32.Build.0 = Securom|Win32
		{8AD145AE-4575-49E2-8C78-690A6FC9FD72}.Maya_Debug|Win32.ActiveCfg = Maya_Debug|Win32
		{8AD145AE-4575-49E2-8C78-690A6FC9FD72}.Maya_Debug|Win32.Build.0 = Maya_Debug|Win32
		{8AD145AE-4575-49E2-8C78-690A6FC9FD72}.Maya_Release|Win32.ActiveCfg = Maya_Release|Win32
		{8AD145AE-4575-49E2-8C78-690A6FC9FD72}.Maya_Release|Win32.Build.0 = Maya_Release|Win32
	EndGlobalSection
	GlobalSection(SolutionProperties) = preSolution
		HideSolutionNode = FALSE
	EndGlobalSection
	GlobalSection(NestedProjects) = preSolution
		{19BA1153-C9AF-46E3-9423-DE5B9BFD8D96} = {798777e9-b38c-4974-bee3-b1cd45f6a1e6}
		{2BBE4D72-FC8E-4626-84D3-C9D48DB0B17B} = {798777e9-b38c-4974-bee3-b1cd45f6a1e6}
		{C9D3C459-C11B-4E68-BBA1-0ED1AD4A0BD2} = {832A854F-2030-4EA4-86FE-EDEEC017E78E}
		{587E64DC-492C-4ED3-B25D-3B32E454A3D1} = {832A854F-2030-4EA4-86FE-EDEEC017E78E}
		{C2747BDC-411D-4D1E-9B61-E98B049F2EC2} = {832A854F-2030-4EA4-86FE-EDEEC017E78E}
		{B6449294-47DB-4B4B-A10E-FC242B6B2D46} = {832A854F-2030-4EA4-86FE-EDEEC017E78E}
		{6542D534-5AAC-43C7-8DA0-7235A2C33CAD} = {832A854F-2030-4EA4-86FE-EDEEC017E78E}
		{88903077-65D7-42C2-BA14-52A3AED0EB5B} = {832A854F-2030-4EA4-86FE-EDEEC017E78E}
		{0E519669-D37D-4638-8040-6DE56A402766} = {3B2AD919-B940-473D-A9CC-62428540DEC5}
		{3BD0B61B-5F3D-4D16-A71D-B84D370B3648} = {3B2AD919-B940-473D-A9CC-62428540DEC5}
		{89A0ECDD-50AD-446F-B4A9-D7C13C157DD9} = {3B2AD919-B940-473D-A9CC-62428540DEC5}
		{0855B73D-EFFC-4E02-80C5-4A6DB2D86A6C} = {3B2AD919-B940-473D-A9CC-62428540DEC5}
		{AEB1F8C8-3830-44D5-9AF0-D543BAA42BDC} = {3B2AD919-B940-473D-A9CC-62428540DEC5}
		{8AD145AE-4575-49E2-8C78-690A6FC9FD72} = {3B2AD919-B940-473D-A9CC-62428540DEC5}
	EndGlobalSection
EndGlobal
