Microsoft Visual Studio Solution File, Format Version 9.00
# Visual Studio 2005
Project("{2150E333-8FDC-42A3-9474-1A3956D46DE8}") = "NIDLs", "NIDLs", "{798777e9-b38c-4974-bee3-b1cd45f6a1e6}"
EndProject
Project("{2150E333-8FDC-42A3-9474-1A3956D46DE8}") = "Libs", "Libs", "{832A854F-2030-4EA4-86FE-EDEEC017E78E}"
EndProject
Project("{2150E333-8FDC-42A3-9474-1A3956D46DE8}") = "Exes", "Exes", "{3B2AD919-B940-473D-A9CC-62428540DEC5}"
EndProject
Project("{8BC9CEB8-8B4A-11D0-8D11-00A0C91BC942}") = "foundation_nidls_win32", "tools_win32.foundation_nidls_win32.vcproj", "{19BA1153-C9AF-46E3-9423-DE5B9BFD8D96}"
EndProject
Project("{8BC9CEB8-8B4A-11D0-8D11-00A0C91BC942}") = "render_nidls_win32", "tools_win32.render_nidls_win32.vcproj", "{2BBE4D72-FC8E-4626-84D3-C9D48DB0B17B}"
EndProject
Project("{8BC9CEB8-8B4A-11D0-8D11-00A0C91BC942}") = "application_nidls_win32", "tools_win32.application_nidls_win32.vcproj", "{9E995F0B-E908-4991-80D4-30328E3D61E7}"
EndProject
Project("{8BC9CEB8-8B4A-11D0-8D11-00A0C91BC942}") = "network_nidls_win32", "tools_win32.network_nidls_win32.vcproj", "{073D229E-070D-49DB-814F-659544553109}"
EndProject
Project("{8BC9CEB8-8B4A-11D0-8D11-00A0C91BC942}") = "foundation_win32", "tools_win32.foundation_win32.vcproj", "{C9D3C459-C11B-4E68-BBA1-0ED1AD4A0BD2}"
	ProjectSection(ProjectDependencies) = postProject
		{19BA1153-C9AF-46E3-9423-DE5B9BFD8D96} = {19BA1153-C9AF-46E3-9423-DE5B9BFD8D96}
	EndProjectSection
EndProject
Project("{8BC9CEB8-8B4A-11D0-8D11-00A0C91BC942}") = "render_win32", "tools_win32.render_win32.vcproj", "{587E64DC-492C-4ED3-B25D-3B32E454A3D1}"
	ProjectSection(ProjectDependencies) = postProject
		{2BBE4D72-FC8E-4626-84D3-C9D48DB0B17B} = {2BBE4D72-FC8E-4626-84D3-C9D48DB0B17B}
	EndProjectSection
EndProject
Project("{8BC9CEB8-8B4A-11D0-8D11-00A0C91BC942}") = "application_win32", "tools_win32.application_win32.vcproj", "{3508B607-DD05-47D7-9018-8779A3E1C9B3}"
	ProjectSection(ProjectDependencies) = postProject
		{9E995F0B-E908-4991-80D4-30328E3D61E7} = {9E995F0B-E908-4991-80D4-30328E3D61E7}
	EndProjectSection
EndProject
Project("{8BC9CEB8-8B4A-11D0-8D11-00A0C91BC942}") = "lua_win32", "tools_win32.lua_win32.vcproj", "{C2747BDC-411D-4D1E-9B61-E98B049F2EC2}"
EndProject
Project("{8BC9CEB8-8B4A-11D0-8D11-00A0C91BC942}") = "tinyxml_win32", "tools_win32.tinyxml_win32.vcproj", "{B6449294-47DB-4B4B-A10E-FC242B6B2D46}"
EndProject
Project("{8BC9CEB8-8B4A-11D0-8D11-00A0C91BC942}") = "zlib_win32", "tools_win32.zlib_win32.vcproj", "{6542D534-5AAC-43C7-8DA0-7235A2C33CAD}"
EndProject
Project("{8BC9CEB8-8B4A-11D0-8D11-00A0C91BC942}") = "db_win32", "tools_win32.db_win32.vcproj", "{AC977E53-647A-4B99-8D6E-077A04A6C43E}"
EndProject
Project("{8BC9CEB8-8B4A-11D0-8D11-00A0C91BC942}") = "sqlite_win32", "tools_win32.sqlite_win32.vcproj", "{EA280C4D-F158-4126-B4E9-6C64AE311CAE}"
EndProject
Project("{8BC9CEB8-8B4A-11D0-8D11-00A0C91BC942}") = "physics_win32", "tools_win32.physics_win32.vcproj", "{AE6DD4A7-1A6E-4AB3-86F1-9982AB39099B}"
EndProject
Project("{8BC9CEB8-8B4A-11D0-8D11-00A0C91BC942}") = "ode_win32", "tools_win32.ode_win32.vcproj", "{7429E72A-4A75-46CB-8D8F-552FF540B0C1}"
EndProject
Project("{8BC9CEB8-8B4A-11D0-8D11-00A0C91BC942}") = "opcode_win32", "tools_win32.opcode_win32.vcproj", "{1985406C-1F8F-4D4D-BD03-1310AF4FBA20}"
EndProject
Project("{8BC9CEB8-8B4A-11D0-8D11-00A0C91BC942}") = "gimpact_win32", "tools_win32.gimpact_win32.vcproj", "{3ABA5601-F5CF-456A-8B4E-DB6BD58CF1CA}"
EndProject
Project("{8BC9CEB8-8B4A-11D0-8D11-00A0C91BC942}") = "network_win32", "tools_win32.network_win32.vcproj", "{462FEF00-9D50-42CA-B8EB-2BF7F4667270}"
	ProjectSection(ProjectDependencies) = postProject
		{073D229E-070D-49DB-814F-659544553109} = {073D229E-070D-49DB-814F-659544553109}
	EndProjectSection
EndProject
Project("{8BC9CEB8-8B4A-11D0-8D11-00A0C91BC942}") = "testserver", "tools_win32.testserver.vcproj", "{A7B38736-2D46-407F-878C-128169256B57}"
	ProjectSection(ProjectDependencies) = postProject
		{C9D3C459-C11B-4E68-BBA1-0ED1AD4A0BD2} = {C9D3C459-C11B-4E68-BBA1-0ED1AD4A0BD2}
		{C2747BDC-411D-4D1E-9B61-E98B049F2EC2} = {C2747BDC-411D-4D1E-9B61-E98B049F2EC2}
		{6542D534-5AAC-43C7-8DA0-7235A2C33CAD} = {6542D534-5AAC-43C7-8DA0-7235A2C33CAD}
		{B6449294-47DB-4B4B-A10E-FC242B6B2D46} = {B6449294-47DB-4B4B-A10E-FC242B6B2D46}
	EndProjectSection
EndProject
Project("{8BC9CEB8-8B4A-11D0-8D11-00A0C91BC942}") = "testclient", "tools_win32.testclient.vcproj", "{4E8652B6-F06A-4302-81FC-2066FDE76EB6}"
	ProjectSection(ProjectDependencies) = postProject
		{C9D3C459-C11B-4E68-BBA1-0ED1AD4A0BD2} = {C9D3C459-C11B-4E68-BBA1-0ED1AD4A0BD2}
		{C2747BDC-411D-4D1E-9B61-E98B049F2EC2} = {C2747BDC-411D-4D1E-9B61-E98B049F2EC2}
		{6542D534-5AAC-43C7-8DA0-7235A2C33CAD} = {6542D534-5AAC-43C7-8DA0-7235A2C33CAD}
		{B6449294-47DB-4B4B-A10E-FC242B6B2D46} = {B6449294-47DB-4B4B-A10E-FC242B6B2D46}
	EndProjectSection
EndProject
Project("{8BC9CEB8-8B4A-11D0-8D11-00A0C91BC942}") = "nsh3", "tools_win32.nsh3.vcproj", "{983A603A-EB34-4064-AC1E-844BD99346CC}"
	ProjectSection(ProjectDependencies) = postProject
		{C9D3C459-C11B-4E68-BBA1-0ED1AD4A0BD2} = {C9D3C459-C11B-4E68-BBA1-0ED1AD4A0BD2}
		{C2747BDC-411D-4D1E-9B61-E98B049F2EC2} = {C2747BDC-411D-4D1E-9B61-E98B049F2EC2}
		{6542D534-5AAC-43C7-8DA0-7235A2C33CAD} = {6542D534-5AAC-43C7-8DA0-7235A2C33CAD}
		{B6449294-47DB-4B4B-A10E-FC242B6B2D46} = {B6449294-47DB-4B4B-A10E-FC242B6B2D46}
	EndProjectSection
EndProject
Project("{8BC9CEB8-8B4A-11D0-8D11-00A0C91BC942}") = "nsc3", "tools_win32.nsc3.vcproj", "{E69A9034-E3D7-4867-A689-1138AAEFF238}"
	ProjectSection(ProjectDependencies) = postProject
		{C9D3C459-C11B-4E68-BBA1-0ED1AD4A0BD2} = {C9D3C459-C11B-4E68-BBA1-0ED1AD4A0BD2}
		{C2747BDC-411D-4D1E-9B61-E98B049F2EC2} = {C2747BDC-411D-4D1E-9B61-E98B049F2EC2}
		{6542D534-5AAC-43C7-8DA0-7235A2C33CAD} = {6542D534-5AAC-43C7-8DA0-7235A2C33CAD}
		{B6449294-47DB-4B4B-A10E-FC242B6B2D46} = {B6449294-47DB-4B4B-A10E-FC242B6B2D46}
	EndProjectSection
EndProject
Project("{8BC9CEB8-8B4A-11D0-8D11-00A0C91BC942}") = "nviewer3", "tools_win32.nviewer3.vcproj", "{3FB90042-FF3C-45BA-B3D9-3C8BAB11D6A8}"
	ProjectSection(ProjectDependencies) = postProject
		{C9D3C459-C11B-4E68-BBA1-0ED1AD4A0BD2} = {C9D3C459-C11B-4E68-BBA1-0ED1AD4A0BD2}
		{587E64DC-492C-4ED3-B25D-3B32E454A3D1} = {587E64DC-492C-4ED3-B25D-3B32E454A3D1}
		{C2747BDC-411D-4D1E-9B61-E98B049F2EC2} = {C2747BDC-411D-4D1E-9B61-E98B049F2EC2}
		{6542D534-5AAC-43C7-8DA0-7235A2C33CAD} = {6542D534-5AAC-43C7-8DA0-7235A2C33CAD}
		{B6449294-47DB-4B4B-A10E-FC242B6B2D46} = {B6449294-47DB-4B4B-A10E-FC242B6B2D46}
	EndProjectSection
EndProject
Project("{8BC9CEB8-8B4A-11D0-8D11-00A0C91BC942}") = "testviewer", "tools_win32.testviewer.vcproj", "{86E5BADA-9FC3-4689-9ACE-7B62DE09C685}"
	ProjectSection(ProjectDependencies) = postProject
		{C9D3C459-C11B-4E68-BBA1-0ED1AD4A0BD2} = {C9D3C459-C11B-4E68-BBA1-0ED1AD4A0BD2}
		{587E64DC-492C-4ED3-B25D-3B32E454A3D1} = {587E64DC-492C-4ED3-B25D-3B32E454A3D1}
		{C2747BDC-411D-4D1E-9B61-E98B049F2EC2} = {C2747BDC-411D-4D1E-9B61-E98B049F2EC2}
		{6542D534-5AAC-43C7-8DA0-7235A2C33CAD} = {6542D534-5AAC-43C7-8DA0-7235A2C33CAD}
		{B6449294-47DB-4B4B-A10E-FC242B6B2D46} = {B6449294-47DB-4B4B-A10E-FC242B6B2D46}
	EndProjectSection
EndProject
Project("{8BC9CEB8-8B4A-11D0-8D11-00A0C91BC942}") = "testgame", "tools_win32.testgame.vcproj", "{5A78E3A4-DCBD-4BF7-952B-8679DF111DAC}"
	ProjectSection(ProjectDependencies) = postProject
		{C9D3C459-C11B-4E68-BBA1-0ED1AD4A0BD2} = {C9D3C459-C11B-4E68-BBA1-0ED1AD4A0BD2}
		{587E64DC-492C-4ED3-B25D-3B32E454A3D1} = {587E64DC-492C-4ED3-B25D-3B32E454A3D1}
		{3508B607-DD05-47D7-9018-8779A3E1C9B3} = {3508B607-DD05-47D7-9018-8779A3E1C9B3}
		{AE6DD4A7-1A6E-4AB3-86F1-9982AB39099B} = {AE6DD4A7-1A6E-4AB3-86F1-9982AB39099B}
		{7429E72A-4A75-46CB-8D8F-552FF540B0C1} = {7429E72A-4A75-46CB-8D8F-552FF540B0C1}
		{1985406C-1F8F-4D4D-BD03-1310AF4FBA20} = {1985406C-1F8F-4D4D-BD03-1310AF4FBA20}
		{3ABA5601-F5CF-456A-8B4E-DB6BD58CF1CA} = {3ABA5601-F5CF-456A-8B4E-DB6BD58CF1CA}
		{AC977E53-647A-4B99-8D6E-077A04A6C43E} = {AC977E53-647A-4B99-8D6E-077A04A6C43E}
		{EA280C4D-F158-4126-B4E9-6C64AE311CAE} = {EA280C4D-F158-4126-B4E9-6C64AE311CAE}
		{C2747BDC-411D-4D1E-9B61-E98B049F2EC2} = {C2747BDC-411D-4D1E-9B61-E98B049F2EC2}
		{6542D534-5AAC-43C7-8DA0-7235A2C33CAD} = {6542D534-5AAC-43C7-8DA0-7235A2C33CAD}
		{B6449294-47DB-4B4B-A10E-FC242B6B2D46} = {B6449294-47DB-4B4B-A10E-FC242B6B2D46}
	EndProjectSection
EndProject
Project("{8BC9CEB8-8B4A-11D0-8D11-00A0C91BC942}") = "genrandtable", "tools_win32.genrandtable.vcproj", "{BBBA67F0-4300-4F94-82FE-4B0A086FCD54}"
	ProjectSection(ProjectDependencies) = postProject
		{C9D3C459-C11B-4E68-BBA1-0ED1AD4A0BD2} = {C9D3C459-C11B-4E68-BBA1-0ED1AD4A0BD2}
		{C2747BDC-411D-4D1E-9B61-E98B049F2EC2} = {C2747BDC-411D-4D1E-9B61-E98B049F2EC2}
		{6542D534-5AAC-43C7-8DA0-7235A2C33CAD} = {6542D534-5AAC-43C7-8DA0-7235A2C33CAD}
		{B6449294-47DB-4B4B-A10E-FC242B6B2D46} = {B6449294-47DB-4B4B-A10E-FC242B6B2D46}
	EndProjectSection
EndProject
Project("{8BC9CEB8-8B4A-11D0-8D11-00A0C91BC942}") = "testnetwork", "tools_win32.testnetwork.vcproj", "{961486E0-6BE1-4B65-B10B-7C8C728CFC6A}"
	ProjectSection(ProjectDependencies) = postProject
		{C9D3C459-C11B-4E68-BBA1-0ED1AD4A0BD2} = {C9D3C459-C11B-4E68-BBA1-0ED1AD4A0BD2}
		{587E64DC-492C-4ED3-B25D-3B32E454A3D1} = {587E64DC-492C-4ED3-B25D-3B32E454A3D1}
		{3508B607-DD05-47D7-9018-8779A3E1C9B3} = {3508B607-DD05-47D7-9018-8779A3E1C9B3}
		{AE6DD4A7-1A6E-4AB3-86F1-9982AB39099B} = {AE6DD4A7-1A6E-4AB3-86F1-9982AB39099B}
		{7429E72A-4A75-46CB-8D8F-552FF540B0C1} = {7429E72A-4A75-46CB-8D8F-552FF540B0C1}
		{1985406C-1F8F-4D4D-BD03-1310AF4FBA20} = {1985406C-1F8F-4D4D-BD03-1310AF4FBA20}
		{3ABA5601-F5CF-456A-8B4E-DB6BD58CF1CA} = {3ABA5601-F5CF-456A-8B4E-DB6BD58CF1CA}
		{AC977E53-647A-4B99-8D6E-077A04A6C43E} = {AC977E53-647A-4B99-8D6E-077A04A6C43E}
		{EA280C4D-F158-4126-B4E9-6C64AE311CAE} = {EA280C4D-F158-4126-B4E9-6C64AE311CAE}
		{462FEF00-9D50-42CA-B8EB-2BF7F4667270} = {462FEF00-9D50-42CA-B8EB-2BF7F4667270}
		{C2747BDC-411D-4D1E-9B61-E98B049F2EC2} = {C2747BDC-411D-4D1E-9B61-E98B049F2EC2}
		{6542D534-5AAC-43C7-8DA0-7235A2C33CAD} = {6542D534-5AAC-43C7-8DA0-7235A2C33CAD}
		{B6449294-47DB-4B4B-A10E-FC242B6B2D46} = {B6449294-47DB-4B4B-A10E-FC242B6B2D46}
	EndProjectSection
EndProject
Global
	GlobalSection(SolutionConfigurationPlatforms) = preSolution
		Debug|Win32 = Debug|Win32
		Release|Win32 = Release|Win32
		Programming|Win32 = Programming|Win32
		Public_Build|Win32 = Public_Build|Win32
		Securom|Win32 = Securom|Win32
		Maya_Debug|Win32 = Maya_Debug|Win32
		Maya_Release|Win32 = Maya_Release|Win32
	EndGlobalSection
	GlobalSection(ProjectConfigurationPlatforms) = postSolution
		{19BA1153-C9AF-46E3-9423-DE5B9BFD8D96}.Debug|Win32.ActiveCfg = Debug|Win32
		{19BA1153-C9AF-46E3-9423-DE5B9BFD8D96}.Debug|Win32.Build.0 = Debug|Win32
		{19BA1153-C9AF-46E3-9423-DE5B9BFD8D96}.Release|Win32.ActiveCfg = Release|Win32
		{19BA1153-C9AF-46E3-9423-DE5B9BFD8D96}.Release|Win32.Build.0 = Release|Win32
		{19BA1153-C9AF-46E3-9423-DE5B9BFD8D96}.Programming|Win32.ActiveCfg = Programming|Win32
		{19BA1153-C9AF-46E3-9423-DE5B9BFD8D96}.Programming|Win32.Build.0 = Programming|Win32
		{19BA1153-C9AF-46E3-9423-DE5B9BFD8D96}.Public_Build|Win32.ActiveCfg = Public_Build|Win32
		{19BA1153-C9AF-46E3-9423-DE5B9BFD8D96}.Public_Build|Win32.Build.0 = Public_Build|Win32
		{19BA1153-C9AF-46E3-9423-DE5B9BFD8D96}.Securom|Win32.ActiveCfg = Securom|Win32
		{19BA1153-C9AF-46E3-9423-DE5B9BFD8D96}.Securom|Win32.Build.0 = Securom|Win32
		{19BA1153-C9AF-46E3-9423-DE5B9BFD8D96}.Maya_Debug|Win32.ActiveCfg = Maya_Debug|Win32
		{19BA1153-C9AF-46E3-9423-DE5B9BFD8D96}.Maya_Debug|Win32.Build.0 = Maya_Debug|Win32
		{19BA1153-C9AF-46E3-9423-DE5B9BFD8D96}.Maya_Release|Win32.ActiveCfg = Maya_Release|Win32
		{19BA1153-C9AF-46E3-9423-DE5B9BFD8D96}.Maya_Release|Win32.Build.0 = Maya_Release|Win32
		{2BBE4D72-FC8E-4626-84D3-C9D48DB0B17B}.Debug|Win32.ActiveCfg = Debug|Win32
		{2BBE4D72-FC8E-4626-84D3-C9D48DB0B17B}.Debug|Win32.Build.0 = Debug|Win32
		{2BBE4D72-FC8E-4626-84D3-C9D48DB0B17B}.Release|Win32.ActiveCfg = Release|Win32
		{2BBE4D72-FC8E-4626-84D3-C9D48DB0B17B}.Release|Win32.Build.0 = Release|Win32
		{2BBE4D72-FC8E-4626-84D3-C9D48DB0B17B}.Programming|Win32.ActiveCfg = Programming|Win32
		{2BBE4D72-FC8E-4626-84D3-C9D48DB0B17B}.Programming|Win32.Build.0 = Programming|Win32
		{2BBE4D72-FC8E-4626-84D3-C9D48DB0B17B}.Public_Build|Win32.ActiveCfg = Public_Build|Win32
		{2BBE4D72-FC8E-4626-84D3-C9D48DB0B17B}.Public_Build|Win32.Build.0 = Public_Build|Win32
		{2BBE4D72-FC8E-4626-84D3-C9D48DB0B17B}.Securom|Win32.ActiveCfg = Securom|Win32
		{2BBE4D72-FC8E-4626-84D3-C9D48DB0B17B}.Securom|Win32.Build.0 = Securom|Win32
		{2BBE4D72-FC8E-4626-84D3-C9D48DB0B17B}.Maya_Debug|Win32.ActiveCfg = Maya_Debug|Win32
		{2BBE4D72-FC8E-4626-84D3-C9D48DB0B17B}.Maya_Debug|Win32.Build.0 = Maya_Debug|Win32
		{2BBE4D72-FC8E-4626-84D3-C9D48DB0B17B}.Maya_Release|Win32.ActiveCfg = Maya_Release|Win32
		{2BBE4D72-FC8E-4626-84D3-C9D48DB0B17B}.Maya_Release|Win32.Build.0 = Maya_Release|Win32
		{9E995F0B-E908-4991-80D4-30328E3D61E7}.Debug|Win32.ActiveCfg = Debug|Win32
		{9E995F0B-E908-4991-80D4-30328E3D61E7}.Debug|Win32.Build.0 = Debug|Win32
		{9E995F0B-E908-4991-80D4-30328E3D61E7}.Release|Win32.ActiveCfg = Release|Win32
		{9E995F0B-E908-4991-80D4-30328E3D61E7}.Release|Win32.Build.0 = Release|Win32
		{9E995F0B-E908-4991-80D4-30328E3D61E7}.Programming|Win32.ActiveCfg = Programming|Win32
		{9E995F0B-E908-4991-80D4-30328E3D61E7}.Programming|Win32.Build.0 = Programming|Win32
		{9E995F0B-E908-4991-80D4-30328E3D61E7}.Public_Build|Win32.ActiveCfg = Public_Build|Win32
		{9E995F0B-E908-4991-80D4-30328E3D61E7}.Public_Build|Win32.Build.0 = Public_Build|Win32
		{9E995F0B-E908-4991-80D4-30328E3D61E7}.Securom|Win32.ActiveCfg = Securom|Win32
		{9E995F0B-E908-4991-80D4-30328E3D61E7}.Securom|Win32.Build.0 = Securom|Win32
		{9E995F0B-E908-4991-80D4-30328E3D61E7}.Maya_Debug|Win32.ActiveCfg = Maya_Debug|Win32
		{9E995F0B-E908-4991-80D4-30328E3D61E7}.Maya_Debug|Win32.Build.0 = Maya_Debug|Win32
		{9E995F0B-E908-4991-80D4-30328E3D61E7}.Maya_Release|Win32.ActiveCfg = Maya_Release|Win32
		{9E995F0B-E908-4991-80D4-30328E3D61E7}.Maya_Release|Win32.Build.0 = Maya_Release|Win32
		{073D229E-070D-49DB-814F-659544553109}.Debug|Win32.ActiveCfg = Debug|Win32
		{073D229E-070D-49DB-814F-659544553109}.Debug|Win32.Build.0 = Debug|Win32
		{073D229E-070D-49DB-814F-659544553109}.Release|Win32.ActiveCfg = Release|Win32
		{073D229E-070D-49DB-814F-659544553109}.Release|Win32.Build.0 = Release|Win32
		{073D229E-070D-49DB-814F-659544553109}.Programming|Win32.ActiveCfg = Programming|Win32
		{073D229E-070D-49DB-814F-659544553109}.Programming|Win32.Build.0 = Programming|Win32
		{073D229E-070D-49DB-814F-659544553109}.Public_Build|Win32.ActiveCfg = Public_Build|Win32
		{073D229E-070D-49DB-814F-659544553109}.Public_Build|Win32.Build.0 = Public_Build|Win32
		{073D229E-070D-49DB-814F-659544553109}.Securom|Win32.ActiveCfg = Securom|Win32
		{073D229E-070D-49DB-814F-659544553109}.Securom|Win32.Build.0 = Securom|Win32
		{073D229E-070D-49DB-814F-659544553109}.Maya_Debug|Win32.ActiveCfg = Maya_Debug|Win32
		{073D229E-070D-49DB-814F-659544553109}.Maya_Debug|Win32.Build.0 = Maya_Debug|Win32
		{073D229E-070D-49DB-814F-659544553109}.Maya_Release|Win32.ActiveCfg = Maya_Release|Win32
		{073D229E-070D-49DB-814F-659544553109}.Maya_Release|Win32.Build.0 = Maya_Release|Win32
		{C9D3C459-C11B-4E68-BBA1-0ED1AD4A0BD2}.Debug|Win32.ActiveCfg = Debug|Win32
		{C9D3C459-C11B-4E68-BBA1-0ED1AD4A0BD2}.Debug|Win32.Build.0 = Debug|Win32
		{C9D3C459-C11B-4E68-BBA1-0ED1AD4A0BD2}.Release|Win32.ActiveCfg = Release|Win32
		{C9D3C459-C11B-4E68-BBA1-0ED1AD4A0BD2}.Release|Win32.Build.0 = Release|Win32
		{C9D3C459-C11B-4E68-BBA1-0ED1AD4A0BD2}.Programming|Win32.ActiveCfg = Programming|Win32
		{C9D3C459-C11B-4E68-BBA1-0ED1AD4A0BD2}.Programming|Win32.Build.0 = Programming|Win32
		{C9D3C459-C11B-4E68-BBA1-0ED1AD4A0BD2}.Public_Build|Win32.ActiveCfg = Public_Build|Win32
		{C9D3C459-C11B-4E68-BBA1-0ED1AD4A0BD2}.Public_Build|Win32.Build.0 = Public_Build|Win32
		{C9D3C459-C11B-4E68-BBA1-0ED1AD4A0BD2}.Securom|Win32.ActiveCfg = Securom|Win32
		{C9D3C459-C11B-4E68-BBA1-0ED1AD4A0BD2}.Securom|Win32.Build.0 = Securom|Win32
		{C9D3C459-C11B-4E68-BBA1-0ED1AD4A0BD2}.Maya_Debug|Win32.ActiveCfg = Maya_Debug|Win32
		{C9D3C459-C11B-4E68-BBA1-0ED1AD4A0BD2}.Maya_Debug|Win32.Build.0 = Maya_Debug|Win32
		{C9D3C459-C11B-4E68-BBA1-0ED1AD4A0BD2}.Maya_Release|Win32.ActiveCfg = Maya_Release|Win32
		{C9D3C459-C11B-4E68-BBA1-0ED1AD4A0BD2}.Maya_Release|Win32.Build.0 = Maya_Release|Win32
		{587E64DC-492C-4ED3-B25D-3B32E454A3D1}.Debug|Win32.ActiveCfg = Debug|Win32
		{587E64DC-492C-4ED3-B25D-3B32E454A3D1}.Debug|Win32.Build.0 = Debug|Win32
		{587E64DC-492C-4ED3-B25D-3B32E454A3D1}.Release|Win32.ActiveCfg = Release|Win32
		{587E64DC-492C-4ED3-B25D-3B32E454A3D1}.Release|Win32.Build.0 = Release|Win32
		{587E64DC-492C-4ED3-B25D-3B32E454A3D1}.Programming|Win32.ActiveCfg = Programming|Win32
		{587E64DC-492C-4ED3-B25D-3B32E454A3D1}.Programming|Win32.Build.0 = Programming|Win32
		{587E64DC-492C-4ED3-B25D-3B32E454A3D1}.Public_Build|Win32.ActiveCfg = Public_Build|Win32
		{587E64DC-492C-4ED3-B25D-3B32E454A3D1}.Public_Build|Win32.Build.0 = Public_Build|Win32
		{587E64DC-492C-4ED3-B25D-3B32E454A3D1}.Securom|Win32.ActiveCfg = Securom|Win32
		{587E64DC-492C-4ED3-B25D-3B32E454A3D1}.Securom|Win32.Build.0 = Securom|Win32
		{587E64DC-492C-4ED3-B25D-3B32E454A3D1}.Maya_Debug|Win32.ActiveCfg = Maya_Debug|Win32
		{587E64DC-492C-4ED3-B25D-3B32E454A3D1}.Maya_Debug|Win32.Build.0 = Maya_Debug|Win32
		{587E64DC-492C-4ED3-B25D-3B32E454A3D1}.Maya_Release|Win32.ActiveCfg = Maya_Release|Win32
		{587E64DC-492C-4ED3-B25D-3B32E454A3D1}.Maya_Release|Win32.Build.0 = Maya_Release|Win32
		{3508B607-DD05-47D7-9018-8779A3E1C9B3}.Debug|Win32.ActiveCfg = Debug|Win32
		{3508B607-DD05-47D7-9018-8779A3E1C9B3}.Debug|Win32.Build.0 = Debug|Win32
		{3508B607-DD05-47D7-9018-8779A3E1C9B3}.Release|Win32.ActiveCfg = Release|Win32
		{3508B607-DD05-47D7-9018-8779A3E1C9B3}.Release|Win32.Build.0 = Release|Win32
		{3508B607-DD05-47D7-9018-8779A3E1C9B3}.Programming|Win32.ActiveCfg = Programming|Win32
		{3508B607-DD05-47D7-9018-8779A3E1C9B3}.Programming|Win32.Build.0 = Programming|Win32
		{3508B607-DD05-47D7-9018-8779A3E1C9B3}.Public_Build|Win32.ActiveCfg = Public_Build|Win32
		{3508B607-DD05-47D7-9018-8779A3E1C9B3}.Public_Build|Win32.Build.0 = Public_Build|Win32
		{3508B607-DD05-47D7-9018-8779A3E1C9B3}.Securom|Win32.ActiveCfg = Securom|Win32
		{3508B607-DD05-47D7-9018-8779A3E1C9B3}.Securom|Win32.Build.0 = Securom|Win32
		{3508B607-DD05-47D7-9018-8779A3E1C9B3}.Maya_Debug|Win32.ActiveCfg = Maya_Debug|Win32
		{3508B607-DD05-47D7-9018-8779A3E1C9B3}.Maya_Debug|Win32.Build.0 = Maya_Debug|Win32
		{3508B607-DD05-47D7-9018-8779A3E1C9B3}.Maya_Release|Win32.ActiveCfg = Maya_Release|Win32
		{3508B607-DD05-47D7-9018-8779A3E1C9B3}.Maya_Release|Win32.Build.0 = Maya_Release|Win32
		{C2747BDC-411D-4D1E-9B61-E98B049F2EC2}.Debug|Win32.ActiveCfg = Debug|Win32
		{C2747BDC-411D-4D1E-9B61-E98B049F2EC2}.Debug|Win32.Build.0 = Debug|Win32
		{C2747BDC-411D-4D1E-9B61-E98B049F2EC2}.Release|Win32.ActiveCfg = Release|Win32
		{C2747BDC-411D-4D1E-9B61-E98B049F2EC2}.Release|Win32.Build.0 = Release|Win32
		{C2747BDC-411D-4D1E-9B61-E98B049F2EC2}.Programming|Win32.ActiveCfg = Programming|Win32
		{C2747BDC-411D-4D1E-9B61-E98B049F2EC2}.Programming|Win32.Build.0 = Programming|Win32
		{C2747BDC-411D-4D1E-9B61-E98B049F2EC2}.Public_Build|Win32.ActiveCfg = Public_Build|Win32
		{C2747BDC-411D-4D1E-9B61-E98B049F2EC2}.Public_Build|Win32.Build.0 = Public_Build|Win32
		{C2747BDC-411D-4D1E-9B61-E98B049F2EC2}.Securom|Win32.ActiveCfg = Securom|Win32
		{C2747BDC-411D-4D1E-9B61-E98B049F2EC2}.Securom|Win32.Build.0 = Securom|Win32
		{C2747BDC-411D-4D1E-9B61-E98B049F2EC2}.Maya_Debug|Win32.ActiveCfg = Maya_Debug|Win32
		{C2747BDC-411D-4D1E-9B61-E98B049F2EC2}.Maya_Debug|Win32.Build.0 = Maya_Debug|Win32
		{C2747BDC-411D-4D1E-9B61-E98B049F2EC2}.Maya_Release|Win32.ActiveCfg = Maya_Release|Win32
		{C2747BDC-411D-4D1E-9B61-E98B049F2EC2}.Maya_Release|Win32.Build.0 = Maya_Release|Win32
		{B6449294-47DB-4B4B-A10E-FC242B6B2D46}.Debug|Win32.ActiveCfg = Debug|Win32
		{B6449294-47DB-4B4B-A10E-FC242B6B2D46}.Debug|Win32.Build.0 = Debug|Win32
		{B6449294-47DB-4B4B-A10E-FC242B6B2D46}.Release|Win32.ActiveCfg = Release|Win32
		{B6449294-47DB-4B4B-A10E-FC242B6B2D46}.Release|Win32.Build.0 = Release|Win32
		{B6449294-47DB-4B4B-A10E-FC242B6B2D46}.Programming|Win32.ActiveCfg = Programming|Win32
		{B6449294-47DB-4B4B-A10E-FC242B6B2D46}.Programming|Win32.Build.0 = Programming|Win32
		{B6449294-47DB-4B4B-A10E-FC242B6B2D46}.Public_Build|Win32.ActiveCfg = Public_Build|Win32
		{B6449294-47DB-4B4B-A10E-FC242B6B2D46}.Public_Build|Win32.Build.0 = Public_Build|Win32
		{B6449294-47DB-4B4B-A10E-FC242B6B2D46}.Securom|Win32.ActiveCfg = Securom|Win32
		{B6449294-47DB-4B4B-A10E-FC242B6B2D46}.Securom|Win32.Build.0 = Securom|Win32
		{B6449294-47DB-4B4B-A10E-FC242B6B2D46}.Maya_Debug|Win32.ActiveCfg = Maya_Debug|Win32
		{B6449294-47DB-4B4B-A10E-FC242B6B2D46}.Maya_Debug|Win32.Build.0 = Maya_Debug|Win32
		{B6449294-47DB-4B4B-A10E-FC242B6B2D46}.Maya_Release|Win32.ActiveCfg = Maya_Release|Win32
		{B6449294-47DB-4B4B-A10E-FC242B6B2D46}.Maya_Release|Win32.Build.0 = Maya_Release|Win32
		{6542D534-5AAC-43C7-8DA0-7235A2C33CAD}.Debug|Win32.ActiveCfg = Debug|Win32
		{6542D534-5AAC-43C7-8DA0-7235A2C33CAD}.Debug|Win32.Build.0 = Debug|Win32
		{6542D534-5AAC-43C7-8DA0-7235A2C33CAD}.Release|Win32.ActiveCfg = Release|Win32
		{6542D534-5AAC-43C7-8DA0-7235A2C33CAD}.Release|Win32.Build.0 = Release|Win32
		{6542D534-5AAC-43C7-8DA0-7235A2C33CAD}.Programming|Win32.ActiveCfg = Programming|Win32
		{6542D534-5AAC-43C7-8DA0-7235A2C33CAD}.Programming|Win32.Build.0 = Programming|Win32
		{6542D534-5AAC-43C7-8DA0-7235A2C33CAD}.Public_Build|Win32.ActiveCfg = Public_Build|Win32
		{6542D534-5AAC-43C7-8DA0-7235A2C33CAD}.Public_Build|Win32.Build.0 = Public_Build|Win32
		{6542D534-5AAC-43C7-8DA0-7235A2C33CAD}.Securom|Win32.ActiveCfg = Securom|Win32
		{6542D534-5AAC-43C7-8DA0-7235A2C33CAD}.Securom|Win32.Build.0 = Securom|Win32
		{6542D534-5AAC-43C7-8DA0-7235A2C33CAD}.Maya_Debug|Win32.ActiveCfg = Maya_Debug|Win32
		{6542D534-5AAC-43C7-8DA0-7235A2C33CAD}.Maya_Debug|Win32.Build.0 = Maya_Debug|Win32
		{6542D534-5AAC-43C7-8DA0-7235A2C33CAD}.Maya_Release|Win32.ActiveCfg = Maya_Release|Win32
		{6542D534-5AAC-43C7-8DA0-7235A2C33CAD}.Maya_Release|Win32.Build.0 = Maya_Release|Win32
		{AC977E53-647A-4B99-8D6E-077A04A6C43E}.Debug|Win32.ActiveCfg = Debug|Win32
		{AC977E53-647A-4B99-8D6E-077A04A6C43E}.Debug|Win32.Build.0 = Debug|Win32
		{AC977E53-647A-4B99-8D6E-077A04A6C43E}.Release|Win32.ActiveCfg = Release|Win32
		{AC977E53-647A-4B99-8D6E-077A04A6C43E}.Release|Win32.Build.0 = Release|Win32
		{AC977E53-647A-4B99-8D6E-077A04A6C43E}.Programming|Win32.ActiveCfg = Programming|Win32
		{AC977E53-647A-4B99-8D6E-077A04A6C43E}.Programming|Win32.Build.0 = Programming|Win32
		{AC977E53-647A-4B99-8D6E-077A04A6C43E}.Public_Build|Win32.ActiveCfg = Public_Build|Win32
		{AC977E53-647A-4B99-8D6E-077A04A6C43E}.Public_Build|Win32.Build.0 = Public_Build|Win32
		{AC977E53-647A-4B99-8D6E-077A04A6C43E}.Securom|Win32.ActiveCfg = Securom|Win32
		{AC977E53-647A-4B99-8D6E-077A04A6C43E}.Securom|Win32.Build.0 = Securom|Win32
		{AC977E53-647A-4B99-8D6E-077A04A6C43E}.Maya_Debug|Win32.ActiveCfg = Maya_Debug|Win32
		{AC977E53-647A-4B99-8D6E-077A04A6C43E}.Maya_Debug|Win32.Build.0 = Maya_Debug|Win32
		{AC977E53-647A-4B99-8D6E-077A04A6C43E}.Maya_Release|Win32.ActiveCfg = Maya_Release|Win32
		{AC977E53-647A-4B99-8D6E-077A04A6C43E}.Maya_Release|Win32.Build.0 = Maya_Release|Win32
		{EA280C4D-F158-4126-B4E9-6C64AE311CAE}.Debug|Win32.ActiveCfg = Debug|Win32
		{EA280C4D-F158-4126-B4E9-6C64AE311CAE}.Debug|Win32.Build.0 = Debug|Win32
		{EA280C4D-F158-4126-B4E9-6C64AE311CAE}.Release|Win32.ActiveCfg = Release|Win32
		{EA280C4D-F158-4126-B4E9-6C64AE311CAE}.Release|Win32.Build.0 = Release|Win32
		{EA280C4D-F158-4126-B4E9-6C64AE311CAE}.Programming|Win32.ActiveCfg = Programming|Win32
		{EA280C4D-F158-4126-B4E9-6C64AE311CAE}.Programming|Win32.Build.0 = Programming|Win32
		{EA280C4D-F158-4126-B4E9-6C64AE311CAE}.Public_Build|Win32.ActiveCfg = Public_Build|Win32
		{EA280C4D-F158-4126-B4E9-6C64AE311CAE}.Public_Build|Win32.Build.0 = Public_Build|Win32
		{EA280C4D-F158-4126-B4E9-6C64AE311CAE}.Securom|Win32.ActiveCfg = Securom|Win32
		{EA280C4D-F158-4126-B4E9-6C64AE311CAE}.Securom|Win32.Build.0 = Securom|Win32
		{EA280C4D-F158-4126-B4E9-6C64AE311CAE}.Maya_Debug|Win32.ActiveCfg = Maya_Debug|Win32
		{EA280C4D-F158-4126-B4E9-6C64AE311CAE}.Maya_Debug|Win32.Build.0 = Maya_Debug|Win32
		{EA280C4D-F158-4126-B4E9-6C64AE311CAE}.Maya_Release|Win32.ActiveCfg = Maya_Release|Win32
		{EA280C4D-F158-4126-B4E9-6C64AE311CAE}.Maya_Release|Win32.Build.0 = Maya_Release|Win32
		{AE6DD4A7-1A6E-4AB3-86F1-9982AB39099B}.Debug|Win32.ActiveCfg = Debug|Win32
		{AE6DD4A7-1A6E-4AB3-86F1-9982AB39099B}.Debug|Win32.Build.0 = Debug|Win32
		{AE6DD4A7-1A6E-4AB3-86F1-9982AB39099B}.Release|Win32.ActiveCfg = Release|Win32
		{AE6DD4A7-1A6E-4AB3-86F1-9982AB39099B}.Release|Win32.Build.0 = Release|Win32
		{AE6DD4A7-1A6E-4AB3-86F1-9982AB39099B}.Programming|Win32.ActiveCfg = Programming|Win32
		{AE6DD4A7-1A6E-4AB3-86F1-9982AB39099B}.Programming|Win32.Build.0 = Programming|Win32
		{AE6DD4A7-1A6E-4AB3-86F1-9982AB39099B}.Public_Build|Win32.ActiveCfg = Public_Build|Win32
		{AE6DD4A7-1A6E-4AB3-86F1-9982AB39099B}.Public_Build|Win32.Build.0 = Public_Build|Win32
		{AE6DD4A7-1A6E-4AB3-86F1-9982AB39099B}.Securom|Win32.ActiveCfg = Securom|Win32
		{AE6DD4A7-1A6E-4AB3-86F1-9982AB39099B}.Securom|Win32.Build.0 = Securom|Win32
		{AE6DD4A7-1A6E-4AB3-86F1-9982AB39099B}.Maya_Debug|Win32.ActiveCfg = Maya_Debug|Win32
		{AE6DD4A7-1A6E-4AB3-86F1-9982AB39099B}.Maya_Debug|Win32.Build.0 = Maya_Debug|Win32
		{AE6DD4A7-1A6E-4AB3-86F1-9982AB39099B}.Maya_Release|Win32.ActiveCfg = Maya_Release|Win32
		{AE6DD4A7-1A6E-4AB3-86F1-9982AB39099B}.Maya_Release|Win32.Build.0 = Maya_Release|Win32
		{7429E72A-4A75-46CB-8D8F-552FF540B0C1}.Debug|Win32.ActiveCfg = Debug|Win32
		{7429E72A-4A75-46CB-8D8F-552FF540B0C1}.Debug|Win32.Build.0 = Debug|Win32
		{7429E72A-4A75-46CB-8D8F-552FF540B0C1}.Release|Win32.ActiveCfg = Release|Win32
		{7429E72A-4A75-46CB-8D8F-552FF540B0C1}.Release|Win32.Build.0 = Release|Win32
		{7429E72A-4A75-46CB-8D8F-552FF540B0C1}.Programming|Win32.ActiveCfg = Programming|Win32
		{7429E72A-4A75-46CB-8D8F-552FF540B0C1}.Programming|Win32.Build.0 = Programming|Win32
		{7429E72A-4A75-46CB-8D8F-552FF540B0C1}.Public_Build|Win32.ActiveCfg = Public_Build|Win32
		{7429E72A-4A75-46CB-8D8F-552FF540B0C1}.Public_Build|Win32.Build.0 = Public_Build|Win32
		{7429E72A-4A75-46CB-8D8F-552FF540B0C1}.Securom|Win32.ActiveCfg = Securom|Win32
		{7429E72A-4A75-46CB-8D8F-552FF540B0C1}.Securom|Win32.Build.0 = Securom|Win32
		{7429E72A-4A75-46CB-8D8F-552FF540B0C1}.Maya_Debug|Win32.ActiveCfg = Maya_Debug|Win32
		{7429E72A-4A75-46CB-8D8F-552FF540B0C1}.Maya_Debug|Win32.Build.0 = Maya_Debug|Win32
		{7429E72A-4A75-46CB-8D8F-552FF540B0C1}.Maya_Release|Win32.ActiveCfg = Maya_Release|Win32
		{7429E72A-4A75-46CB-8D8F-552FF540B0C1}.Maya_Release|Win32.Build.0 = Maya_Release|Win32
		{1985406C-1F8F-4D4D-BD03-1310AF4FBA20}.Debug|Win32.ActiveCfg = Debug|Win32
		{1985406C-1F8F-4D4D-BD03-1310AF4FBA20}.Debug|Win32.Build.0 = Debug|Win32
		{1985406C-1F8F-4D4D-BD03-1310AF4FBA20}.Release|Win32.ActiveCfg = Release|Win32
		{1985406C-1F8F-4D4D-BD03-1310AF4FBA20}.Release|Win32.Build.0 = Release|Win32
		{1985406C-1F8F-4D4D-BD03-1310AF4FBA20}.Programming|Win32.ActiveCfg = Programming|Win32
		{1985406C-1F8F-4D4D-BD03-1310AF4FBA20}.Programming|Win32.Build.0 = Programming|Win32
		{1985406C-1F8F-4D4D-BD03-1310AF4FBA20}.Public_Build|Win32.ActiveCfg = Public_Build|Win32
		{1985406C-1F8F-4D4D-BD03-1310AF4FBA20}.Public_Build|Win32.Build.0 = Public_Build|Win32
		{1985406C-1F8F-4D4D-BD03-1310AF4FBA20}.Securom|Win32.ActiveCfg = Securom|Win32
		{1985406C-1F8F-4D4D-BD03-1310AF4FBA20}.Securom|Win32.Build.0 = Securom|Win32
		{1985406C-1F8F-4D4D-BD03-1310AF4FBA20}.Maya_Debug|Win32.ActiveCfg = Maya_Debug|Win32
		{1985406C-1F8F-4D4D-BD03-1310AF4FBA20}.Maya_Debug|Win32.Build.0 = Maya_Debug|Win32
		{1985406C-1F8F-4D4D-BD03-1310AF4FBA20}.Maya_Release|Win32.ActiveCfg = Maya_Release|Win32
		{1985406C-1F8F-4D4D-BD03-1310AF4FBA20}.Maya_Release|Win32.Build.0 = Maya_Release|Win32
		{3ABA5601-F5CF-456A-8B4E-DB6BD58CF1CA}.Debug|Win32.ActiveCfg = Debug|Win32
		{3ABA5601-F5CF-456A-8B4E-DB6BD58CF1CA}.Debug|Win32.Build.0 = Debug|Win32
		{3ABA5601-F5CF-456A-8B4E-DB6BD58CF1CA}.Release|Win32.ActiveCfg = Release|Win32
		{3ABA5601-F5CF-456A-8B4E-DB6BD58CF1CA}.Release|Win32.Build.0 = Release|Win32
		{3ABA5601-F5CF-456A-8B4E-DB6BD58CF1CA}.Programming|Win32.ActiveCfg = Programming|Win32
		{3ABA5601-F5CF-456A-8B4E-DB6BD58CF1CA}.Programming|Win32.Build.0 = Programming|Win32
		{3ABA5601-F5CF-456A-8B4E-DB6BD58CF1CA}.Public_Build|Win32.ActiveCfg = Public_Build|Win32
		{3ABA5601-F5CF-456A-8B4E-DB6BD58CF1CA}.Public_Build|Win32.Build.0 = Public_Build|Win32
		{3ABA5601-F5CF-456A-8B4E-DB6BD58CF1CA}.Securom|Win32.ActiveCfg = Securom|Win32
		{3ABA5601-F5CF-456A-8B4E-DB6BD58CF1CA}.Securom|Win32.Build.0 = Securom|Win32
		{3ABA5601-F5CF-456A-8B4E-DB6BD58CF1CA}.Maya_Debug|Win32.ActiveCfg = Maya_Debug|Win32
		{3ABA5601-F5CF-456A-8B4E-DB6BD58CF1CA}.Maya_Debug|Win32.Build.0 = Maya_Debug|Win32
		{3ABA5601-F5CF-456A-8B4E-DB6BD58CF1CA}.Maya_Release|Win32.ActiveCfg = Maya_Release|Win32
		{3ABA5601-F5CF-456A-8B4E-DB6BD58CF1CA}.Maya_Release|Win32.Build.0 = Maya_Release|Win32
		{462FEF00-9D50-42CA-B8EB-2BF7F4667270}.Debug|Win32.ActiveCfg = Debug|Win32
		{462FEF00-9D50-42CA-B8EB-2BF7F4667270}.Debug|Win32.Build.0 = Debug|Win32
		{462FEF00-9D50-42CA-B8EB-2BF7F4667270}.Release|Win32.ActiveCfg = Release|Win32
		{462FEF00-9D50-42CA-B8EB-2BF7F4667270}.Release|Win32.Build.0 = Release|Win32
		{462FEF00-9D50-42CA-B8EB-2BF7F4667270}.Programming|Win32.ActiveCfg = Programming|Win32
		{462FEF00-9D50-42CA-B8EB-2BF7F4667270}.Programming|Win32.Build.0 = Programming|Win32
		{462FEF00-9D50-42CA-B8EB-2BF7F4667270}.Public_Build|Win32.ActiveCfg = Public_Build|Win32
		{462FEF00-9D50-42CA-B8EB-2BF7F4667270}.Public_Build|Win32.Build.0 = Public_Build|Win32
		{462FEF00-9D50-42CA-B8EB-2BF7F4667270}.Securom|Win32.ActiveCfg = Securom|Win32
		{462FEF00-9D50-42CA-B8EB-2BF7F4667270}.Securom|Win32.Build.0 = Securom|Win32
		{462FEF00-9D50-42CA-B8EB-2BF7F4667270}.Maya_Debug|Win32.ActiveCfg = Maya_Debug|Win32
		{462FEF00-9D50-42CA-B8EB-2BF7F4667270}.Maya_Debug|Win32.Build.0 = Maya_Debug|Win32
		{462FEF00-9D50-42CA-B8EB-2BF7F4667270}.Maya_Release|Win32.ActiveCfg = Maya_Release|Win32
		{462FEF00-9D50-42CA-B8EB-2BF7F4667270}.Maya_Release|Win32.Build.0 = Maya_Release|Win32
		{A7B38736-2D46-407F-878C-128169256B57}.Debug|Win32.ActiveCfg = Debug|Win32
		{A7B38736-2D46-407F-878C-128169256B57}.Debug|Win32.Build.0 = Debug|Win32
		{A7B38736-2D46-407F-878C-128169256B57}.Release|Win32.ActiveCfg = Release|Win32
		{A7B38736-2D46-407F-878C-128169256B57}.Release|Win32.Build.0 = Release|Win32
		{A7B38736-2D46-407F-878C-128169256B57}.Programming|Win32.ActiveCfg = Programming|Win32
		{A7B38736-2D46-407F-878C-128169256B57}.Programming|Win32.Build.0 = Programming|Win32
		{A7B38736-2D46-407F-878C-128169256B57}.Public_Build|Win32.ActiveCfg = Public_Build|Win32
		{A7B38736-2D46-407F-878C-128169256B57}.Public_Build|Win32.Build.0 = Public_Build|Win32
		{A7B38736-2D46-407F-878C-128169256B57}.Securom|Win32.ActiveCfg = Securom|Win32
		{A7B38736-2D46-407F-878C-128169256B57}.Securom|Win32.Build.0 = Securom|Win32
		{A7B38736-2D46-407F-878C-128169256B57}.Maya_Debug|Win32.ActiveCfg = Maya_Debug|Win32
		{A7B38736-2D46-407F-878C-128169256B57}.Maya_Debug|Win32.Build.0 = Maya_Debug|Win32
		{A7B38736-2D46-407F-878C-128169256B57}.Maya_Release|Win32.ActiveCfg = Maya_Release|Win32
		{A7B38736-2D46-407F-878C-128169256B57}.Maya_Release|Win32.Build.0 = Maya_Release|Win32
		{4E8652B6-F06A-4302-81FC-2066FDE76EB6}.Debug|Win32.ActiveCfg = Debug|Win32
		{4E8652B6-F06A-4302-81FC-2066FDE76EB6}.Debug|Win32.Build.0 = Debug|Win32
		{4E8652B6-F06A-4302-81FC-2066FDE76EB6}.Release|Win32.ActiveCfg = Release|Win32
		{4E8652B6-F06A-4302-81FC-2066FDE76EB6}.Release|Win32.Build.0 = Release|Win32
		{4E8652B6-F06A-4302-81FC-2066FDE76EB6}.Programming|Win32.ActiveCfg = Programming|Win32
		{4E8652B6-F06A-4302-81FC-2066FDE76EB6}.Programming|Win32.Build.0 = Programming|Win32
		{4E8652B6-F06A-4302-81FC-2066FDE76EB6}.Public_Build|Win32.ActiveCfg = Public_Build|Win32
		{4E8652B6-F06A-4302-81FC-2066FDE76EB6}.Public_Build|Win32.Build.0 = Public_Build|Win32
		{4E8652B6-F06A-4302-81FC-2066FDE76EB6}.Securom|Win32.ActiveCfg = Securom|Win32
		{4E8652B6-F06A-4302-81FC-2066FDE76EB6}.Securom|Win32.Build.0 = Securom|Win32
		{4E8652B6-F06A-4302-81FC-2066FDE76EB6}.Maya_Debug|Win32.ActiveCfg = Maya_Debug|Win32
		{4E8652B6-F06A-4302-81FC-2066FDE76EB6}.Maya_Debug|Win32.Build.0 = Maya_Debug|Win32
		{4E8652B6-F06A-4302-81FC-2066FDE76EB6}.Maya_Release|Win32.ActiveCfg = Maya_Release|Win32
		{4E8652B6-F06A-4302-81FC-2066FDE76EB6}.Maya_Release|Win32.Build.0 = Maya_Release|Win32
		{983A603A-EB34-4064-AC1E-844BD99346CC}.Debug|Win32.ActiveCfg = Debug|Win32
		{983A603A-EB34-4064-AC1E-844BD99346CC}.Debug|Win32.Build.0 = Debug|Win32
		{983A603A-EB34-4064-AC1E-844BD99346CC}.Release|Win32.ActiveCfg = Release|Win32
		{983A603A-EB34-4064-AC1E-844BD99346CC}.Release|Win32.Build.0 = Release|Win32
		{983A603A-EB34-4064-AC1E-844BD99346CC}.Programming|Win32.ActiveCfg = Programming|Win32
		{983A603A-EB34-4064-AC1E-844BD99346CC}.Programming|Win32.Build.0 = Programming|Win32
		{983A603A-EB34-4064-AC1E-844BD99346CC}.Public_Build|Win32.ActiveCfg = Public_Build|Win32
		{983A603A-EB34-4064-AC1E-844BD99346CC}.Public_Build|Win32.Build.0 = Public_Build|Win32
		{983A603A-EB34-4064-AC1E-844BD99346CC}.Securom|Win32.ActiveCfg = Securom|Win32
		{983A603A-EB34-4064-AC1E-844BD99346CC}.Securom|Win32.Build.0 = Securom|Win32
		{983A603A-EB34-4064-AC1E-844BD99346CC}.Maya_Debug|Win32.ActiveCfg = Maya_Debug|Win32
		{983A603A-EB34-4064-AC1E-844BD99346CC}.Maya_Debug|Win32.Build.0 = Maya_Debug|Win32
		{983A603A-EB34-4064-AC1E-844BD99346CC}.Maya_Release|Win32.ActiveCfg = Maya_Release|Win32
		{983A603A-EB34-4064-AC1E-844BD99346CC}.Maya_Release|Win32.Build.0 = Maya_Release|Win32
		{E69A9034-E3D7-4867-A689-1138AAEFF238}.Debug|Win32.ActiveCfg = Debug|Win32
		{E69A9034-E3D7-4867-A689-1138AAEFF238}.Debug|Win32.Build.0 = Debug|Win32
		{E69A9034-E3D7-4867-A689-1138AAEFF238}.Release|Win32.ActiveCfg = Release|Win32
		{E69A9034-E3D7-4867-A689-1138AAEFF238}.Release|Win32.Build.0 = Release|Win32
		{E69A9034-E3D7-4867-A689-1138AAEFF238}.Programming|Win32.ActiveCfg = Programming|Win32
		{E69A9034-E3D7-4867-A689-1138AAEFF238}.Programming|Win32.Build.0 = Programming|Win32
		{E69A9034-E3D7-4867-A689-1138AAEFF238}.Public_Build|Win32.ActiveCfg = Public_Build|Win32
		{E69A9034-E3D7-4867-A689-1138AAEFF238}.Public_Build|Win32.Build.0 = Public_Build|Win32
		{E69A9034-E3D7-4867-A689-1138AAEFF238}.Securom|Win32.ActiveCfg = Securom|Win32
		{E69A9034-E3D7-4867-A689-1138AAEFF238}.Securom|Win32.Build.0 = Securom|Win32
		{E69A9034-E3D7-4867-A689-1138AAEFF238}.Maya_Debug|Win32.ActiveCfg = Maya_Debug|Win32
		{E69A9034-E3D7-4867-A689-1138AAEFF238}.Maya_Debug|Win32.Build.0 = Maya_Debug|Win32
		{E69A9034-E3D7-4867-A689-1138AAEFF238}.Maya_Release|Win32.ActiveCfg = Maya_Release|Win32
		{E69A9034-E3D7-4867-A689-1138AAEFF238}.Maya_Release|Win32.Build.0 = Maya_Release|Win32
		{3FB90042-FF3C-45BA-B3D9-3C8BAB11D6A8}.Debug|Win32.ActiveCfg = Debug|Win32
		{3FB90042-FF3C-45BA-B3D9-3C8BAB11D6A8}.Debug|Win32.Build.0 = Debug|Win32
		{3FB90042-FF3C-45BA-B3D9-3C8BAB11D6A8}.Release|Win32.ActiveCfg = Release|Win32
		{3FB90042-FF3C-45BA-B3D9-3C8BAB11D6A8}.Release|Win32.Build.0 = Release|Win32
		{3FB90042-FF3C-45BA-B3D9-3C8BAB11D6A8}.Programming|Win32.ActiveCfg = Programming|Win32
		{3FB90042-FF3C-45BA-B3D9-3C8BAB11D6A8}.Programming|Win32.Build.0 = Programming|Win32
		{3FB90042-FF3C-45BA-B3D9-3C8BAB11D6A8}.Public_Build|Win32.ActiveCfg = Public_Build|Win32
		{3FB90042-FF3C-45BA-B3D9-3C8BAB11D6A8}.Public_Build|Win32.Build.0 = Public_Build|Win32
		{3FB90042-FF3C-45BA-B3D9-3C8BAB11D6A8}.Securom|Win32.ActiveCfg = Securom|Win32
		{3FB90042-FF3C-45BA-B3D9-3C8BAB11D6A8}.Securom|Win32.Build.0 = Securom|Win32
		{3FB90042-FF3C-45BA-B3D9-3C8BAB11D6A8}.Maya_Debug|Win32.ActiveCfg = Maya_Debug|Win32
		{3FB90042-FF3C-45BA-B3D9-3C8BAB11D6A8}.Maya_Debug|Win32.Build.0 = Maya_Debug|Win32
		{3FB90042-FF3C-45BA-B3D9-3C8BAB11D6A8}.Maya_Release|Win32.ActiveCfg = Maya_Release|Win32
		{3FB90042-FF3C-45BA-B3D9-3C8BAB11D6A8}.Maya_Release|Win32.Build.0 = Maya_Release|Win32
		{86E5BADA-9FC3-4689-9ACE-7B62DE09C685}.Debug|Win32.ActiveCfg = Debug|Win32
		{86E5BADA-9FC3-4689-9ACE-7B62DE09C685}.Debug|Win32.Build.0 = Debug|Win32
		{86E5BADA-9FC3-4689-9ACE-7B62DE09C685}.Release|Win32.ActiveCfg = Release|Win32
		{86E5BADA-9FC3-4689-9ACE-7B62DE09C685}.Release|Win32.Build.0 = Release|Win32
		{86E5BADA-9FC3-4689-9ACE-7B62DE09C685}.Programming|Win32.ActiveCfg = Programming|Win32
		{86E5BADA-9FC3-4689-9ACE-7B62DE09C685}.Programming|Win32.Build.0 = Programming|Win32
		{86E5BADA-9FC3-4689-9ACE-7B62DE09C685}.Public_Build|Win32.ActiveCfg = Public_Build|Win32
		{86E5BADA-9FC3-4689-9ACE-7B62DE09C685}.Public_Build|Win32.Build.0 = Public_Build|Win32
		{86E5BADA-9FC3-4689-9ACE-7B62DE09C685}.Securom|Win32.ActiveCfg = Securom|Win32
		{86E5BADA-9FC3-4689-9ACE-7B62DE09C685}.Securom|Win32.Build.0 = Securom|Win32
		{86E5BADA-9FC3-4689-9ACE-7B62DE09C685}.Maya_Debug|Win32.ActiveCfg = Maya_Debug|Win32
		{86E5BADA-9FC3-4689-9ACE-7B62DE09C685}.Maya_Debug|Win32.Build.0 = Maya_Debug|Win32
		{86E5BADA-9FC3-4689-9ACE-7B62DE09C685}.Maya_Release|Win32.ActiveCfg = Maya_Release|Win32
		{86E5BADA-9FC3-4689-9ACE-7B62DE09C685}.Maya_Release|Win32.Build.0 = Maya_Release|Win32
		{5A78E3A4-DCBD-4BF7-952B-8679DF111DAC}.Debug|Win32.ActiveCfg = Debug|Win32
		{5A78E3A4-DCBD-4BF7-952B-8679DF111DAC}.Debug|Win32.Build.0 = Debug|Win32
		{5A78E3A4-DCBD-4BF7-952B-8679DF111DAC}.Release|Win32.ActiveCfg = Release|Win32
		{5A78E3A4-DCBD-4BF7-952B-8679DF111DAC}.Release|Win32.Build.0 = Release|Win32
		{5A78E3A4-DCBD-4BF7-952B-8679DF111DAC}.Programming|Win32.ActiveCfg = Programming|Win32
		{5A78E3A4-DCBD-4BF7-952B-8679DF111DAC}.Programming|Win32.Build.0 = Programming|Win32
		{5A78E3A4-DCBD-4BF7-952B-8679DF111DAC}.Public_Build|Win32.ActiveCfg = Public_Build|Win32
		{5A78E3A4-DCBD-4BF7-952B-8679DF111DAC}.Public_Build|Win32.Build.0 = Public_Build|Win32
		{5A78E3A4-DCBD-4BF7-952B-8679DF111DAC}.Securom|Win32.ActiveCfg = Securom|Win32
		{5A78E3A4-DCBD-4BF7-952B-8679DF111DAC}.Securom|Win32.Build.0 = Securom|Win32
		{5A78E3A4-DCBD-4BF7-952B-8679DF111DAC}.Maya_Debug|Win32.ActiveCfg = Maya_Debug|Win32
		{5A78E3A4-DCBD-4BF7-952B-8679DF111DAC}.Maya_Debug|Win32.Build.0 = Maya_Debug|Win32
		{5A78E3A4-DCBD-4BF7-952B-8679DF111DAC}.Maya_Release|Win32.ActiveCfg = Maya_Release|Win32
		{5A78E3A4-DCBD-4BF7-952B-8679DF111DAC}.Maya_Release|Win32.Build.0 = Maya_Release|Win32
		{BBBA67F0-4300-4F94-82FE-4B0A086FCD54}.Debug|Win32.ActiveCfg = Debug|Win32
		{BBBA67F0-4300-4F94-82FE-4B0A086FCD54}.Debug|Win32.Build.0 = Debug|Win32
		{BBBA67F0-4300-4F94-82FE-4B0A086FCD54}.Release|Win32.ActiveCfg = Release|Win32
		{BBBA67F0-4300-4F94-82FE-4B0A086FCD54}.Release|Win32.Build.0 = Release|Win32
		{BBBA67F0-4300-4F94-82FE-4B0A086FCD54}.Programming|Win32.ActiveCfg = Programming|Win32
		{BBBA67F0-4300-4F94-82FE-4B0A086FCD54}.Programming|Win32.Build.0 = Programming|Win32
		{BBBA67F0-4300-4F94-82FE-4B0A086FCD54}.Public_Build|Win32.ActiveCfg = Public_Build|Win32
		{BBBA67F0-4300-4F94-82FE-4B0A086FCD54}.Public_Build|Win32.Build.0 = Public_Build|Win32
		{BBBA67F0-4300-4F94-82FE-4B0A086FCD54}.Securom|Win32.ActiveCfg = Securom|Win32
		{BBBA67F0-4300-4F94-82FE-4B0A086FCD54}.Securom|Win32.Build.0 = Securom|Win32
		{BBBA67F0-4300-4F94-82FE-4B0A086FCD54}.Maya_Debug|Win32.ActiveCfg = Maya_Debug|Win32
		{BBBA67F0-4300-4F94-82FE-4B0A086FCD54}.Maya_Debug|Win32.Build.0 = Maya_Debug|Win32
		{BBBA67F0-4300-4F94-82FE-4B0A086FCD54}.Maya_Release|Win32.ActiveCfg = Maya_Release|Win32
		{BBBA67F0-4300-4F94-82FE-4B0A086FCD54}.Maya_Release|Win32.Build.0 = Maya_Release|Win32
		{961486E0-6BE1-4B65-B10B-7C8C728CFC6A}.Debug|Win32.ActiveCfg = Debug|Win32
		{961486E0-6BE1-4B65-B10B-7C8C728CFC6A}.Debug|Win32.Build.0 = Debug|Win32
		{961486E0-6BE1-4B65-B10B-7C8C728CFC6A}.Release|Win32.ActiveCfg = Release|Win32
		{961486E0-6BE1-4B65-B10B-7C8C728CFC6A}.Release|Win32.Build.0 = Release|Win32
		{961486E0-6BE1-4B65-B10B-7C8C728CFC6A}.Programming|Win32.ActiveCfg = Programming|Win32
		{961486E0-6BE1-4B65-B10B-7C8C728CFC6A}.Programming|Win32.Build.0 = Programming|Win32
		{961486E0-6BE1-4B65-B10B-7C8C728CFC6A}.Public_Build|Win32.ActiveCfg = Public_Build|Win32
		{961486E0-6BE1-4B65-B10B-7C8C728CFC6A}.Public_Build|Win32.Build.0 = Public_Build|Win32
		{961486E0-6BE1-4B65-B10B-7C8C728CFC6A}.Securom|Win32.ActiveCfg = Securom|Win32
		{961486E0-6BE1-4B65-B10B-7C8C728CFC6A}.Securom|Win32.Build.0 = Securom|Win32
		{961486E0-6BE1-4B65-B10B-7C8C728CFC6A}.Maya_Debug|Win32.ActiveCfg = Maya_Debug|Win32
		{961486E0-6BE1-4B65-B10B-7C8C728CFC6A}.Maya_Debug|Win32.Build.0 = Maya_Debug|Win32
		{961486E0-6BE1-4B65-B10B-7C8C728CFC6A}.Maya_Release|Win32.ActiveCfg = Maya_Release|Win32
		{961486E0-6BE1-4B65-B10B-7C8C728CFC6A}.Maya_Release|Win32.Build.0 = Maya_Release|Win32
	EndGlobalSection
	GlobalSection(SolutionProperties) = preSolution
		HideSolutionNode = FALSE
	EndGlobalSection
	GlobalSection(NestedProjects) = preSolution
		{19BA1153-C9AF-46E3-9423-DE5B9BFD8D96} = {798777e9-b38c-4974-bee3-b1cd45f6a1e6}
		{2BBE4D72-FC8E-4626-84D3-C9D48DB0B17B} = {798777e9-b38c-4974-bee3-b1cd45f6a1e6}
		{9E995F0B-E908-4991-80D4-30328E3D61E7} = {798777e9-b38c-4974-bee3-b1cd45f6a1e6}
		{073D229E-070D-49DB-814F-659544553109} = {798777e9-b38c-4974-bee3-b1cd45f6a1e6}
		{C9D3C459-C11B-4E68-BBA1-0ED1AD4A0BD2} = {832A854F-2030-4EA4-86FE-EDEEC017E78E}
		{587E64DC-492C-4ED3-B25D-3B32E454A3D1} = {832A854F-2030-4EA4-86FE-EDEEC017E78E}
		{3508B607-DD05-47D7-9018-8779A3E1C9B3} = {832A854F-2030-4EA4-86FE-EDEEC017E78E}
		{C2747BDC-411D-4D1E-9B61-E98B049F2EC2} = {832A854F-2030-4EA4-86FE-EDEEC017E78E}
		{B6449294-47DB-4B4B-A10E-FC242B6B2D46} = {832A854F-2030-4EA4-86FE-EDEEC017E78E}
		{6542D534-5AAC-43C7-8DA0-7235A2C33CAD} = {832A854F-2030-4EA4-86FE-EDEEC017E78E}
		{AC977E53-647A-4B99-8D6E-077A04A6C43E} = {832A854F-2030-4EA4-86FE-EDEEC017E78E}
		{EA280C4D-F158-4126-B4E9-6C64AE311CAE} = {832A854F-2030-4EA4-86FE-EDEEC017E78E}
		{AE6DD4A7-1A6E-4AB3-86F1-9982AB39099B} = {832A854F-2030-4EA4-86FE-EDEEC017E78E}
		{7429E72A-4A75-46CB-8D8F-552FF540B0C1} = {832A854F-2030-4EA4-86FE-EDEEC017E78E}
		{1985406C-1F8F-4D4D-BD03-1310AF4FBA20} = {832A854F-2030-4EA4-86FE-EDEEC017E78E}
		{3ABA5601-F5CF-456A-8B4E-DB6BD58CF1CA} = {832A854F-2030-4EA4-86FE-EDEEC017E78E}
		{462FEF00-9D50-42CA-B8EB-2BF7F4667270} = {832A854F-2030-4EA4-86FE-EDEEC017E78E}
		{A7B38736-2D46-407F-878C-128169256B57} = {3B2AD919-B940-473D-A9CC-62428540DEC5}
		{4E8652B6-F06A-4302-81FC-2066FDE76EB6} = {3B2AD919-B940-473D-A9CC-62428540DEC5}
		{983A603A-EB34-4064-AC1E-844BD99346CC} = {3B2AD919-B940-473D-A9CC-62428540DEC5}
		{E69A9034-E3D7-4867-A689-1138AAEFF238} = {3B2AD919-B940-473D-A9CC-62428540DEC5}
		{3FB90042-FF3C-45BA-B3D9-3C8BAB11D6A8} = {3B2AD919-B940-473D-A9CC-62428540DEC5}
		{86E5BADA-9FC3-4689-9ACE-7B62DE09C685} = {3B2AD919-B940-473D-A9CC-62428540DEC5}
		{5A78E3A4-DCBD-4BF7-952B-8679DF111DAC} = {3B2AD919-B940-473D-A9CC-62428540DEC5}
		{BBBA67F0-4300-4F94-82FE-4B0A086FCD54} = {3B2AD919-B940-473D-A9CC-62428540DEC5}
		{961486E0-6BE1-4B65-B10B-7C8C728CFC6A} = {3B2AD919-B940-473D-A9CC-62428540DEC5}
	EndGlobalSection
EndGlobal
