Microsoft Visual Studio Solution File, Format Version 9.00
# Visual Studio 2005
Project("{2150E333-8FDC-42A3-9474-1A3956D46DE8}") = "NIDLs", "NIDLs", "{798777e9-b38c-4974-bee3-b1cd45f6a1e6}"
EndProject
Project("{2150E333-8FDC-42A3-9474-1A3956D46DE8}") = "Libs", "Libs", "{832A854F-2030-4EA4-86FE-EDEEC017E78E}"
EndProject
Project("{8BC9CEB8-8B4A-11D0-8D11-00A0C91BC942}") = "application_nidls_win32", "application_win32.application_nidls_win32.vcproj", "{496B9E86-5849-43D2-8FA3-037E2CBBD85A}"
EndProject
Project("{8BC9CEB8-8B4A-11D0-8D11-00A0C91BC942}") = "application_win32", "application_win32.application_win32.vcproj", "{F6050213-848F-432C-AD6D-012CCAFB7B68}"
	ProjectSection(ProjectDependencies) = postProject
		{496B9E86-5849-43D2-8FA3-037E2CBBD85A} = {496B9E86-5849-43D2-8FA3-037E2CBBD85A}
	EndProjectSection
EndProject
Global
	GlobalSection(SolutionConfigurationPlatforms) = preSolution
		Debug|Win32 = Debug|Win32
		Release|Win32 = Release|Win32
		Programming|Win32 = Programming|Win32
		Public_Build|Win32 = Public_Build|Win32
		Securom|Win32 = Securom|Win32
		Maya_Debug|Win32 = Maya_Debug|Win32
		Maya_Release|Win32 = Maya_Release|Win32
	EndGlobalSection
	GlobalSection(ProjectConfigurationPlatforms) = postSolution
		{496B9E86-5849-43D2-8FA3-037E2CBBD85A}.Debug|Win32.ActiveCfg = Debug|Win32
		{496B9E86-5849-43D2-8FA3-037E2CBBD85A}.Debug|Win32.Build.0 = Debug|Win32
		{496B9E86-5849-43D2-8FA3-037E2CBBD85A}.Release|Win32.ActiveCfg = Release|Win32
		{496B9E86-5849-43D2-8FA3-037E2CBBD85A}.Release|Win32.Build.0 = Release|Win32
		{496B9E86-5849-43D2-8FA3-037E2CBBD85A}.Programming|Win32.ActiveCfg = Programming|Win32
		{496B9E86-5849-43D2-8FA3-037E2CBBD85A}.Programming|Win32.Build.0 = Programming|Win32
		{496B9E86-5849-43D2-8FA3-037E2CBBD85A}.Public_Build|Win32.ActiveCfg = Public_Build|Win32
		{496B9E86-5849-43D2-8FA3-037E2CBBD85A}.Public_Build|Win32.Build.0 = Public_Build|Win32
		{496B9E86-5849-43D2-8FA3-037E2CBBD85A}.Securom|Win32.ActiveCfg = Securom|Win32
		{496B9E86-5849-43D2-8FA3-037E2CBBD85A}.Securom|Win32.Build.0 = Securom|Win32
		{496B9E86-5849-43D2-8FA3-037E2CBBD85A}.Maya_Debug|Win32.ActiveCfg = Maya_Debug|Win32
		{496B9E86-5849-43D2-8FA3-037E2CBBD85A}.Maya_Debug|Win32.Build.0 = Maya_Debug|Win32
		{496B9E86-5849-43D2-8FA3-037E2CBBD85A}.Maya_Release|Win32.ActiveCfg = Maya_Release|Win32
		{496B9E86-5849-43D2-8FA3-037E2CBBD85A}.Maya_Release|Win32.Build.0 = Maya_Release|Win32
		{F6050213-848F-432C-AD6D-012CCAFB7B68}.Debug|Win32.ActiveCfg = Debug|Win32
		{F6050213-848F-432C-AD6D-012CCAFB7B68}.Debug|Win32.Build.0 = Debug|Win32
		{F6050213-848F-432C-AD6D-012CCAFB7B68}.Release|Win32.ActiveCfg = Release|Win32
		{F6050213-848F-432C-AD6D-012CCAFB7B68}.Release|Win32.Build.0 = Release|Win32
		{F6050213-848F-432C-AD6D-012CCAFB7B68}.Programming|Win32.ActiveCfg = Programming|Win32
		{F6050213-848F-432C-AD6D-012CCAFB7B68}.Programming|Win32.Build.0 = Programming|Win32
		{F6050213-848F-432C-AD6D-012CCAFB7B68}.Public_Build|Win32.ActiveCfg = Public_Build|Win32
		{F6050213-848F-432C-AD6D-012CCAFB7B68}.Public_Build|Win32.Build.0 = Public_Build|Win32
		{F6050213-848F-432C-AD6D-012CCAFB7B68}.Securom|Win32.ActiveCfg = Securom|Win32
		{F6050213-848F-432C-AD6D-012CCAFB7B68}.Securom|Win32.Build.0 = Securom|Win32
		{F6050213-848F-432C-AD6D-012CCAFB7B68}.Maya_Debug|Win32.ActiveCfg = Maya_Debug|Win32
		{F6050213-848F-432C-AD6D-012CCAFB7B68}.Maya_Debug|Win32.Build.0 = Maya_Debug|Win32
		{F6050213-848F-432C-AD6D-012CCAFB7B68}.Maya_Release|Win32.ActiveCfg = Maya_Release|Win32
		{F6050213-848F-432C-AD6D-012CCAFB7B68}.Maya_Release|Win32.Build.0 = Maya_Release|Win32
	EndGlobalSection
	GlobalSection(SolutionProperties) = preSolution
		HideSolutionNode = FALSE
	EndGlobalSection
	GlobalSection(NestedProjects) = preSolution
		{496B9E86-5849-43D2-8FA3-037E2CBBD85A} = {798777e9-b38c-4974-bee3-b1cd45f6a1e6}
		{F6050213-848F-432C-AD6D-012CCAFB7B68} = {832A854F-2030-4EA4-86FE-EDEEC017E78E}
	EndGlobalSection
EndGlobal
