Microsoft Visual Studio Solution File, Format Version 10.00
# Visual Studio 2008
Project("{2150E333-8FDC-42A3-9474-1A3956D46DE8}") = "NIDLs", "NIDLs", "{798777e9-b38c-4974-bee3-b1cd45f6a1e6}"
EndProject
Project("{2150E333-8FDC-42A3-9474-1A3956D46DE8}") = "Libs", "Libs", "{832A854F-2030-4EA4-86FE-EDEEC017E78E}"
EndProject
Project("{2150E333-8FDC-42A3-9474-1A3956D46DE8}") = "Exes", "Exes", "{3B2AD919-B940-473D-A9CC-62428540DEC5}"
EndProject
Project("{8BC9CEB8-8B4A-11D0-8D11-00A0C91BC942}") = "foundation_nidls_win32", "benchmarks_win32.foundation_nidls_win32.vcproj", "{D8B6B21F-2EC3-41B7-B615-C300043DD343}"
EndProject
Project("{8BC9CEB8-8B4A-11D0-8D11-00A0C91BC942}") = "foundation_win32", "benchmarks_win32.foundation_win32.vcproj", "{77945FB0-8924-478B-8AD7-FEA46155A046}"
	ProjectSection(ProjectDependencies) = postProject
		{D8B6B21F-2EC3-41B7-B615-C300043DD343} = {D8B6B21F-2EC3-41B7-B615-C300043DD343}
	EndProjectSection
EndProject
Project("{8BC9CEB8-8B4A-11D0-8D11-00A0C91BC942}") = "render_nidls_win32", "benchmarks_win32.render_nidls_win32.vcproj", "{D6137A40-4C20-4445-B6CA-E32B4512F270}"
EndProject
Project("{8BC9CEB8-8B4A-11D0-8D11-00A0C91BC942}") = "render_win32", "benchmarks_win32.render_win32.vcproj", "{897F3071-C0C6-48E4-A76E-E3A5C39B2125}"
	ProjectSection(ProjectDependencies) = postProject
		{D6137A40-4C20-4445-B6CA-E32B4512F270} = {D6137A40-4C20-4445-B6CA-E32B4512F270}
	EndProjectSection
EndProject
Project("{8BC9CEB8-8B4A-11D0-8D11-00A0C91BC942}") = "lua_win32", "benchmarks_win32.lua_win32.vcproj", "{EECC0730-9191-4902-82B5-BE96D68C2F92}"
EndProject
Project("{8BC9CEB8-8B4A-11D0-8D11-00A0C91BC942}") = "tinyxml_win32", "benchmarks_win32.tinyxml_win32.vcproj", "{FBDB2D59-B395-438C-9D47-791CFD384875}"
EndProject
Project("{8BC9CEB8-8B4A-11D0-8D11-00A0C91BC942}") = "zlib_win32", "benchmarks_win32.zlib_win32.vcproj", "{7E26456A-9C2B-4D60-8B75-8F91E021FF47}"
EndProject
Project("{8BC9CEB8-8B4A-11D0-8D11-00A0C91BC942}") = "db_win32", "benchmarks_win32.db_win32.vcproj", "{C1C96E47-7FF2-4EE9-8685-BD72B3E26036}"
EndProject
Project("{8BC9CEB8-8B4A-11D0-8D11-00A0C91BC942}") = "sqlite_win32", "benchmarks_win32.sqlite_win32.vcproj", "{93C6277F-936D-41AD-9A84-436A7D02133F}"
EndProject
Project("{8BC9CEB8-8B4A-11D0-8D11-00A0C91BC942}") = "benchmarkbase_win32", "benchmarks_win32.benchmarkbase_win32.vcproj", "{DD725282-A309-40CB-A5F5-A2B2C9C83127}"
EndProject
Project("{8BC9CEB8-8B4A-11D0-8D11-00A0C91BC942}") = "benchmarkfoundation_win32", "benchmarks_win32.benchmarkfoundation_win32.vcproj", "{72B3E62D-E46E-4CF2-9DE2-4DC037E54BB4}"
	ProjectSection(ProjectDependencies) = postProject
		{DD725282-A309-40CB-A5F5-A2B2C9C83127} = {DD725282-A309-40CB-A5F5-A2B2C9C83127}
		{77945FB0-8924-478B-8AD7-FEA46155A046} = {77945FB0-8924-478B-8AD7-FEA46155A046}
		{EECC0730-9191-4902-82B5-BE96D68C2F92} = {EECC0730-9191-4902-82B5-BE96D68C2F92}
		{FBDB2D59-B395-438C-9D47-791CFD384875} = {FBDB2D59-B395-438C-9D47-791CFD384875}
		{7E26456A-9C2B-4D60-8B75-8F91E021FF47} = {7E26456A-9C2B-4D60-8B75-8F91E021FF47}
	EndProjectSection
EndProject
Project("{8BC9CEB8-8B4A-11D0-8D11-00A0C91BC942}") = "benchmarkaddon_win32", "benchmarks_win32.benchmarkaddon_win32.vcproj", "{86114962-9581-4022-A91A-177CC2CD1F2E}"
	ProjectSection(ProjectDependencies) = postProject
		{DD725282-A309-40CB-A5F5-A2B2C9C83127} = {DD725282-A309-40CB-A5F5-A2B2C9C83127}
		{77945FB0-8924-478B-8AD7-FEA46155A046} = {77945FB0-8924-478B-8AD7-FEA46155A046}
		{897F3071-C0C6-48E4-A76E-E3A5C39B2125} = {897F3071-C0C6-48E4-A76E-E3A5C39B2125}
		{EECC0730-9191-4902-82B5-BE96D68C2F92} = {EECC0730-9191-4902-82B5-BE96D68C2F92}
		{FBDB2D59-B395-438C-9D47-791CFD384875} = {FBDB2D59-B395-438C-9D47-791CFD384875}
		{7E26456A-9C2B-4D60-8B75-8F91E021FF47} = {7E26456A-9C2B-4D60-8B75-8F91E021FF47}
		{C1C96E47-7FF2-4EE9-8685-BD72B3E26036} = {C1C96E47-7FF2-4EE9-8685-BD72B3E26036}
		{93C6277F-936D-41AD-9A84-436A7D02133F} = {93C6277F-936D-41AD-9A84-436A7D02133F}
	EndProjectSection
EndProject
Global
	GlobalSection(SolutionConfigurationPlatforms) = preSolution
		Debug|Win32 = Debug|Win32
		Release|Win32 = Release|Win32
		Programming|Win32 = Programming|Win32
		Public_Build|Win32 = Public_Build|Win32
		Securom|Win32 = Securom|Win32
		Maya_Debug|Win32 = Maya_Debug|Win32
		Maya_Release|Win32 = Maya_Release|Win32
	EndGlobalSection
	GlobalSection(ProjectConfigurationPlatforms) = postSolution
		{D8B6B21F-2EC3-41B7-B615-C300043DD343}.Debug|Win32.ActiveCfg = Debug|Win32
		{D8B6B21F-2EC3-41B7-B615-C300043DD343}.Debug|Win32.Build.0 = Debug|Win32
		{D8B6B21F-2EC3-41B7-B615-C300043DD343}.Release|Win32.ActiveCfg = Release|Win32
		{D8B6B21F-2EC3-41B7-B615-C300043DD343}.Release|Win32.Build.0 = Release|Win32
		{D8B6B21F-2EC3-41B7-B615-C300043DD343}.Programming|Win32.ActiveCfg = Programming|Win32
		{D8B6B21F-2EC3-41B7-B615-C300043DD343}.Programming|Win32.Build.0 = Programming|Win32
		{D8B6B21F-2EC3-41B7-B615-C300043DD343}.Public_Build|Win32.ActiveCfg = Public_Build|Win32
		{D8B6B21F-2EC3-41B7-B615-C300043DD343}.Public_Build|Win32.Build.0 = Public_Build|Win32
		{D8B6B21F-2EC3-41B7-B615-C300043DD343}.Securom|Win32.ActiveCfg = Securom|Win32
		{D8B6B21F-2EC3-41B7-B615-C300043DD343}.Securom|Win32.Build.0 = Securom|Win32
		{D8B6B21F-2EC3-41B7-B615-C300043DD343}.Maya_Debug|Win32.ActiveCfg = Maya_Debug|Win32
		{D8B6B21F-2EC3-41B7-B615-C300043DD343}.Maya_Debug|Win32.Build.0 = Maya_Debug|Win32
		{D8B6B21F-2EC3-41B7-B615-C300043DD343}.Maya_Release|Win32.ActiveCfg = Maya_Release|Win32
		{D8B6B21F-2EC3-41B7-B615-C300043DD343}.Maya_Release|Win32.Build.0 = Maya_Release|Win32
		{77945FB0-8924-478B-8AD7-FEA46155A046}.Debug|Win32.ActiveCfg = Debug|Win32
		{77945FB0-8924-478B-8AD7-FEA46155A046}.Debug|Win32.Build.0 = Debug|Win32
		{77945FB0-8924-478B-8AD7-FEA46155A046}.Release|Win32.ActiveCfg = Release|Win32
		{77945FB0-8924-478B-8AD7-FEA46155A046}.Release|Win32.Build.0 = Release|Win32
		{77945FB0-8924-478B-8AD7-FEA46155A046}.Programming|Win32.ActiveCfg = Programming|Win32
		{77945FB0-8924-478B-8AD7-FEA46155A046}.Programming|Win32.Build.0 = Programming|Win32
		{77945FB0-8924-478B-8AD7-FEA46155A046}.Public_Build|Win32.ActiveCfg = Public_Build|Win32
		{77945FB0-8924-478B-8AD7-FEA46155A046}.Public_Build|Win32.Build.0 = Public_Build|Win32
		{77945FB0-8924-478B-8AD7-FEA46155A046}.Securom|Win32.ActiveCfg = Securom|Win32
		{77945FB0-8924-478B-8AD7-FEA46155A046}.Securom|Win32.Build.0 = Securom|Win32
		{77945FB0-8924-478B-8AD7-FEA46155A046}.Maya_Debug|Win32.ActiveCfg = Maya_Debug|Win32
		{77945FB0-8924-478B-8AD7-FEA46155A046}.Maya_Debug|Win32.Build.0 = Maya_Debug|Win32
		{77945FB0-8924-478B-8AD7-FEA46155A046}.Maya_Release|Win32.ActiveCfg = Maya_Release|Win32
		{77945FB0-8924-478B-8AD7-FEA46155A046}.Maya_Release|Win32.Build.0 = Maya_Release|Win32
		{D6137A40-4C20-4445-B6CA-E32B4512F270}.Debug|Win32.ActiveCfg = Debug|Win32
		{D6137A40-4C20-4445-B6CA-E32B4512F270}.Debug|Win32.Build.0 = Debug|Win32
		{D6137A40-4C20-4445-B6CA-E32B4512F270}.Release|Win32.ActiveCfg = Release|Win32
		{D6137A40-4C20-4445-B6CA-E32B4512F270}.Release|Win32.Build.0 = Release|Win32
		{D6137A40-4C20-4445-B6CA-E32B4512F270}.Programming|Win32.ActiveCfg = Programming|Win32
		{D6137A40-4C20-4445-B6CA-E32B4512F270}.Programming|Win32.Build.0 = Programming|Win32
		{D6137A40-4C20-4445-B6CA-E32B4512F270}.Public_Build|Win32.ActiveCfg = Public_Build|Win32
		{D6137A40-4C20-4445-B6CA-E32B4512F270}.Public_Build|Win32.Build.0 = Public_Build|Win32
		{D6137A40-4C20-4445-B6CA-E32B4512F270}.Securom|Win32.ActiveCfg = Securom|Win32
		{D6137A40-4C20-4445-B6CA-E32B4512F270}.Securom|Win32.Build.0 = Securom|Win32
		{D6137A40-4C20-4445-B6CA-E32B4512F270}.Maya_Debug|Win32.ActiveCfg = Maya_Debug|Win32
		{D6137A40-4C20-4445-B6CA-E32B4512F270}.Maya_Debug|Win32.Build.0 = Maya_Debug|Win32
		{D6137A40-4C20-4445-B6CA-E32B4512F270}.Maya_Release|Win32.ActiveCfg = Maya_Release|Win32
		{D6137A40-4C20-4445-B6CA-E32B4512F270}.Maya_Release|Win32.Build.0 = Maya_Release|Win32
		{897F3071-C0C6-48E4-A76E-E3A5C39B2125}.Debug|Win32.ActiveCfg = Debug|Win32
		{897F3071-C0C6-48E4-A76E-E3A5C39B2125}.Debug|Win32.Build.0 = Debug|Win32
		{897F3071-C0C6-48E4-A76E-E3A5C39B2125}.Release|Win32.ActiveCfg = Release|Win32
		{897F3071-C0C6-48E4-A76E-E3A5C39B2125}.Release|Win32.Build.0 = Release|Win32
		{897F3071-C0C6-48E4-A76E-E3A5C39B2125}.Programming|Win32.ActiveCfg = Programming|Win32
		{897F3071-C0C6-48E4-A76E-E3A5C39B2125}.Programming|Win32.Build.0 = Programming|Win32
		{897F3071-C0C6-48E4-A76E-E3A5C39B2125}.Public_Build|Win32.ActiveCfg = Public_Build|Win32
		{897F3071-C0C6-48E4-A76E-E3A5C39B2125}.Public_Build|Win32.Build.0 = Public_Build|Win32
		{897F3071-C0C6-48E4-A76E-E3A5C39B2125}.Securom|Win32.ActiveCfg = Securom|Win32
		{897F3071-C0C6-48E4-A76E-E3A5C39B2125}.Securom|Win32.Build.0 = Securom|Win32
		{897F3071-C0C6-48E4-A76E-E3A5C39B2125}.Maya_Debug|Win32.ActiveCfg = Maya_Debug|Win32
		{897F3071-C0C6-48E4-A76E-E3A5C39B2125}.Maya_Debug|Win32.Build.0 = Maya_Debug|Win32
		{897F3071-C0C6-48E4-A76E-E3A5C39B2125}.Maya_Release|Win32.ActiveCfg = Maya_Release|Win32
		{897F3071-C0C6-48E4-A76E-E3A5C39B2125}.Maya_Release|Win32.Build.0 = Maya_Release|Win32
		{EECC0730-9191-4902-82B5-BE96D68C2F92}.Debug|Win32.ActiveCfg = Debug|Win32
		{EECC0730-9191-4902-82B5-BE96D68C2F92}.Debug|Win32.Build.0 = Debug|Win32
		{EECC0730-9191-4902-82B5-BE96D68C2F92}.Release|Win32.ActiveCfg = Release|Win32
		{EECC0730-9191-4902-82B5-BE96D68C2F92}.Release|Win32.Build.0 = Release|Win32
		{EECC0730-9191-4902-82B5-BE96D68C2F92}.Programming|Win32.ActiveCfg = Programming|Win32
		{EECC0730-9191-4902-82B5-BE96D68C2F92}.Programming|Win32.Build.0 = Programming|Win32
		{EECC0730-9191-4902-82B5-BE96D68C2F92}.Public_Build|Win32.ActiveCfg = Public_Build|Win32
		{EECC0730-9191-4902-82B5-BE96D68C2F92}.Public_Build|Win32.Build.0 = Public_Build|Win32
		{EECC0730-9191-4902-82B5-BE96D68C2F92}.Securom|Win32.ActiveCfg = Securom|Win32
		{EECC0730-9191-4902-82B5-BE96D68C2F92}.Securom|Win32.Build.0 = Securom|Win32
		{EECC0730-9191-4902-82B5-BE96D68C2F92}.Maya_Debug|Win32.ActiveCfg = Maya_Debug|Win32
		{EECC0730-9191-4902-82B5-BE96D68C2F92}.Maya_Debug|Win32.Build.0 = Maya_Debug|Win32
		{EECC0730-9191-4902-82B5-BE96D68C2F92}.Maya_Release|Win32.ActiveCfg = Maya_Release|Win32
		{EECC0730-9191-4902-82B5-BE96D68C2F92}.Maya_Release|Win32.Build.0 = Maya_Release|Win32
		{FBDB2D59-B395-438C-9D47-791CFD384875}.Debug|Win32.ActiveCfg = Debug|Win32
		{FBDB2D59-B395-438C-9D47-791CFD384875}.Debug|Win32.Build.0 = Debug|Win32
		{FBDB2D59-B395-438C-9D47-791CFD384875}.Release|Win32.ActiveCfg = Release|Win32
		{FBDB2D59-B395-438C-9D47-791CFD384875}.Release|Win32.Build.0 = Release|Win32
		{FBDB2D59-B395-438C-9D47-791CFD384875}.Programming|Win32.ActiveCfg = Programming|Win32
		{FBDB2D59-B395-438C-9D47-791CFD384875}.Programming|Win32.Build.0 = Programming|Win32
		{FBDB2D59-B395-438C-9D47-791CFD384875}.Public_Build|Win32.ActiveCfg = Public_Build|Win32
		{FBDB2D59-B395-438C-9D47-791CFD384875}.Public_Build|Win32.Build.0 = Public_Build|Win32
		{FBDB2D59-B395-438C-9D47-791CFD384875}.Securom|Win32.ActiveCfg = Securom|Win32
		{FBDB2D59-B395-438C-9D47-791CFD384875}.Securom|Win32.Build.0 = Securom|Win32
		{FBDB2D59-B395-438C-9D47-791CFD384875}.Maya_Debug|Win32.ActiveCfg = Maya_Debug|Win32
		{FBDB2D59-B395-438C-9D47-791CFD384875}.Maya_Debug|Win32.Build.0 = Maya_Debug|Win32
		{FBDB2D59-B395-438C-9D47-791CFD384875}.Maya_Release|Win32.ActiveCfg = Maya_Release|Win32
		{FBDB2D59-B395-438C-9D47-791CFD384875}.Maya_Release|Win32.Build.0 = Maya_Release|Win32
		{7E26456A-9C2B-4D60-8B75-8F91E021FF47}.Debug|Win32.ActiveCfg = Debug|Win32
		{7E26456A-9C2B-4D60-8B75-8F91E021FF47}.Debug|Win32.Build.0 = Debug|Win32
		{7E26456A-9C2B-4D60-8B75-8F91E021FF47}.Release|Win32.ActiveCfg = Release|Win32
		{7E26456A-9C2B-4D60-8B75-8F91E021FF47}.Release|Win32.Build.0 = Release|Win32
		{7E26456A-9C2B-4D60-8B75-8F91E021FF47}.Programming|Win32.ActiveCfg = Programming|Win32
		{7E26456A-9C2B-4D60-8B75-8F91E021FF47}.Programming|Win32.Build.0 = Programming|Win32
		{7E26456A-9C2B-4D60-8B75-8F91E021FF47}.Public_Build|Win32.ActiveCfg = Public_Build|Win32
		{7E26456A-9C2B-4D60-8B75-8F91E021FF47}.Public_Build|Win32.Build.0 = Public_Build|Win32
		{7E26456A-9C2B-4D60-8B75-8F91E021FF47}.Securom|Win32.ActiveCfg = Securom|Win32
		{7E26456A-9C2B-4D60-8B75-8F91E021FF47}.Securom|Win32.Build.0 = Securom|Win32
		{7E26456A-9C2B-4D60-8B75-8F91E021FF47}.Maya_Debug|Win32.ActiveCfg = Maya_Debug|Win32
		{7E26456A-9C2B-4D60-8B75-8F91E021FF47}.Maya_Debug|Win32.Build.0 = Maya_Debug|Win32
		{7E26456A-9C2B-4D60-8B75-8F91E021FF47}.Maya_Release|Win32.ActiveCfg = Maya_Release|Win32
		{7E26456A-9C2B-4D60-8B75-8F91E021FF47}.Maya_Release|Win32.Build.0 = Maya_Release|Win32
		{C1C96E47-7FF2-4EE9-8685-BD72B3E26036}.Debug|Win32.ActiveCfg = Debug|Win32
		{C1C96E47-7FF2-4EE9-8685-BD72B3E26036}.Debug|Win32.Build.0 = Debug|Win32
		{C1C96E47-7FF2-4EE9-8685-BD72B3E26036}.Release|Win32.ActiveCfg = Release|Win32
		{C1C96E47-7FF2-4EE9-8685-BD72B3E26036}.Release|Win32.Build.0 = Release|Win32
		{C1C96E47-7FF2-4EE9-8685-BD72B3E26036}.Programming|Win32.ActiveCfg = Programming|Win32
		{C1C96E47-7FF2-4EE9-8685-BD72B3E26036}.Programming|Win32.Build.0 = Programming|Win32
		{C1C96E47-7FF2-4EE9-8685-BD72B3E26036}.Public_Build|Win32.ActiveCfg = Public_Build|Win32
		{C1C96E47-7FF2-4EE9-8685-BD72B3E26036}.Public_Build|Win32.Build.0 = Public_Build|Win32
		{C1C96E47-7FF2-4EE9-8685-BD72B3E26036}.Securom|Win32.ActiveCfg = Securom|Win32
		{C1C96E47-7FF2-4EE9-8685-BD72B3E26036}.Securom|Win32.Build.0 = Securom|Win32
		{C1C96E47-7FF2-4EE9-8685-BD72B3E26036}.Maya_Debug|Win32.ActiveCfg = Maya_Debug|Win32
		{C1C96E47-7FF2-4EE9-8685-BD72B3E26036}.Maya_Debug|Win32.Build.0 = Maya_Debug|Win32
		{C1C96E47-7FF2-4EE9-8685-BD72B3E26036}.Maya_Release|Win32.ActiveCfg = Maya_Release|Win32
		{C1C96E47-7FF2-4EE9-8685-BD72B3E26036}.Maya_Release|Win32.Build.0 = Maya_Release|Win32
		{93C6277F-936D-41AD-9A84-436A7D02133F}.Debug|Win32.ActiveCfg = Debug|Win32
		{93C6277F-936D-41AD-9A84-436A7D02133F}.Debug|Win32.Build.0 = Debug|Win32
		{93C6277F-936D-41AD-9A84-436A7D02133F}.Release|Win32.ActiveCfg = Release|Win32
		{93C6277F-936D-41AD-9A84-436A7D02133F}.Release|Win32.Build.0 = Release|Win32
		{93C6277F-936D-41AD-9A84-436A7D02133F}.Programming|Win32.ActiveCfg = Programming|Win32
		{93C6277F-936D-41AD-9A84-436A7D02133F}.Programming|Win32.Build.0 = Programming|Win32
		{93C6277F-936D-41AD-9A84-436A7D02133F}.Public_Build|Win32.ActiveCfg = Public_Build|Win32
		{93C6277F-936D-41AD-9A84-436A7D02133F}.Public_Build|Win32.Build.0 = Public_Build|Win32
		{93C6277F-936D-41AD-9A84-436A7D02133F}.Securom|Win32.ActiveCfg = Securom|Win32
		{93C6277F-936D-41AD-9A84-436A7D02133F}.Securom|Win32.Build.0 = Securom|Win32
		{93C6277F-936D-41AD-9A84-436A7D02133F}.Maya_Debug|Win32.ActiveCfg = Maya_Debug|Win32
		{93C6277F-936D-41AD-9A84-436A7D02133F}.Maya_Debug|Win32.Build.0 = Maya_Debug|Win32
		{93C6277F-936D-41AD-9A84-436A7D02133F}.Maya_Release|Win32.ActiveCfg = Maya_Release|Win32
		{93C6277F-936D-41AD-9A84-436A7D02133F}.Maya_Release|Win32.Build.0 = Maya_Release|Win32
		{DD725282-A309-40CB-A5F5-A2B2C9C83127}.Debug|Win32.ActiveCfg = Debug|Win32
		{DD725282-A309-40CB-A5F5-A2B2C9C83127}.Debug|Win32.Build.0 = Debug|Win32
		{DD725282-A309-40CB-A5F5-A2B2C9C83127}.Release|Win32.ActiveCfg = Release|Win32
		{DD725282-A309-40CB-A5F5-A2B2C9C83127}.Release|Win32.Build.0 = Release|Win32
		{DD725282-A309-40CB-A5F5-A2B2C9C83127}.Programming|Win32.ActiveCfg = Programming|Win32
		{DD725282-A309-40CB-A5F5-A2B2C9C83127}.Programming|Win32.Build.0 = Programming|Win32
		{DD725282-A309-40CB-A5F5-A2B2C9C83127}.Public_Build|Win32.ActiveCfg = Public_Build|Win32
		{DD725282-A309-40CB-A5F5-A2B2C9C83127}.Public_Build|Win32.Build.0 = Public_Build|Win32
		{DD725282-A309-40CB-A5F5-A2B2C9C83127}.Securom|Win32.ActiveCfg = Securom|Win32
		{DD725282-A309-40CB-A5F5-A2B2C9C83127}.Securom|Win32.Build.0 = Securom|Win32
		{DD725282-A309-40CB-A5F5-A2B2C9C83127}.Maya_Debug|Win32.ActiveCfg = Maya_Debug|Win32
		{DD725282-A309-40CB-A5F5-A2B2C9C83127}.Maya_Debug|Win32.Build.0 = Maya_Debug|Win32
		{DD725282-A309-40CB-A5F5-A2B2C9C83127}.Maya_Release|Win32.ActiveCfg = Maya_Release|Win32
		{DD725282-A309-40CB-A5F5-A2B2C9C83127}.Maya_Release|Win32.Build.0 = Maya_Release|Win32
		{72B3E62D-E46E-4CF2-9DE2-4DC037E54BB4}.Debug|Win32.ActiveCfg = Debug|Win32
		{72B3E62D-E46E-4CF2-9DE2-4DC037E54BB4}.Debug|Win32.Build.0 = Debug|Win32
		{72B3E62D-E46E-4CF2-9DE2-4DC037E54BB4}.Release|Win32.ActiveCfg = Release|Win32
		{72B3E62D-E46E-4CF2-9DE2-4DC037E54BB4}.Release|Win32.Build.0 = Release|Win32
		{72B3E62D-E46E-4CF2-9DE2-4DC037E54BB4}.Programming|Win32.ActiveCfg = Programming|Win32
		{72B3E62D-E46E-4CF2-9DE2-4DC037E54BB4}.Programming|Win32.Build.0 = Programming|Win32
		{72B3E62D-E46E-4CF2-9DE2-4DC037E54BB4}.Public_Build|Win32.ActiveCfg = Public_Build|Win32
		{72B3E62D-E46E-4CF2-9DE2-4DC037E54BB4}.Public_Build|Win32.Build.0 = Public_Build|Win32
		{72B3E62D-E46E-4CF2-9DE2-4DC037E54BB4}.Securom|Win32.ActiveCfg = Securom|Win32
		{72B3E62D-E46E-4CF2-9DE2-4DC037E54BB4}.Securom|Win32.Build.0 = Securom|Win32
		{72B3E62D-E46E-4CF2-9DE2-4DC037E54BB4}.Maya_Debug|Win32.ActiveCfg = Maya_Debug|Win32
		{72B3E62D-E46E-4CF2-9DE2-4DC037E54BB4}.Maya_Debug|Win32.Build.0 = Maya_Debug|Win32
		{72B3E62D-E46E-4CF2-9DE2-4DC037E54BB4}.Maya_Release|Win32.ActiveCfg = Maya_Release|Win32
		{72B3E62D-E46E-4CF2-9DE2-4DC037E54BB4}.Maya_Release|Win32.Build.0 = Maya_Release|Win32
		{86114962-9581-4022-A91A-177CC2CD1F2E}.Debug|Win32.ActiveCfg = Debug|Win32
		{86114962-9581-4022-A91A-177CC2CD1F2E}.Debug|Win32.Build.0 = Debug|Win32
		{86114962-9581-4022-A91A-177CC2CD1F2E}.Release|Win32.ActiveCfg = Release|Win32
		{86114962-9581-4022-A91A-177CC2CD1F2E}.Release|Win32.Build.0 = Release|Win32
		{86114962-9581-4022-A91A-177CC2CD1F2E}.Programming|Win32.ActiveCfg = Programming|Win32
		{86114962-9581-4022-A91A-177CC2CD1F2E}.Programming|Win32.Build.0 = Programming|Win32
		{86114962-9581-4022-A91A-177CC2CD1F2E}.Public_Build|Win32.ActiveCfg = Public_Build|Win32
		{86114962-9581-4022-A91A-177CC2CD1F2E}.Public_Build|Win32.Build.0 = Public_Build|Win32
		{86114962-9581-4022-A91A-177CC2CD1F2E}.Securom|Win32.ActiveCfg = Securom|Win32
		{86114962-9581-4022-A91A-177CC2CD1F2E}.Securom|Win32.Build.0 = Securom|Win32
		{86114962-9581-4022-A91A-177CC2CD1F2E}.Maya_Debug|Win32.ActiveCfg = Maya_Debug|Win32
		{86114962-9581-4022-A91A-177CC2CD1F2E}.Maya_Debug|Win32.Build.0 = Maya_Debug|Win32
		{86114962-9581-4022-A91A-177CC2CD1F2E}.Maya_Release|Win32.ActiveCfg = Maya_Release|Win32
		{86114962-9581-4022-A91A-177CC2CD1F2E}.Maya_Release|Win32.Build.0 = Maya_Release|Win32
	EndGlobalSection
	GlobalSection(SolutionProperties) = preSolution
		HideSolutionNode = FALSE
	EndGlobalSection
	GlobalSection(NestedProjects) = preSolution
		{D8B6B21F-2EC3-41B7-B615-C300043DD343} = {798777e9-b38c-4974-bee3-b1cd45f6a1e6}
		{77945FB0-8924-478B-8AD7-FEA46155A046} = {832A854F-2030-4EA4-86FE-EDEEC017E78E}
		{D6137A40-4C20-4445-B6CA-E32B4512F270} = {798777e9-b38c-4974-bee3-b1cd45f6a1e6}
		{897F3071-C0C6-48E4-A76E-E3A5C39B2125} = {832A854F-2030-4EA4-86FE-EDEEC017E78E}
		{EECC0730-9191-4902-82B5-BE96D68C2F92} = {832A854F-2030-4EA4-86FE-EDEEC017E78E}
		{FBDB2D59-B395-438C-9D47-791CFD384875} = {832A854F-2030-4EA4-86FE-EDEEC017E78E}
		{7E26456A-9C2B-4D60-8B75-8F91E021FF47} = {832A854F-2030-4EA4-86FE-EDEEC017E78E}
		{C1C96E47-7FF2-4EE9-8685-BD72B3E26036} = {832A854F-2030-4EA4-86FE-EDEEC017E78E}
		{93C6277F-936D-41AD-9A84-436A7D02133F} = {832A854F-2030-4EA4-86FE-EDEEC017E78E}
		{DD725282-A309-40CB-A5F5-A2B2C9C83127} = {832A854F-2030-4EA4-86FE-EDEEC017E78E}
		{72B3E62D-E46E-4CF2-9DE2-4DC037E54BB4} = {3B2AD919-B940-473D-A9CC-62428540DEC5}
		{86114962-9581-4022-A91A-177CC2CD1F2E} = {3B2AD919-B940-473D-A9CC-62428540DEC5}
	EndGlobalSection
EndGlobal
